
Microsoft Visual Studio Solution File, Format Version 12.00
# Visual Studio Version 17
VisualStudioVersion = 17.0.31919.166
MinimumVisualStudioVersion = 10.0.40219.1
Project("{2150E333-8FDC-42A3-9474-1A3956D46DE8}") = ".items", ".items", "{75AC41E9-2B8B-4D76-A7DF-A18F4FB9D6D6}"
	ProjectSection(SolutionItems) = preProject
		.editorconfig = .editorconfig
		.gitignore = .gitignore
		azure-pipelines.yml = azure-pipelines.yml
		GitVersion.yml = GitVersion.yml
		icon.png = icon.png
		LICENSE = LICENSE
		README.md = README.md
	EndProjectSection
EndProject
Project("{2150E333-8FDC-42A3-9474-1A3956D46DE8}") = "src", "src", "{DF28D730-99B3-4811-AAC7-725A73B3F668}"
	ProjectSection(SolutionItems) = preProject
		src\Directory.Build.props = src\Directory.Build.props
	EndProjectSection
EndProject
Project("{2150E333-8FDC-42A3-9474-1A3956D46DE8}") = "tests", "tests", "{F18D2D58-282C-4D93-8D9A-3A76CF98F018}"
	ProjectSection(SolutionItems) = preProject
		tests\Directory.Build.props = tests\Directory.Build.props
	EndProjectSection
EndProject
Project("{9A19103F-16F7-4668-BE54-9A1E7A4F7556}") = "Fluxera.Extensions.Hosting.Modules.Localization", "src\Fluxera.Extensions.Hosting.Modules.Localization\Fluxera.Extensions.Hosting.Modules.Localization.csproj", "{2D42916B-3D21-4DA1-8938-9F18A71FC268}"
EndProject
Project("{9A19103F-16F7-4668-BE54-9A1E7A4F7556}") = "Fluxera.Extensions.Hosting.Modules.Localization.UnitTests", "tests\Fluxera.Extensions.Hosting.Modules.Localization.UnitTests\Fluxera.Extensions.Hosting.Modules.Localization.UnitTests.csproj", "{6B6EFA40-8E5C-424D-BBA4-626DD258CE87}"
EndProject
Project("{9A19103F-16F7-4668-BE54-9A1E7A4F7556}") = "Fluxera.Extensions.Hosting.Modules.Configuration", "src\Fluxera.Extensions.Hosting.Modules.Configuration\Fluxera.Extensions.Hosting.Modules.Configuration.csproj", "{B18F1986-4D22-433A-9F4A-6E3B31D24721}"
EndProject
Project("{9A19103F-16F7-4668-BE54-9A1E7A4F7556}") = "Fluxera.Extensions.Hosting.Modules.Configuration.UnitTests", "tests\Fluxera.Extensions.Hosting.Modules.Configuration.UnitTests\Fluxera.Extensions.Hosting.Modules.Configuration.UnitTests.csproj", "{330503E2-7EDF-44EB-8111-A582C0D3C6E8}"
EndProject
Project("{9A19103F-16F7-4668-BE54-9A1E7A4F7556}") = "Fluxera.Extensions.Hosting.Modules.DataManagement", "src\Fluxera.Extensions.Hosting.Modules.DataManagement\Fluxera.Extensions.Hosting.Modules.DataManagement.csproj", "{DCCC029D-C86E-49F7-A29D-FF2CD6E26BEB}"
EndProject
Project("{9A19103F-16F7-4668-BE54-9A1E7A4F7556}") = "Fluxera.Extensions.Hosting.Modules.DataManagement.UnitTests", "tests\Fluxera.Extensions.Hosting.Modules.DataManagement.UnitTests\Fluxera.Extensions.Hosting.Modules.DataManagement.UnitTests.csproj", "{F13AD6EE-AC61-4E70-9FA2-9FE327F90149}"
EndProject
Project("{9A19103F-16F7-4668-BE54-9A1E7A4F7556}") = "Fluxera.Extensions.Hosting.Modules.UnitTesting", "src\Fluxera.Extensions.Hosting.Modules.UnitTesting\Fluxera.Extensions.Hosting.Modules.UnitTesting.csproj", "{4E809521-5B05-442D-8A34-6A73FE8F82D4}"
EndProject
Project("{9A19103F-16F7-4668-BE54-9A1E7A4F7556}") = "Fluxera.Extensions.Hosting.Modules.Caching", "src\Fluxera.Extensions.Hosting.Modules.Caching\Fluxera.Extensions.Hosting.Modules.Caching.csproj", "{1B66591E-78E1-463B-941E-FD385B8C07E4}"
EndProject
Project("{9A19103F-16F7-4668-BE54-9A1E7A4F7556}") = "Fluxera.Extensions.Hosting.Modules.Caching.UnitTests", "tests\Fluxera.Extensions.Hosting.Modules.Caching.UnitTests\Fluxera.Extensions.Hosting.Modules.Caching.UnitTests.csproj", "{0E6500BB-DD6C-4D1F-9C8F-3E4629B35C0A}"
EndProject
Project("{9A19103F-16F7-4668-BE54-9A1E7A4F7556}") = "Fluxera.Extensions.Hosting.Modules.Caching.Redis", "src\Fluxera.Extensions.Hosting.Modules.Caching.Redis\Fluxera.Extensions.Hosting.Modules.Caching.Redis.csproj", "{337DB1E4-BE5D-4E4F-BBAB-ED7490BEEA17}"
EndProject
Project("{9A19103F-16F7-4668-BE54-9A1E7A4F7556}") = "Fluxera.Extensions.Hosting.Modules.Caching.Redis.UnitTests", "tests\Fluxera.Extensions.Hosting.Modules.Caching.Redis.UnitTests\Fluxera.Extensions.Hosting.Modules.Caching.Redis.UnitTests.csproj", "{F1B2261C-1639-4057-8D62-D6245D30B66E}"
EndProject
Project("{2150E333-8FDC-42A3-9474-1A3956D46DE8}") = "samples", "samples", "{3BF3EFE7-E11F-42BB-914D-D29A9703AB49}"
EndProject
Project("{9A19103F-16F7-4668-BE54-9A1E7A4F7556}") = "Fluxera.Extensions.Hosting.Modules.AutoMapper", "src\Fluxera.Extensions.Hosting.Modules.AutoMapper\Fluxera.Extensions.Hosting.Modules.AutoMapper.csproj", "{20CAFFEB-BA43-4A98-80D6-48718C1FBABF}"
EndProject
Project("{9A19103F-16F7-4668-BE54-9A1E7A4F7556}") = "Fluxera.Extensions.Hosting.Modules.AutoMapper.UnitTests", "tests\Fluxera.Extensions.Hosting.Modules.AutoMapper.UnitTests\Fluxera.Extensions.Hosting.Modules.AutoMapper.UnitTests.csproj", "{F973B9DA-315F-4D1E-B75C-3C941CEBC275}"
EndProject
Project("{9A19103F-16F7-4668-BE54-9A1E7A4F7556}") = "Fluxera.Extensions.Hosting.Modules.Principal", "src\Fluxera.Extensions.Hosting.Modules.Principal\Fluxera.Extensions.Hosting.Modules.Principal.csproj", "{43C6BBAC-F9D2-481A-87D7-BE9B395A8CAF}"
EndProject
Project("{9A19103F-16F7-4668-BE54-9A1E7A4F7556}") = "Fluxera.Extensions.Hosting.Modules.Principal.UnitTests", "tests\Fluxera.Extensions.Hosting.Modules.Principal.UnitTests\Fluxera.Extensions.Hosting.Modules.Principal.UnitTests.csproj", "{38559D09-66CF-4B25-9EEE-D5C2B160ABC5}"
EndProject
Project("{2150E333-8FDC-42A3-9474-1A3956D46DE8}") = "AspNetCore", "AspNetCore", "{013DA0B6-4C2C-4931-8077-8620C60135A5}"
EndProject
Project("{2150E333-8FDC-42A3-9474-1A3956D46DE8}") = "General", "General", "{2E256929-E4B0-4CA8-B52D-AD5193C91F3F}"
EndProject
Project("{9A19103F-16F7-4668-BE54-9A1E7A4F7556}") = "Fluxera.Extensions.Hosting.Modules.AspNetCore", "src\Fluxera.Extensions.Hosting.Modules.AspNetCore\Fluxera.Extensions.Hosting.Modules.AspNetCore.csproj", "{C0436B2E-3354-4D76-9B65-8B0947F49F10}"
EndProject
Project("{2150E333-8FDC-42A3-9474-1A3956D46DE8}") = "General", "General", "{391FD6FE-EAC7-48E1-8B8E-DE3930E48CD7}"
EndProject
Project("{2150E333-8FDC-42A3-9474-1A3956D46DE8}") = "AspNetCore", "AspNetCore", "{844D2B20-B80F-4432-85AB-D6C9033B95A2}"
EndProject
Project("{9A19103F-16F7-4668-BE54-9A1E7A4F7556}") = "Fluxera.Extensions.Hosting.Modules.AspNetCore.UnitTests", "tests\Fluxera.Extensions.Hosting.Modules.AspNetCore.UnitTests\Fluxera.Extensions.Hosting.Modules.AspNetCore.UnitTests.csproj", "{F55165BD-94C0-47AE-AABA-A26DBA0D37D5}"
EndProject
Project("{9A19103F-16F7-4668-BE54-9A1E7A4F7556}") = "Fluxera.Extensions.Hosting.Modules.HttpClient", "src\Fluxera.Extensions.Hosting.Modules.HttpClient\Fluxera.Extensions.Hosting.Modules.HttpClient.csproj", "{E69ECFD1-7127-4E91-BE28-E866FE1B79A1}"
EndProject
Project("{9A19103F-16F7-4668-BE54-9A1E7A4F7556}") = "Fluxera.Extensions.Hosting.Modules.HttpClient.UnitTests", "tests\Fluxera.Extensions.Hosting.Modules.HttpClient.UnitTests\Fluxera.Extensions.Hosting.Modules.HttpClient.UnitTests.csproj", "{5EA88882-D8A9-40F3-8ACA-5A7117B77C04}"
EndProject
Project("{9A19103F-16F7-4668-BE54-9A1E7A4F7556}") = "Fluxera.Extensions.Hosting.Modules.ODataClient", "src\Fluxera.Extensions.Hosting.Modules.ODataClient\Fluxera.Extensions.Hosting.Modules.ODataClient.csproj", "{F5DB9D14-FA1D-4708-BD1F-7872E410C998}"
EndProject
Project("{9A19103F-16F7-4668-BE54-9A1E7A4F7556}") = "Fluxera.Extensions.Hosting.Modules.ODataClient.UnitTests", "tests\Fluxera.Extensions.Hosting.Modules.ODataClient.UnitTests\Fluxera.Extensions.Hosting.Modules.ODataClient.UnitTests.csproj", "{557CD3BB-F642-40BE-87EC-CAC2D1FB2F51}"
EndProject
Project("{9A19103F-16F7-4668-BE54-9A1E7A4F7556}") = "Fluxera.Extensions.Hosting.Modules.Persistence", "src\Fluxera.Extensions.Hosting.Modules.Persistence\Fluxera.Extensions.Hosting.Modules.Persistence.csproj", "{45C6D0F4-051E-4FB2-ABE6-06BD0AA41ECD}"
EndProject
Project("{9A19103F-16F7-4668-BE54-9A1E7A4F7556}") = "Fluxera.Extensions.Hosting.Modules.Persistence.UnitTests", "tests\Fluxera.Extensions.Hosting.Modules.Persistence.UnitTests\Fluxera.Extensions.Hosting.Modules.Persistence.UnitTests.csproj", "{829B846F-09DB-46A5-B18C-482DD7BB93BA}"
EndProject
Project("{9A19103F-16F7-4668-BE54-9A1E7A4F7556}") = "Fluxera.Extensions.Hosting.Modules.Persistence.InMemory", "src\Fluxera.Extensions.Hosting.Modules.Persistence.InMemory\Fluxera.Extensions.Hosting.Modules.Persistence.InMemory.csproj", "{DB20A85A-A931-452E-9BC5-F054037CFF91}"
EndProject
Project("{9A19103F-16F7-4668-BE54-9A1E7A4F7556}") = "Fluxera.Extensions.Hosting.Modules.Persistence.MongoDB", "src\Fluxera.Extensions.Hosting.Modules.Persistence.MongoDB\Fluxera.Extensions.Hosting.Modules.Persistence.MongoDB.csproj", "{2CC40948-0E9B-49EB-9203-0459CBE317C0}"
EndProject
Project("{9A19103F-16F7-4668-BE54-9A1E7A4F7556}") = "Fluxera.Extensions.Hosting.Modules.Persistence.LiteDB", "src\Fluxera.Extensions.Hosting.Modules.Persistence.LiteDB\Fluxera.Extensions.Hosting.Modules.Persistence.LiteDB.csproj", "{FA9ED734-CFFB-4A55-AFCD-F7D5FE5F28DE}"
EndProject
Project("{9A19103F-16F7-4668-BE54-9A1E7A4F7556}") = "Fluxera.Extensions.Hosting.Modules.Persistence.EntityFrameworkCore", "src\Fluxera.Extensions.Hosting.Modules.Persistence.EntityFrameworkCore\Fluxera.Extensions.Hosting.Modules.Persistence.EntityFrameworkCore.csproj", "{FEB62F8F-1FBE-4C09-A94C-0E50DF039326}"
EndProject
Project("{9A19103F-16F7-4668-BE54-9A1E7A4F7556}") = "Fluxera.Extensions.Hosting.Modules.AspNetCore.Authentication", "src\Fluxera.Extensions.Hosting.Modules.AspNetCore.Authentication\Fluxera.Extensions.Hosting.Modules.AspNetCore.Authentication.csproj", "{236D7A8A-B923-48E3-8056-989F57DDF260}"
EndProject
Project("{9A19103F-16F7-4668-BE54-9A1E7A4F7556}") = "Fluxera.Extensions.Hosting.Modules.AspNetCore.Authorization", "src\Fluxera.Extensions.Hosting.Modules.AspNetCore.Authorization\Fluxera.Extensions.Hosting.Modules.AspNetCore.Authorization.csproj", "{611811B4-112F-4242-B082-222DA2414B5F}"
EndProject
Project("{9A19103F-16F7-4668-BE54-9A1E7A4F7556}") = "Fluxera.Extensions.Hosting.Modules.AspNetCore.Authentication.JwtBearer", "src\Fluxera.Extensions.Hosting.Modules.AspNetCore.Authentication.JwtBearer\Fluxera.Extensions.Hosting.Modules.AspNetCore.Authentication.JwtBearer.csproj", "{C31B181C-C2B6-4A3A-B78C-89E20CB7BEA7}"
EndProject
Project("{9A19103F-16F7-4668-BE54-9A1E7A4F7556}") = "Fluxera.Extensions.Hosting.Modules.AspNetCore.Authentication.Basic", "src\Fluxera.Extensions.Hosting.Modules.AspNetCore.Authentication.Basic\Fluxera.Extensions.Hosting.Modules.AspNetCore.Authentication.Basic.csproj", "{2AA3F1EB-A549-4A5D-8B08-C24E5953454E}"
EndProject
Project("{9A19103F-16F7-4668-BE54-9A1E7A4F7556}") = "Fluxera.Extensions.Hosting.Modules.AspNetCore.Authentication.UnitTests", "tests\Fluxera.Extensions.Hosting.Modules.AspNetCore.Authentication.UnitTests\Fluxera.Extensions.Hosting.Modules.AspNetCore.Authentication.UnitTests.csproj", "{9A060F99-3541-430A-961A-E5D552C4528C}"
EndProject
Project("{9A19103F-16F7-4668-BE54-9A1E7A4F7556}") = "Fluxera.Extensions.Hosting.Modules.AspNetCore.Authentication.ApiKey", "src\Fluxera.Extensions.Hosting.Modules.AspNetCore.Authentication.ApiKey\Fluxera.Extensions.Hosting.Modules.AspNetCore.Authentication.ApiKey.csproj", "{BEB9E31C-B72A-42E4-AD2E-FDCDE392B0C5}"
EndProject
Project("{9A19103F-16F7-4668-BE54-9A1E7A4F7556}") = "Fluxera.Extensions.Hosting.Modules.AspNetCore.Authentication.Cookies", "src\Fluxera.Extensions.Hosting.Modules.AspNetCore.Authentication.Cookies\Fluxera.Extensions.Hosting.Modules.AspNetCore.Authentication.Cookies.csproj", "{838E005F-C9D0-453F-8FF5-A4ECB788F06C}"
EndProject
Project("{9A19103F-16F7-4668-BE54-9A1E7A4F7556}") = "Fluxera.Extensions.Hosting.Modules.OpenTelemetry", "src\Fluxera.Extensions.Hosting.Modules.OpenTelemetry\Fluxera.Extensions.Hosting.Modules.OpenTelemetry.csproj", "{A55C4C33-DB32-483C-B335-2051DBEF55CB}"
EndProject
Project("{9A19103F-16F7-4668-BE54-9A1E7A4F7556}") = "Fluxera.Extensions.Hosting.Modules.OpenTelemetry.UnitTests", "tests\Fluxera.Extensions.Hosting.Modules.OpenTelemetry.UnitTests\Fluxera.Extensions.Hosting.Modules.OpenTelemetry.UnitTests.csproj", "{04AC48DA-3B48-44CE-B60B-B7BCE189CFCE}"
EndProject
Project("{9A19103F-16F7-4668-BE54-9A1E7A4F7556}") = "Fluxera.Extensions.Hosting.Modules.AspNetCore.Principal", "src\Fluxera.Extensions.Hosting.Modules.AspNetCore.Principal\Fluxera.Extensions.Hosting.Modules.AspNetCore.Principal.csproj", "{78D486FA-84C0-4F56-B735-68C622AF7F41}"
EndProject
Project("{9A19103F-16F7-4668-BE54-9A1E7A4F7556}") = "Fluxera.Extensions.Hosting.Modules.AspNetCore.Principal.UnitTests", "tests\Fluxera.Extensions.Hosting.Modules.AspNetCore.Principal.UnitTests\Fluxera.Extensions.Hosting.Modules.AspNetCore.Principal.UnitTests.csproj", "{66E69B41-AD28-4AA8-AB67-7CD6FD2B488F}"
EndProject
Project("{9A19103F-16F7-4668-BE54-9A1E7A4F7556}") = "Fluxera.Extensions.Hosting.Modules.Serilog", "src\Fluxera.Extensions.Hosting.Modules.Serilog\Fluxera.Extensions.Hosting.Modules.Serilog.csproj", "{33E0147C-F034-42A8-BD17-C2DA18D461F6}"
EndProject
Project("{9A19103F-16F7-4668-BE54-9A1E7A4F7556}") = "Fluxera.Extensions.Hosting.Modules.AspNetCore.HealthChecks", "src\Fluxera.Extensions.Hosting.Modules.AspNetCore.HealthChecks\Fluxera.Extensions.Hosting.Modules.AspNetCore.HealthChecks.csproj", "{A25FA04A-A87E-4469-BC94-9B50055B0CEE}"
EndProject
Project("{9A19103F-16F7-4668-BE54-9A1E7A4F7556}") = "Fluxera.Extensions.Hosting.Modules.AspNetCore.Warmup", "src\Fluxera.Extensions.Hosting.Modules.AspNetCore.Warmup\Fluxera.Extensions.Hosting.Modules.AspNetCore.Warmup.csproj", "{DEC456EB-17AD-438E-A3FF-56487721B936}"
EndProject
Project("{9A19103F-16F7-4668-BE54-9A1E7A4F7556}") = "Fluxera.Extensions.Hosting.Modules.AspNetCore.Cors", "src\Fluxera.Extensions.Hosting.Modules.AspNetCore.Cors\Fluxera.Extensions.Hosting.Modules.AspNetCore.Cors.csproj", "{74276E37-F979-4C41-8F4F-F140EBAE0641}"
EndProject
Project("{9A19103F-16F7-4668-BE54-9A1E7A4F7556}") = "Fluxera.Extensions.Hosting.Modules.AspNetCore.Cors.UnitTests", "tests\Fluxera.Extensions.Hosting.Modules.AspNetCore.Cors.UnitTests\Fluxera.Extensions.Hosting.Modules.AspNetCore.Cors.UnitTests.csproj", "{8EE02B28-D349-427A-B60D-7E001750432C}"
EndProject
Project("{9A19103F-16F7-4668-BE54-9A1E7A4F7556}") = "Fluxera.Extensions.Hosting.Modules.AspNetCore.HttpApi", "src\Fluxera.Extensions.Hosting.Modules.AspNetCore.HttpApi\Fluxera.Extensions.Hosting.Modules.AspNetCore.HttpApi.csproj", "{1B192D44-5F26-496E-ACAA-F03D74419067}"
EndProject
Project("{9A19103F-16F7-4668-BE54-9A1E7A4F7556}") = "Fluxera.Extensions.Hosting.Modules.AspNetCore.HttpApi.OData", "src\Fluxera.Extensions.Hosting.Modules.AspNetCore.HttpApi.OData\Fluxera.Extensions.Hosting.Modules.AspNetCore.HttpApi.OData.csproj", "{3EC9DF08-95A6-4D18-A58B-B9155FEB8A71}"
EndProject
Project("{9A19103F-16F7-4668-BE54-9A1E7A4F7556}") = "Fluxera.Extensions.Hosting.Modules.AspNetCore.HttpApi.UnitTests", "tests\Fluxera.Extensions.Hosting.Modules.AspNetCore.HttpApi.UnitTests\Fluxera.Extensions.Hosting.Modules.AspNetCore.HttpApi.UnitTests.csproj", "{E3CBEB85-342B-4E14-8F40-B6D53ABA091A}"
EndProject
Project("{9A19103F-16F7-4668-BE54-9A1E7A4F7556}") = "Fluxera.Extensions.Hosting.Modules.MultiTenancy", "src\Fluxera.Extensions.Hosting.Modules.MultiTenancy\Fluxera.Extensions.Hosting.Modules.MultiTenancy.csproj", "{4E497616-A21A-417C-ACE4-1A20C603B674}"
EndProject
Project("{9A19103F-16F7-4668-BE54-9A1E7A4F7556}") = "Fluxera.Extensions.Hosting.Modules.MultiTenancy.UnitTests", "tests\Fluxera.Extensions.Hosting.Modules.MultiTenancy.UnitTests\Fluxera.Extensions.Hosting.Modules.MultiTenancy.UnitTests.csproj", "{763C0AEC-DA4D-4EEA-9713-3E98E8B3BDE2}"
EndProject
Project("{9A19103F-16F7-4668-BE54-9A1E7A4F7556}") = "Fluxera.Extensions.Hosting.Modules.Messaging", "src\Fluxera.Extensions.Hosting.Modules.Messaging\Fluxera.Extensions.Hosting.Modules.Messaging.csproj", "{649B5D31-D7FD-4090-9338-F9D3BB7C3F96}"
EndProject
Project("{9A19103F-16F7-4668-BE54-9A1E7A4F7556}") = "Fluxera.Extensions.Hosting.Modules.Messaging.InMemory", "src\Fluxera.Extensions.Hosting.Modules.Messaging.InMemory\Fluxera.Extensions.Hosting.Modules.Messaging.InMemory.csproj", "{CD8D364C-819F-4062-912A-4B6DE3D5FCF1}"
EndProject
Project("{9A19103F-16F7-4668-BE54-9A1E7A4F7556}") = "Fluxera.Extensions.Hosting.Modules.Messaging.UnitTests", "tests\Fluxera.Extensions.Hosting.Modules.Messaging.UnitTests\Fluxera.Extensions.Hosting.Modules.Messaging.UnitTests.csproj", "{62E7BFE3-8FC9-4544-B471-73D1941B6B4B}"
EndProject
Project("{9A19103F-16F7-4668-BE54-9A1E7A4F7556}") = "Fluxera.Extensions.Hosting.Modules.Messaging.RabbitMQ", "src\Fluxera.Extensions.Hosting.Modules.Messaging.RabbitMQ\Fluxera.Extensions.Hosting.Modules.Messaging.RabbitMQ.csproj", "{ABE13C7F-0FE0-42C6-84C3-814074950720}"
EndProject
Project("{9A19103F-16F7-4668-BE54-9A1E7A4F7556}") = "Fluxera.Extensions.Hosting.Modules.Messaging.AzureServiceBus", "src\Fluxera.Extensions.Hosting.Modules.Messaging.AzureServiceBus\Fluxera.Extensions.Hosting.Modules.Messaging.AzureServiceBus.csproj", "{8C32A005-17A9-47C7-9450-DB8A00B10BF7}"
EndProject
Project("{9A19103F-16F7-4668-BE54-9A1E7A4F7556}") = "Fluxera.Extensions.Hosting.Modules.AspNetCore.Authorization.Permissions", "src\Fluxera.Extensions.Hosting.Modules.AspNetCore.Authorization.Permissions\Fluxera.Extensions.Hosting.Modules.AspNetCore.Authorization.Permissions.csproj", "{54687E64-5E17-4270-A479-F65F9480060A}"
EndProject
Project("{9A19103F-16F7-4668-BE54-9A1E7A4F7556}") = "Fluxera.Extensions.Hosting.Modules.AspNetCore.Authorization.UnitTests", "tests\Fluxera.Extensions.Hosting.Modules.AspNetCore.Authorization.UnitTests\Fluxera.Extensions.Hosting.Modules.AspNetCore.Authorization.UnitTests.csproj", "{DB2D1DE9-CD64-44F0-934E-7C591F90DCB0}"
EndProject
Project("{9A19103F-16F7-4668-BE54-9A1E7A4F7556}") = "Fluxera.Extensions.Hosting.Modules.AspNetCore.RazorPages", "src\Fluxera.Extensions.Hosting.Modules.AspNetCore.RazorPages\Fluxera.Extensions.Hosting.Modules.AspNetCore.RazorPages.csproj", "{24981CA9-4F6F-4617-8519-23C173776FD1}"
EndProject
Project("{9A19103F-16F7-4668-BE54-9A1E7A4F7556}") = "CatalogService", "samples\ExampleService\CatalogService.csproj", "{5FF5F2A2-1EEE-420F-B0FF-A6AE003D136D}"
EndProject
Project("{9A19103F-16F7-4668-BE54-9A1E7A4F7556}") = "Catalog.HttpApi", "samples\Example.HttpApi\Catalog.HttpApi.csproj", "{98052A55-D5AF-4B0C-846B-3200D5227733}"
EndProject
Project("{9A19103F-16F7-4668-BE54-9A1E7A4F7556}") = "Fluxera.Extensions.Hosting.Modules.Domain", "src\Fluxera.Extensions.Hosting.Modules.Domain\Fluxera.Extensions.Hosting.Modules.Domain.csproj", "{5C2D01E1-C2F7-4D66-BE62-964426BE7C7C}"
EndProject
Project("{9A19103F-16F7-4668-BE54-9A1E7A4F7556}") = "Fluxera.Extensions.Hosting.Modules.Domain.Shared", "src\Fluxera.Extensions.Hosting.Modules.Domain.Shared\Fluxera.Extensions.Hosting.Modules.Domain.Shared.csproj", "{C0E897A0-E9A3-4143-B240-94100E007560}"
EndProject
Project("{9A19103F-16F7-4668-BE54-9A1E7A4F7556}") = "Fluxera.Extensions.Hosting.Modules.Domain.UnitTests", "tests\Fluxera.Extensions.Hosting.Modules.Domain.UnitTests\Fluxera.Extensions.Hosting.Modules.Domain.UnitTests.csproj", "{A877EE39-7664-4EC9-99AF-6D8C0C165C22}"
EndProject
Project("{9A19103F-16F7-4668-BE54-9A1E7A4F7556}") = "Fluxera.Extensions.Hosting.Modules.Application", "src\Fluxera.Extensions.Hosting.Modules.Application\Fluxera.Extensions.Hosting.Modules.Application.csproj", "{CED89249-74E8-43C4-94A1-A3E22D95725D}"
EndProject
Project("{9A19103F-16F7-4668-BE54-9A1E7A4F7556}") = "Fluxera.Extensions.Hosting.Modules.Application.Contracts", "src\Fluxera.Extensions.Hosting.Modules.Application.Contracts\Fluxera.Extensions.Hosting.Modules.Application.Contracts.csproj", "{5115A476-7AA1-4139-B0F8-5E65C1A83750}"
EndProject
Project("{9A19103F-16F7-4668-BE54-9A1E7A4F7556}") = "Catalog.Application", "samples\Example.Application\Catalog.Application.csproj", "{045FEC49-949C-4CA0-B4B8-AEC286C67476}"
EndProject
Project("{9A19103F-16F7-4668-BE54-9A1E7A4F7556}") = "Catalog.Application.Contracts", "samples\Example.Application.Contracts\Catalog.Application.Contracts.csproj", "{5FCD4C42-C4E0-4857-A525-F240433445F4}"
EndProject
Project("{9A19103F-16F7-4668-BE54-9A1E7A4F7556}") = "Catalog.Domain", "samples\Example.Domain\Catalog.Domain.csproj", "{59E4AA1F-72B4-4128-9F18-D67BC391331E}"
EndProject
Project("{9A19103F-16F7-4668-BE54-9A1E7A4F7556}") = "Catalog.Domain.Shared", "samples\Example.Domain.Shared\Catalog.Domain.Shared.csproj", "{AC3DB0CE-E604-47BD-8CA9-AAF8491AFFF9}"
EndProject
Project("{9A19103F-16F7-4668-BE54-9A1E7A4F7556}") = "Fluxera.Extensions.Hosting.Modules.Application.UnitTests", "tests\Fluxera.Extensions.Hosting.Modules.Application.UnitTests\Fluxera.Extensions.Hosting.Modules.Application.UnitTests.csproj", "{ADA3C394-5198-4213-8B11-0AF89A6CF1AE}"
EndProject
Project("{9A19103F-16F7-4668-BE54-9A1E7A4F7556}") = "Catalog.HttpClient", "samples\Example.HttpClient\Catalog.HttpClient.csproj", "{515207BB-793A-4390-BA1F-E3A68C7868EF}"
EndProject
Project("{9A19103F-16F7-4668-BE54-9A1E7A4F7556}") = "Catalog.Infrastructure", "samples\Example.Infrastructure\Catalog.Infrastructure.csproj", "{0E3B1621-7644-4CA6-8149-B1D5712FDFFA}"
EndProject
Project("{2150E333-8FDC-42A3-9474-1A3956D46DE8}") = "Application", "Application", "{96663251-89ED-4C64-9BFC-CE4178F31108}"
EndProject
Project("{2150E333-8FDC-42A3-9474-1A3956D46DE8}") = "Domain", "Domain", "{616A5E93-3F50-4EAA-9B1F-F9BE211AE445}"
EndProject
Project("{2150E333-8FDC-42A3-9474-1A3956D46DE8}") = "Infrastructure", "Infrastructure", "{B49594D3-167E-4E14-A011-2E8F6256FA66}"
EndProject
Project("{2150E333-8FDC-42A3-9474-1A3956D46DE8}") = "Presentation", "Presentation", "{FE71E3E8-B1DE-473A-83C3-56D20EB6E1AC}"
EndProject
Project("{2150E333-8FDC-42A3-9474-1A3956D46DE8}") = "Components", "Components", "{E4277AC4-1F6B-499F-A2CF-FA689A281344}"
EndProject
Project("{9A19103F-16F7-4668-BE54-9A1E7A4F7556}") = "Catalog.MessagingApi", "samples\Example.MessagingApi\Catalog.MessagingApi.csproj", "{28B145B3-347B-4FBB-9DF5-AA4A81F2BFBB}"
EndProject
Project("{9A19103F-16F7-4668-BE54-9A1E7A4F7556}") = "Fluxera.Extensions.Hosting.Modules.Messaging.TransactionalOutbox", "src\Fluxera.Extensions.Hosting.Modules.Messaging.TransactionalOutbox\Fluxera.Extensions.Hosting.Modules.Messaging.TransactionalOutbox.csproj", "{626AD6A1-BD3B-463C-9FC8-F56612572343}"
EndProject
Project("{9A19103F-16F7-4668-BE54-9A1E7A4F7556}") = "CatalogComponent", "samples\ExampleComponent\CatalogComponent.csproj", "{083B4402-0F8D-4253-A97A-1FB9E2E1AA21}"
EndProject
Project("{2150E333-8FDC-42A3-9474-1A3956D46DE8}") = "Tiered", "Tiered", "{42385E99-5529-4426-9F56-C0ADC8020360}"
EndProject
Project("{2150E333-8FDC-42A3-9474-1A3956D46DE8}") = "Layered", "Layered", "{8DB769A7-C6A6-49E0-9ACF-75E62D3FE8DA}"
EndProject
Project("{2150E333-8FDC-42A3-9474-1A3956D46DE8}") = "Catalog", "Catalog", "{4250F804-A85C-4FF7-84D9-1CECE38BD43D}"
EndProject
Project("{2150E333-8FDC-42A3-9474-1A3956D46DE8}") = "Ordering", "Ordering", "{6EDAF37A-9EA8-4407-AADA-365CE7EF5A57}"
EndProject
Project("{2150E333-8FDC-42A3-9474-1A3956D46DE8}") = "Application", "Application", "{B74A1B97-CCE3-4E16-99A4-FBA548CE3860}"
EndProject
Project("{2150E333-8FDC-42A3-9474-1A3956D46DE8}") = "Domain", "Domain", "{C8F2A879-7A2E-46B0-881F-7874F495F25F}"
EndProject
Project("{2150E333-8FDC-42A3-9474-1A3956D46DE8}") = "Infrastructure", "Infrastructure", "{BE94E4BD-7286-4B67-8331-CC6D98B2B725}"
EndProject
Project("{2150E333-8FDC-42A3-9474-1A3956D46DE8}") = "Presentation", "Presentation", "{452640B7-952B-428F-8CAF-E48AB4E1F64E}"
EndProject
Project("{FAE04EC0-301F-11D3-BF4B-00C04F79EFBC}") = "OrderingService", "samples\OrderingService\OrderingService.csproj", "{E3510D32-971D-4C46-963E-0A904746A1E2}"
EndProject
Global
	GlobalSection(SolutionConfigurationPlatforms) = preSolution
		Debug|Any CPU = Debug|Any CPU
		Release|Any CPU = Release|Any CPU
	EndGlobalSection
	GlobalSection(ProjectConfigurationPlatforms) = postSolution
		{2D42916B-3D21-4DA1-8938-9F18A71FC268}.Debug|Any CPU.ActiveCfg = Debug|Any CPU
		{2D42916B-3D21-4DA1-8938-9F18A71FC268}.Debug|Any CPU.Build.0 = Debug|Any CPU
		{2D42916B-3D21-4DA1-8938-9F18A71FC268}.Release|Any CPU.ActiveCfg = Release|Any CPU
		{2D42916B-3D21-4DA1-8938-9F18A71FC268}.Release|Any CPU.Build.0 = Release|Any CPU
		{6B6EFA40-8E5C-424D-BBA4-626DD258CE87}.Debug|Any CPU.ActiveCfg = Debug|Any CPU
		{6B6EFA40-8E5C-424D-BBA4-626DD258CE87}.Debug|Any CPU.Build.0 = Debug|Any CPU
		{6B6EFA40-8E5C-424D-BBA4-626DD258CE87}.Release|Any CPU.ActiveCfg = Release|Any CPU
		{6B6EFA40-8E5C-424D-BBA4-626DD258CE87}.Release|Any CPU.Build.0 = Release|Any CPU
		{B18F1986-4D22-433A-9F4A-6E3B31D24721}.Debug|Any CPU.ActiveCfg = Debug|Any CPU
		{B18F1986-4D22-433A-9F4A-6E3B31D24721}.Debug|Any CPU.Build.0 = Debug|Any CPU
		{B18F1986-4D22-433A-9F4A-6E3B31D24721}.Release|Any CPU.ActiveCfg = Release|Any CPU
		{B18F1986-4D22-433A-9F4A-6E3B31D24721}.Release|Any CPU.Build.0 = Release|Any CPU
		{330503E2-7EDF-44EB-8111-A582C0D3C6E8}.Debug|Any CPU.ActiveCfg = Debug|Any CPU
		{330503E2-7EDF-44EB-8111-A582C0D3C6E8}.Debug|Any CPU.Build.0 = Debug|Any CPU
		{330503E2-7EDF-44EB-8111-A582C0D3C6E8}.Release|Any CPU.ActiveCfg = Release|Any CPU
		{330503E2-7EDF-44EB-8111-A582C0D3C6E8}.Release|Any CPU.Build.0 = Release|Any CPU
		{DCCC029D-C86E-49F7-A29D-FF2CD6E26BEB}.Debug|Any CPU.ActiveCfg = Debug|Any CPU
		{DCCC029D-C86E-49F7-A29D-FF2CD6E26BEB}.Debug|Any CPU.Build.0 = Debug|Any CPU
		{DCCC029D-C86E-49F7-A29D-FF2CD6E26BEB}.Release|Any CPU.ActiveCfg = Release|Any CPU
		{DCCC029D-C86E-49F7-A29D-FF2CD6E26BEB}.Release|Any CPU.Build.0 = Release|Any CPU
		{F13AD6EE-AC61-4E70-9FA2-9FE327F90149}.Debug|Any CPU.ActiveCfg = Debug|Any CPU
		{F13AD6EE-AC61-4E70-9FA2-9FE327F90149}.Debug|Any CPU.Build.0 = Debug|Any CPU
		{F13AD6EE-AC61-4E70-9FA2-9FE327F90149}.Release|Any CPU.ActiveCfg = Release|Any CPU
		{F13AD6EE-AC61-4E70-9FA2-9FE327F90149}.Release|Any CPU.Build.0 = Release|Any CPU
		{4E809521-5B05-442D-8A34-6A73FE8F82D4}.Debug|Any CPU.ActiveCfg = Debug|Any CPU
		{4E809521-5B05-442D-8A34-6A73FE8F82D4}.Debug|Any CPU.Build.0 = Debug|Any CPU
		{4E809521-5B05-442D-8A34-6A73FE8F82D4}.Release|Any CPU.ActiveCfg = Release|Any CPU
		{4E809521-5B05-442D-8A34-6A73FE8F82D4}.Release|Any CPU.Build.0 = Release|Any CPU
		{1B66591E-78E1-463B-941E-FD385B8C07E4}.Debug|Any CPU.ActiveCfg = Debug|Any CPU
		{1B66591E-78E1-463B-941E-FD385B8C07E4}.Debug|Any CPU.Build.0 = Debug|Any CPU
		{1B66591E-78E1-463B-941E-FD385B8C07E4}.Release|Any CPU.ActiveCfg = Release|Any CPU
		{1B66591E-78E1-463B-941E-FD385B8C07E4}.Release|Any CPU.Build.0 = Release|Any CPU
		{0E6500BB-DD6C-4D1F-9C8F-3E4629B35C0A}.Debug|Any CPU.ActiveCfg = Debug|Any CPU
		{0E6500BB-DD6C-4D1F-9C8F-3E4629B35C0A}.Debug|Any CPU.Build.0 = Debug|Any CPU
		{0E6500BB-DD6C-4D1F-9C8F-3E4629B35C0A}.Release|Any CPU.ActiveCfg = Release|Any CPU
		{0E6500BB-DD6C-4D1F-9C8F-3E4629B35C0A}.Release|Any CPU.Build.0 = Release|Any CPU
		{337DB1E4-BE5D-4E4F-BBAB-ED7490BEEA17}.Debug|Any CPU.ActiveCfg = Debug|Any CPU
		{337DB1E4-BE5D-4E4F-BBAB-ED7490BEEA17}.Debug|Any CPU.Build.0 = Debug|Any CPU
		{337DB1E4-BE5D-4E4F-BBAB-ED7490BEEA17}.Release|Any CPU.ActiveCfg = Release|Any CPU
		{337DB1E4-BE5D-4E4F-BBAB-ED7490BEEA17}.Release|Any CPU.Build.0 = Release|Any CPU
		{F1B2261C-1639-4057-8D62-D6245D30B66E}.Debug|Any CPU.ActiveCfg = Debug|Any CPU
		{F1B2261C-1639-4057-8D62-D6245D30B66E}.Debug|Any CPU.Build.0 = Debug|Any CPU
		{F1B2261C-1639-4057-8D62-D6245D30B66E}.Release|Any CPU.ActiveCfg = Release|Any CPU
		{F1B2261C-1639-4057-8D62-D6245D30B66E}.Release|Any CPU.Build.0 = Release|Any CPU
		{20CAFFEB-BA43-4A98-80D6-48718C1FBABF}.Debug|Any CPU.ActiveCfg = Debug|Any CPU
		{20CAFFEB-BA43-4A98-80D6-48718C1FBABF}.Debug|Any CPU.Build.0 = Debug|Any CPU
		{20CAFFEB-BA43-4A98-80D6-48718C1FBABF}.Release|Any CPU.ActiveCfg = Release|Any CPU
		{20CAFFEB-BA43-4A98-80D6-48718C1FBABF}.Release|Any CPU.Build.0 = Release|Any CPU
		{F973B9DA-315F-4D1E-B75C-3C941CEBC275}.Debug|Any CPU.ActiveCfg = Debug|Any CPU
		{F973B9DA-315F-4D1E-B75C-3C941CEBC275}.Debug|Any CPU.Build.0 = Debug|Any CPU
		{F973B9DA-315F-4D1E-B75C-3C941CEBC275}.Release|Any CPU.ActiveCfg = Release|Any CPU
		{F973B9DA-315F-4D1E-B75C-3C941CEBC275}.Release|Any CPU.Build.0 = Release|Any CPU
		{43C6BBAC-F9D2-481A-87D7-BE9B395A8CAF}.Debug|Any CPU.ActiveCfg = Debug|Any CPU
		{43C6BBAC-F9D2-481A-87D7-BE9B395A8CAF}.Debug|Any CPU.Build.0 = Debug|Any CPU
		{43C6BBAC-F9D2-481A-87D7-BE9B395A8CAF}.Release|Any CPU.ActiveCfg = Release|Any CPU
		{43C6BBAC-F9D2-481A-87D7-BE9B395A8CAF}.Release|Any CPU.Build.0 = Release|Any CPU
		{38559D09-66CF-4B25-9EEE-D5C2B160ABC5}.Debug|Any CPU.ActiveCfg = Debug|Any CPU
		{38559D09-66CF-4B25-9EEE-D5C2B160ABC5}.Debug|Any CPU.Build.0 = Debug|Any CPU
		{38559D09-66CF-4B25-9EEE-D5C2B160ABC5}.Release|Any CPU.ActiveCfg = Release|Any CPU
		{38559D09-66CF-4B25-9EEE-D5C2B160ABC5}.Release|Any CPU.Build.0 = Release|Any CPU
		{C0436B2E-3354-4D76-9B65-8B0947F49F10}.Debug|Any CPU.ActiveCfg = Debug|Any CPU
		{C0436B2E-3354-4D76-9B65-8B0947F49F10}.Debug|Any CPU.Build.0 = Debug|Any CPU
		{C0436B2E-3354-4D76-9B65-8B0947F49F10}.Release|Any CPU.ActiveCfg = Release|Any CPU
		{C0436B2E-3354-4D76-9B65-8B0947F49F10}.Release|Any CPU.Build.0 = Release|Any CPU
		{F55165BD-94C0-47AE-AABA-A26DBA0D37D5}.Debug|Any CPU.ActiveCfg = Debug|Any CPU
		{F55165BD-94C0-47AE-AABA-A26DBA0D37D5}.Debug|Any CPU.Build.0 = Debug|Any CPU
		{F55165BD-94C0-47AE-AABA-A26DBA0D37D5}.Release|Any CPU.ActiveCfg = Release|Any CPU
		{F55165BD-94C0-47AE-AABA-A26DBA0D37D5}.Release|Any CPU.Build.0 = Release|Any CPU
		{E69ECFD1-7127-4E91-BE28-E866FE1B79A1}.Debug|Any CPU.ActiveCfg = Debug|Any CPU
		{E69ECFD1-7127-4E91-BE28-E866FE1B79A1}.Debug|Any CPU.Build.0 = Debug|Any CPU
		{E69ECFD1-7127-4E91-BE28-E866FE1B79A1}.Release|Any CPU.ActiveCfg = Release|Any CPU
		{E69ECFD1-7127-4E91-BE28-E866FE1B79A1}.Release|Any CPU.Build.0 = Release|Any CPU
		{5EA88882-D8A9-40F3-8ACA-5A7117B77C04}.Debug|Any CPU.ActiveCfg = Debug|Any CPU
		{5EA88882-D8A9-40F3-8ACA-5A7117B77C04}.Debug|Any CPU.Build.0 = Debug|Any CPU
		{5EA88882-D8A9-40F3-8ACA-5A7117B77C04}.Release|Any CPU.ActiveCfg = Release|Any CPU
		{5EA88882-D8A9-40F3-8ACA-5A7117B77C04}.Release|Any CPU.Build.0 = Release|Any CPU
		{F5DB9D14-FA1D-4708-BD1F-7872E410C998}.Debug|Any CPU.ActiveCfg = Debug|Any CPU
		{F5DB9D14-FA1D-4708-BD1F-7872E410C998}.Debug|Any CPU.Build.0 = Debug|Any CPU
		{F5DB9D14-FA1D-4708-BD1F-7872E410C998}.Release|Any CPU.ActiveCfg = Release|Any CPU
		{F5DB9D14-FA1D-4708-BD1F-7872E410C998}.Release|Any CPU.Build.0 = Release|Any CPU
		{557CD3BB-F642-40BE-87EC-CAC2D1FB2F51}.Debug|Any CPU.ActiveCfg = Debug|Any CPU
		{557CD3BB-F642-40BE-87EC-CAC2D1FB2F51}.Debug|Any CPU.Build.0 = Debug|Any CPU
		{557CD3BB-F642-40BE-87EC-CAC2D1FB2F51}.Release|Any CPU.ActiveCfg = Release|Any CPU
		{557CD3BB-F642-40BE-87EC-CAC2D1FB2F51}.Release|Any CPU.Build.0 = Release|Any CPU
		{45C6D0F4-051E-4FB2-ABE6-06BD0AA41ECD}.Debug|Any CPU.ActiveCfg = Debug|Any CPU
		{45C6D0F4-051E-4FB2-ABE6-06BD0AA41ECD}.Debug|Any CPU.Build.0 = Debug|Any CPU
		{45C6D0F4-051E-4FB2-ABE6-06BD0AA41ECD}.Release|Any CPU.ActiveCfg = Release|Any CPU
		{45C6D0F4-051E-4FB2-ABE6-06BD0AA41ECD}.Release|Any CPU.Build.0 = Release|Any CPU
		{829B846F-09DB-46A5-B18C-482DD7BB93BA}.Debug|Any CPU.ActiveCfg = Debug|Any CPU
		{829B846F-09DB-46A5-B18C-482DD7BB93BA}.Debug|Any CPU.Build.0 = Debug|Any CPU
		{829B846F-09DB-46A5-B18C-482DD7BB93BA}.Release|Any CPU.ActiveCfg = Release|Any CPU
		{829B846F-09DB-46A5-B18C-482DD7BB93BA}.Release|Any CPU.Build.0 = Release|Any CPU
		{DB20A85A-A931-452E-9BC5-F054037CFF91}.Debug|Any CPU.ActiveCfg = Debug|Any CPU
		{DB20A85A-A931-452E-9BC5-F054037CFF91}.Debug|Any CPU.Build.0 = Debug|Any CPU
		{DB20A85A-A931-452E-9BC5-F054037CFF91}.Release|Any CPU.ActiveCfg = Release|Any CPU
		{DB20A85A-A931-452E-9BC5-F054037CFF91}.Release|Any CPU.Build.0 = Release|Any CPU
		{2CC40948-0E9B-49EB-9203-0459CBE317C0}.Debug|Any CPU.ActiveCfg = Debug|Any CPU
		{2CC40948-0E9B-49EB-9203-0459CBE317C0}.Debug|Any CPU.Build.0 = Debug|Any CPU
		{2CC40948-0E9B-49EB-9203-0459CBE317C0}.Release|Any CPU.ActiveCfg = Release|Any CPU
		{2CC40948-0E9B-49EB-9203-0459CBE317C0}.Release|Any CPU.Build.0 = Release|Any CPU
		{FA9ED734-CFFB-4A55-AFCD-F7D5FE5F28DE}.Debug|Any CPU.ActiveCfg = Debug|Any CPU
		{FA9ED734-CFFB-4A55-AFCD-F7D5FE5F28DE}.Debug|Any CPU.Build.0 = Debug|Any CPU
		{FA9ED734-CFFB-4A55-AFCD-F7D5FE5F28DE}.Release|Any CPU.ActiveCfg = Release|Any CPU
		{FA9ED734-CFFB-4A55-AFCD-F7D5FE5F28DE}.Release|Any CPU.Build.0 = Release|Any CPU
		{FEB62F8F-1FBE-4C09-A94C-0E50DF039326}.Debug|Any CPU.ActiveCfg = Debug|Any CPU
		{FEB62F8F-1FBE-4C09-A94C-0E50DF039326}.Debug|Any CPU.Build.0 = Debug|Any CPU
		{FEB62F8F-1FBE-4C09-A94C-0E50DF039326}.Release|Any CPU.ActiveCfg = Release|Any CPU
		{FEB62F8F-1FBE-4C09-A94C-0E50DF039326}.Release|Any CPU.Build.0 = Release|Any CPU
		{236D7A8A-B923-48E3-8056-989F57DDF260}.Debug|Any CPU.ActiveCfg = Debug|Any CPU
		{236D7A8A-B923-48E3-8056-989F57DDF260}.Debug|Any CPU.Build.0 = Debug|Any CPU
		{236D7A8A-B923-48E3-8056-989F57DDF260}.Release|Any CPU.ActiveCfg = Release|Any CPU
		{236D7A8A-B923-48E3-8056-989F57DDF260}.Release|Any CPU.Build.0 = Release|Any CPU
		{611811B4-112F-4242-B082-222DA2414B5F}.Debug|Any CPU.ActiveCfg = Debug|Any CPU
		{611811B4-112F-4242-B082-222DA2414B5F}.Debug|Any CPU.Build.0 = Debug|Any CPU
		{611811B4-112F-4242-B082-222DA2414B5F}.Release|Any CPU.ActiveCfg = Release|Any CPU
		{611811B4-112F-4242-B082-222DA2414B5F}.Release|Any CPU.Build.0 = Release|Any CPU
		{C31B181C-C2B6-4A3A-B78C-89E20CB7BEA7}.Debug|Any CPU.ActiveCfg = Debug|Any CPU
		{C31B181C-C2B6-4A3A-B78C-89E20CB7BEA7}.Debug|Any CPU.Build.0 = Debug|Any CPU
		{C31B181C-C2B6-4A3A-B78C-89E20CB7BEA7}.Release|Any CPU.ActiveCfg = Release|Any CPU
		{C31B181C-C2B6-4A3A-B78C-89E20CB7BEA7}.Release|Any CPU.Build.0 = Release|Any CPU
		{2AA3F1EB-A549-4A5D-8B08-C24E5953454E}.Debug|Any CPU.ActiveCfg = Debug|Any CPU
		{2AA3F1EB-A549-4A5D-8B08-C24E5953454E}.Debug|Any CPU.Build.0 = Debug|Any CPU
		{2AA3F1EB-A549-4A5D-8B08-C24E5953454E}.Release|Any CPU.ActiveCfg = Release|Any CPU
		{2AA3F1EB-A549-4A5D-8B08-C24E5953454E}.Release|Any CPU.Build.0 = Release|Any CPU
		{9A060F99-3541-430A-961A-E5D552C4528C}.Debug|Any CPU.ActiveCfg = Debug|Any CPU
		{9A060F99-3541-430A-961A-E5D552C4528C}.Debug|Any CPU.Build.0 = Debug|Any CPU
		{9A060F99-3541-430A-961A-E5D552C4528C}.Release|Any CPU.ActiveCfg = Release|Any CPU
		{9A060F99-3541-430A-961A-E5D552C4528C}.Release|Any CPU.Build.0 = Release|Any CPU
		{BEB9E31C-B72A-42E4-AD2E-FDCDE392B0C5}.Debug|Any CPU.ActiveCfg = Debug|Any CPU
		{BEB9E31C-B72A-42E4-AD2E-FDCDE392B0C5}.Debug|Any CPU.Build.0 = Debug|Any CPU
		{BEB9E31C-B72A-42E4-AD2E-FDCDE392B0C5}.Release|Any CPU.ActiveCfg = Release|Any CPU
		{BEB9E31C-B72A-42E4-AD2E-FDCDE392B0C5}.Release|Any CPU.Build.0 = Release|Any CPU
		{838E005F-C9D0-453F-8FF5-A4ECB788F06C}.Debug|Any CPU.ActiveCfg = Debug|Any CPU
		{838E005F-C9D0-453F-8FF5-A4ECB788F06C}.Debug|Any CPU.Build.0 = Debug|Any CPU
		{838E005F-C9D0-453F-8FF5-A4ECB788F06C}.Release|Any CPU.ActiveCfg = Release|Any CPU
		{838E005F-C9D0-453F-8FF5-A4ECB788F06C}.Release|Any CPU.Build.0 = Release|Any CPU
		{A55C4C33-DB32-483C-B335-2051DBEF55CB}.Debug|Any CPU.ActiveCfg = Debug|Any CPU
		{A55C4C33-DB32-483C-B335-2051DBEF55CB}.Debug|Any CPU.Build.0 = Debug|Any CPU
		{A55C4C33-DB32-483C-B335-2051DBEF55CB}.Release|Any CPU.ActiveCfg = Release|Any CPU
		{A55C4C33-DB32-483C-B335-2051DBEF55CB}.Release|Any CPU.Build.0 = Release|Any CPU
		{04AC48DA-3B48-44CE-B60B-B7BCE189CFCE}.Debug|Any CPU.ActiveCfg = Debug|Any CPU
		{04AC48DA-3B48-44CE-B60B-B7BCE189CFCE}.Debug|Any CPU.Build.0 = Debug|Any CPU
		{04AC48DA-3B48-44CE-B60B-B7BCE189CFCE}.Release|Any CPU.ActiveCfg = Release|Any CPU
		{04AC48DA-3B48-44CE-B60B-B7BCE189CFCE}.Release|Any CPU.Build.0 = Release|Any CPU
		{78D486FA-84C0-4F56-B735-68C622AF7F41}.Debug|Any CPU.ActiveCfg = Debug|Any CPU
		{78D486FA-84C0-4F56-B735-68C622AF7F41}.Debug|Any CPU.Build.0 = Debug|Any CPU
		{78D486FA-84C0-4F56-B735-68C622AF7F41}.Release|Any CPU.ActiveCfg = Release|Any CPU
		{78D486FA-84C0-4F56-B735-68C622AF7F41}.Release|Any CPU.Build.0 = Release|Any CPU
		{66E69B41-AD28-4AA8-AB67-7CD6FD2B488F}.Debug|Any CPU.ActiveCfg = Debug|Any CPU
		{66E69B41-AD28-4AA8-AB67-7CD6FD2B488F}.Debug|Any CPU.Build.0 = Debug|Any CPU
		{66E69B41-AD28-4AA8-AB67-7CD6FD2B488F}.Release|Any CPU.ActiveCfg = Release|Any CPU
		{66E69B41-AD28-4AA8-AB67-7CD6FD2B488F}.Release|Any CPU.Build.0 = Release|Any CPU
		{33E0147C-F034-42A8-BD17-C2DA18D461F6}.Debug|Any CPU.ActiveCfg = Debug|Any CPU
		{33E0147C-F034-42A8-BD17-C2DA18D461F6}.Debug|Any CPU.Build.0 = Debug|Any CPU
		{33E0147C-F034-42A8-BD17-C2DA18D461F6}.Release|Any CPU.ActiveCfg = Release|Any CPU
		{33E0147C-F034-42A8-BD17-C2DA18D461F6}.Release|Any CPU.Build.0 = Release|Any CPU
		{A25FA04A-A87E-4469-BC94-9B50055B0CEE}.Debug|Any CPU.ActiveCfg = Debug|Any CPU
		{A25FA04A-A87E-4469-BC94-9B50055B0CEE}.Debug|Any CPU.Build.0 = Debug|Any CPU
		{A25FA04A-A87E-4469-BC94-9B50055B0CEE}.Release|Any CPU.ActiveCfg = Release|Any CPU
		{A25FA04A-A87E-4469-BC94-9B50055B0CEE}.Release|Any CPU.Build.0 = Release|Any CPU
		{DEC456EB-17AD-438E-A3FF-56487721B936}.Debug|Any CPU.ActiveCfg = Debug|Any CPU
		{DEC456EB-17AD-438E-A3FF-56487721B936}.Debug|Any CPU.Build.0 = Debug|Any CPU
		{DEC456EB-17AD-438E-A3FF-56487721B936}.Release|Any CPU.ActiveCfg = Release|Any CPU
		{DEC456EB-17AD-438E-A3FF-56487721B936}.Release|Any CPU.Build.0 = Release|Any CPU
		{74276E37-F979-4C41-8F4F-F140EBAE0641}.Debug|Any CPU.ActiveCfg = Debug|Any CPU
		{74276E37-F979-4C41-8F4F-F140EBAE0641}.Debug|Any CPU.Build.0 = Debug|Any CPU
		{74276E37-F979-4C41-8F4F-F140EBAE0641}.Release|Any CPU.ActiveCfg = Release|Any CPU
		{74276E37-F979-4C41-8F4F-F140EBAE0641}.Release|Any CPU.Build.0 = Release|Any CPU
		{8EE02B28-D349-427A-B60D-7E001750432C}.Debug|Any CPU.ActiveCfg = Debug|Any CPU
		{8EE02B28-D349-427A-B60D-7E001750432C}.Debug|Any CPU.Build.0 = Debug|Any CPU
		{8EE02B28-D349-427A-B60D-7E001750432C}.Release|Any CPU.ActiveCfg = Release|Any CPU
		{8EE02B28-D349-427A-B60D-7E001750432C}.Release|Any CPU.Build.0 = Release|Any CPU
		{1B192D44-5F26-496E-ACAA-F03D74419067}.Debug|Any CPU.ActiveCfg = Debug|Any CPU
		{1B192D44-5F26-496E-ACAA-F03D74419067}.Debug|Any CPU.Build.0 = Debug|Any CPU
		{1B192D44-5F26-496E-ACAA-F03D74419067}.Release|Any CPU.ActiveCfg = Release|Any CPU
		{1B192D44-5F26-496E-ACAA-F03D74419067}.Release|Any CPU.Build.0 = Release|Any CPU
		{3EC9DF08-95A6-4D18-A58B-B9155FEB8A71}.Debug|Any CPU.ActiveCfg = Debug|Any CPU
		{3EC9DF08-95A6-4D18-A58B-B9155FEB8A71}.Debug|Any CPU.Build.0 = Debug|Any CPU
		{3EC9DF08-95A6-4D18-A58B-B9155FEB8A71}.Release|Any CPU.ActiveCfg = Release|Any CPU
		{3EC9DF08-95A6-4D18-A58B-B9155FEB8A71}.Release|Any CPU.Build.0 = Release|Any CPU
		{E3CBEB85-342B-4E14-8F40-B6D53ABA091A}.Debug|Any CPU.ActiveCfg = Debug|Any CPU
		{E3CBEB85-342B-4E14-8F40-B6D53ABA091A}.Debug|Any CPU.Build.0 = Debug|Any CPU
		{E3CBEB85-342B-4E14-8F40-B6D53ABA091A}.Release|Any CPU.ActiveCfg = Release|Any CPU
		{E3CBEB85-342B-4E14-8F40-B6D53ABA091A}.Release|Any CPU.Build.0 = Release|Any CPU
		{4E497616-A21A-417C-ACE4-1A20C603B674}.Debug|Any CPU.ActiveCfg = Debug|Any CPU
		{4E497616-A21A-417C-ACE4-1A20C603B674}.Debug|Any CPU.Build.0 = Debug|Any CPU
		{4E497616-A21A-417C-ACE4-1A20C603B674}.Release|Any CPU.ActiveCfg = Release|Any CPU
		{4E497616-A21A-417C-ACE4-1A20C603B674}.Release|Any CPU.Build.0 = Release|Any CPU
		{763C0AEC-DA4D-4EEA-9713-3E98E8B3BDE2}.Debug|Any CPU.ActiveCfg = Debug|Any CPU
		{763C0AEC-DA4D-4EEA-9713-3E98E8B3BDE2}.Debug|Any CPU.Build.0 = Debug|Any CPU
		{763C0AEC-DA4D-4EEA-9713-3E98E8B3BDE2}.Release|Any CPU.ActiveCfg = Release|Any CPU
		{763C0AEC-DA4D-4EEA-9713-3E98E8B3BDE2}.Release|Any CPU.Build.0 = Release|Any CPU
		{649B5D31-D7FD-4090-9338-F9D3BB7C3F96}.Debug|Any CPU.ActiveCfg = Debug|Any CPU
		{649B5D31-D7FD-4090-9338-F9D3BB7C3F96}.Debug|Any CPU.Build.0 = Debug|Any CPU
		{649B5D31-D7FD-4090-9338-F9D3BB7C3F96}.Release|Any CPU.ActiveCfg = Release|Any CPU
		{649B5D31-D7FD-4090-9338-F9D3BB7C3F96}.Release|Any CPU.Build.0 = Release|Any CPU
		{CD8D364C-819F-4062-912A-4B6DE3D5FCF1}.Debug|Any CPU.ActiveCfg = Debug|Any CPU
		{CD8D364C-819F-4062-912A-4B6DE3D5FCF1}.Debug|Any CPU.Build.0 = Debug|Any CPU
		{CD8D364C-819F-4062-912A-4B6DE3D5FCF1}.Release|Any CPU.ActiveCfg = Release|Any CPU
		{CD8D364C-819F-4062-912A-4B6DE3D5FCF1}.Release|Any CPU.Build.0 = Release|Any CPU
		{62E7BFE3-8FC9-4544-B471-73D1941B6B4B}.Debug|Any CPU.ActiveCfg = Debug|Any CPU
		{62E7BFE3-8FC9-4544-B471-73D1941B6B4B}.Debug|Any CPU.Build.0 = Debug|Any CPU
		{62E7BFE3-8FC9-4544-B471-73D1941B6B4B}.Release|Any CPU.ActiveCfg = Release|Any CPU
		{62E7BFE3-8FC9-4544-B471-73D1941B6B4B}.Release|Any CPU.Build.0 = Release|Any CPU
		{ABE13C7F-0FE0-42C6-84C3-814074950720}.Debug|Any CPU.ActiveCfg = Debug|Any CPU
		{ABE13C7F-0FE0-42C6-84C3-814074950720}.Debug|Any CPU.Build.0 = Debug|Any CPU
		{ABE13C7F-0FE0-42C6-84C3-814074950720}.Release|Any CPU.ActiveCfg = Release|Any CPU
		{ABE13C7F-0FE0-42C6-84C3-814074950720}.Release|Any CPU.Build.0 = Release|Any CPU
		{8C32A005-17A9-47C7-9450-DB8A00B10BF7}.Debug|Any CPU.ActiveCfg = Debug|Any CPU
		{8C32A005-17A9-47C7-9450-DB8A00B10BF7}.Debug|Any CPU.Build.0 = Debug|Any CPU
		{8C32A005-17A9-47C7-9450-DB8A00B10BF7}.Release|Any CPU.ActiveCfg = Release|Any CPU
		{8C32A005-17A9-47C7-9450-DB8A00B10BF7}.Release|Any CPU.Build.0 = Release|Any CPU
		{54687E64-5E17-4270-A479-F65F9480060A}.Debug|Any CPU.ActiveCfg = Debug|Any CPU
		{54687E64-5E17-4270-A479-F65F9480060A}.Debug|Any CPU.Build.0 = Debug|Any CPU
		{54687E64-5E17-4270-A479-F65F9480060A}.Release|Any CPU.ActiveCfg = Release|Any CPU
		{54687E64-5E17-4270-A479-F65F9480060A}.Release|Any CPU.Build.0 = Release|Any CPU
		{DB2D1DE9-CD64-44F0-934E-7C591F90DCB0}.Debug|Any CPU.ActiveCfg = Debug|Any CPU
		{DB2D1DE9-CD64-44F0-934E-7C591F90DCB0}.Debug|Any CPU.Build.0 = Debug|Any CPU
		{DB2D1DE9-CD64-44F0-934E-7C591F90DCB0}.Release|Any CPU.ActiveCfg = Release|Any CPU
		{DB2D1DE9-CD64-44F0-934E-7C591F90DCB0}.Release|Any CPU.Build.0 = Release|Any CPU
		{24981CA9-4F6F-4617-8519-23C173776FD1}.Debug|Any CPU.ActiveCfg = Debug|Any CPU
		{24981CA9-4F6F-4617-8519-23C173776FD1}.Debug|Any CPU.Build.0 = Debug|Any CPU
		{24981CA9-4F6F-4617-8519-23C173776FD1}.Release|Any CPU.ActiveCfg = Release|Any CPU
		{24981CA9-4F6F-4617-8519-23C173776FD1}.Release|Any CPU.Build.0 = Release|Any CPU
		{5FF5F2A2-1EEE-420F-B0FF-A6AE003D136D}.Debug|Any CPU.ActiveCfg = Debug|Any CPU
		{5FF5F2A2-1EEE-420F-B0FF-A6AE003D136D}.Debug|Any CPU.Build.0 = Debug|Any CPU
		{5FF5F2A2-1EEE-420F-B0FF-A6AE003D136D}.Release|Any CPU.ActiveCfg = Release|Any CPU
		{5FF5F2A2-1EEE-420F-B0FF-A6AE003D136D}.Release|Any CPU.Build.0 = Release|Any CPU
		{98052A55-D5AF-4B0C-846B-3200D5227733}.Debug|Any CPU.ActiveCfg = Debug|Any CPU
		{98052A55-D5AF-4B0C-846B-3200D5227733}.Debug|Any CPU.Build.0 = Debug|Any CPU
		{98052A55-D5AF-4B0C-846B-3200D5227733}.Release|Any CPU.ActiveCfg = Release|Any CPU
		{98052A55-D5AF-4B0C-846B-3200D5227733}.Release|Any CPU.Build.0 = Release|Any CPU
		{5C2D01E1-C2F7-4D66-BE62-964426BE7C7C}.Debug|Any CPU.ActiveCfg = Debug|Any CPU
		{5C2D01E1-C2F7-4D66-BE62-964426BE7C7C}.Debug|Any CPU.Build.0 = Debug|Any CPU
		{5C2D01E1-C2F7-4D66-BE62-964426BE7C7C}.Release|Any CPU.ActiveCfg = Release|Any CPU
		{5C2D01E1-C2F7-4D66-BE62-964426BE7C7C}.Release|Any CPU.Build.0 = Release|Any CPU
		{C0E897A0-E9A3-4143-B240-94100E007560}.Debug|Any CPU.ActiveCfg = Debug|Any CPU
		{C0E897A0-E9A3-4143-B240-94100E007560}.Debug|Any CPU.Build.0 = Debug|Any CPU
		{C0E897A0-E9A3-4143-B240-94100E007560}.Release|Any CPU.ActiveCfg = Release|Any CPU
		{C0E897A0-E9A3-4143-B240-94100E007560}.Release|Any CPU.Build.0 = Release|Any CPU
		{A877EE39-7664-4EC9-99AF-6D8C0C165C22}.Debug|Any CPU.ActiveCfg = Debug|Any CPU
		{A877EE39-7664-4EC9-99AF-6D8C0C165C22}.Debug|Any CPU.Build.0 = Debug|Any CPU
		{A877EE39-7664-4EC9-99AF-6D8C0C165C22}.Release|Any CPU.ActiveCfg = Release|Any CPU
		{A877EE39-7664-4EC9-99AF-6D8C0C165C22}.Release|Any CPU.Build.0 = Release|Any CPU
		{CED89249-74E8-43C4-94A1-A3E22D95725D}.Debug|Any CPU.ActiveCfg = Debug|Any CPU
		{CED89249-74E8-43C4-94A1-A3E22D95725D}.Debug|Any CPU.Build.0 = Debug|Any CPU
		{CED89249-74E8-43C4-94A1-A3E22D95725D}.Release|Any CPU.ActiveCfg = Release|Any CPU
		{CED89249-74E8-43C4-94A1-A3E22D95725D}.Release|Any CPU.Build.0 = Release|Any CPU
		{5115A476-7AA1-4139-B0F8-5E65C1A83750}.Debug|Any CPU.ActiveCfg = Debug|Any CPU
		{5115A476-7AA1-4139-B0F8-5E65C1A83750}.Debug|Any CPU.Build.0 = Debug|Any CPU
		{5115A476-7AA1-4139-B0F8-5E65C1A83750}.Release|Any CPU.ActiveCfg = Release|Any CPU
		{5115A476-7AA1-4139-B0F8-5E65C1A83750}.Release|Any CPU.Build.0 = Release|Any CPU
		{045FEC49-949C-4CA0-B4B8-AEC286C67476}.Debug|Any CPU.ActiveCfg = Debug|Any CPU
		{045FEC49-949C-4CA0-B4B8-AEC286C67476}.Debug|Any CPU.Build.0 = Debug|Any CPU
		{045FEC49-949C-4CA0-B4B8-AEC286C67476}.Release|Any CPU.ActiveCfg = Release|Any CPU
		{045FEC49-949C-4CA0-B4B8-AEC286C67476}.Release|Any CPU.Build.0 = Release|Any CPU
		{5FCD4C42-C4E0-4857-A525-F240433445F4}.Debug|Any CPU.ActiveCfg = Debug|Any CPU
		{5FCD4C42-C4E0-4857-A525-F240433445F4}.Debug|Any CPU.Build.0 = Debug|Any CPU
		{5FCD4C42-C4E0-4857-A525-F240433445F4}.Release|Any CPU.ActiveCfg = Release|Any CPU
		{5FCD4C42-C4E0-4857-A525-F240433445F4}.Release|Any CPU.Build.0 = Release|Any CPU
		{59E4AA1F-72B4-4128-9F18-D67BC391331E}.Debug|Any CPU.ActiveCfg = Debug|Any CPU
		{59E4AA1F-72B4-4128-9F18-D67BC391331E}.Debug|Any CPU.Build.0 = Debug|Any CPU
		{59E4AA1F-72B4-4128-9F18-D67BC391331E}.Release|Any CPU.ActiveCfg = Release|Any CPU
		{59E4AA1F-72B4-4128-9F18-D67BC391331E}.Release|Any CPU.Build.0 = Release|Any CPU
		{AC3DB0CE-E604-47BD-8CA9-AAF8491AFFF9}.Debug|Any CPU.ActiveCfg = Debug|Any CPU
		{AC3DB0CE-E604-47BD-8CA9-AAF8491AFFF9}.Debug|Any CPU.Build.0 = Debug|Any CPU
		{AC3DB0CE-E604-47BD-8CA9-AAF8491AFFF9}.Release|Any CPU.ActiveCfg = Release|Any CPU
		{AC3DB0CE-E604-47BD-8CA9-AAF8491AFFF9}.Release|Any CPU.Build.0 = Release|Any CPU
		{ADA3C394-5198-4213-8B11-0AF89A6CF1AE}.Debug|Any CPU.ActiveCfg = Debug|Any CPU
		{ADA3C394-5198-4213-8B11-0AF89A6CF1AE}.Debug|Any CPU.Build.0 = Debug|Any CPU
		{ADA3C394-5198-4213-8B11-0AF89A6CF1AE}.Release|Any CPU.ActiveCfg = Release|Any CPU
		{ADA3C394-5198-4213-8B11-0AF89A6CF1AE}.Release|Any CPU.Build.0 = Release|Any CPU
		{515207BB-793A-4390-BA1F-E3A68C7868EF}.Debug|Any CPU.ActiveCfg = Debug|Any CPU
		{515207BB-793A-4390-BA1F-E3A68C7868EF}.Debug|Any CPU.Build.0 = Debug|Any CPU
		{515207BB-793A-4390-BA1F-E3A68C7868EF}.Release|Any CPU.ActiveCfg = Release|Any CPU
		{515207BB-793A-4390-BA1F-E3A68C7868EF}.Release|Any CPU.Build.0 = Release|Any CPU
		{0E3B1621-7644-4CA6-8149-B1D5712FDFFA}.Debug|Any CPU.ActiveCfg = Debug|Any CPU
		{0E3B1621-7644-4CA6-8149-B1D5712FDFFA}.Debug|Any CPU.Build.0 = Debug|Any CPU
		{0E3B1621-7644-4CA6-8149-B1D5712FDFFA}.Release|Any CPU.ActiveCfg = Release|Any CPU
		{0E3B1621-7644-4CA6-8149-B1D5712FDFFA}.Release|Any CPU.Build.0 = Release|Any CPU
		{28B145B3-347B-4FBB-9DF5-AA4A81F2BFBB}.Debug|Any CPU.ActiveCfg = Debug|Any CPU
		{28B145B3-347B-4FBB-9DF5-AA4A81F2BFBB}.Debug|Any CPU.Build.0 = Debug|Any CPU
		{28B145B3-347B-4FBB-9DF5-AA4A81F2BFBB}.Release|Any CPU.ActiveCfg = Release|Any CPU
		{28B145B3-347B-4FBB-9DF5-AA4A81F2BFBB}.Release|Any CPU.Build.0 = Release|Any CPU
		{626AD6A1-BD3B-463C-9FC8-F56612572343}.Debug|Any CPU.ActiveCfg = Debug|Any CPU
		{626AD6A1-BD3B-463C-9FC8-F56612572343}.Debug|Any CPU.Build.0 = Debug|Any CPU
		{626AD6A1-BD3B-463C-9FC8-F56612572343}.Release|Any CPU.ActiveCfg = Release|Any CPU
		{626AD6A1-BD3B-463C-9FC8-F56612572343}.Release|Any CPU.Build.0 = Release|Any CPU
		{083B4402-0F8D-4253-A97A-1FB9E2E1AA21}.Debug|Any CPU.ActiveCfg = Debug|Any CPU
		{083B4402-0F8D-4253-A97A-1FB9E2E1AA21}.Debug|Any CPU.Build.0 = Debug|Any CPU
		{083B4402-0F8D-4253-A97A-1FB9E2E1AA21}.Release|Any CPU.ActiveCfg = Release|Any CPU
		{083B4402-0F8D-4253-A97A-1FB9E2E1AA21}.Release|Any CPU.Build.0 = Release|Any CPU
		{E3510D32-971D-4C46-963E-0A904746A1E2}.Debug|Any CPU.ActiveCfg = Debug|Any CPU
		{E3510D32-971D-4C46-963E-0A904746A1E2}.Debug|Any CPU.Build.0 = Debug|Any CPU
		{E3510D32-971D-4C46-963E-0A904746A1E2}.Release|Any CPU.ActiveCfg = Release|Any CPU
		{E3510D32-971D-4C46-963E-0A904746A1E2}.Release|Any CPU.Build.0 = Release|Any CPU
	EndGlobalSection
	GlobalSection(SolutionProperties) = preSolution
		HideSolutionNode = FALSE
	EndGlobalSection
	GlobalSection(NestedProjects) = preSolution
		{2D42916B-3D21-4DA1-8938-9F18A71FC268} = {2E256929-E4B0-4CA8-B52D-AD5193C91F3F}
		{6B6EFA40-8E5C-424D-BBA4-626DD258CE87} = {391FD6FE-EAC7-48E1-8B8E-DE3930E48CD7}
		{B18F1986-4D22-433A-9F4A-6E3B31D24721} = {2E256929-E4B0-4CA8-B52D-AD5193C91F3F}
		{330503E2-7EDF-44EB-8111-A582C0D3C6E8} = {391FD6FE-EAC7-48E1-8B8E-DE3930E48CD7}
		{DCCC029D-C86E-49F7-A29D-FF2CD6E26BEB} = {2E256929-E4B0-4CA8-B52D-AD5193C91F3F}
		{F13AD6EE-AC61-4E70-9FA2-9FE327F90149} = {391FD6FE-EAC7-48E1-8B8E-DE3930E48CD7}
		{4E809521-5B05-442D-8A34-6A73FE8F82D4} = {2E256929-E4B0-4CA8-B52D-AD5193C91F3F}
		{1B66591E-78E1-463B-941E-FD385B8C07E4} = {2E256929-E4B0-4CA8-B52D-AD5193C91F3F}
		{0E6500BB-DD6C-4D1F-9C8F-3E4629B35C0A} = {391FD6FE-EAC7-48E1-8B8E-DE3930E48CD7}
		{337DB1E4-BE5D-4E4F-BBAB-ED7490BEEA17} = {2E256929-E4B0-4CA8-B52D-AD5193C91F3F}
		{F1B2261C-1639-4057-8D62-D6245D30B66E} = {391FD6FE-EAC7-48E1-8B8E-DE3930E48CD7}
		{20CAFFEB-BA43-4A98-80D6-48718C1FBABF} = {2E256929-E4B0-4CA8-B52D-AD5193C91F3F}
		{F973B9DA-315F-4D1E-B75C-3C941CEBC275} = {391FD6FE-EAC7-48E1-8B8E-DE3930E48CD7}
		{43C6BBAC-F9D2-481A-87D7-BE9B395A8CAF} = {2E256929-E4B0-4CA8-B52D-AD5193C91F3F}
		{38559D09-66CF-4B25-9EEE-D5C2B160ABC5} = {391FD6FE-EAC7-48E1-8B8E-DE3930E48CD7}
		{013DA0B6-4C2C-4931-8077-8620C60135A5} = {DF28D730-99B3-4811-AAC7-725A73B3F668}
		{2E256929-E4B0-4CA8-B52D-AD5193C91F3F} = {DF28D730-99B3-4811-AAC7-725A73B3F668}
		{C0436B2E-3354-4D76-9B65-8B0947F49F10} = {013DA0B6-4C2C-4931-8077-8620C60135A5}
		{391FD6FE-EAC7-48E1-8B8E-DE3930E48CD7} = {F18D2D58-282C-4D93-8D9A-3A76CF98F018}
		{844D2B20-B80F-4432-85AB-D6C9033B95A2} = {F18D2D58-282C-4D93-8D9A-3A76CF98F018}
		{F55165BD-94C0-47AE-AABA-A26DBA0D37D5} = {844D2B20-B80F-4432-85AB-D6C9033B95A2}
		{E69ECFD1-7127-4E91-BE28-E866FE1B79A1} = {2E256929-E4B0-4CA8-B52D-AD5193C91F3F}
		{5EA88882-D8A9-40F3-8ACA-5A7117B77C04} = {391FD6FE-EAC7-48E1-8B8E-DE3930E48CD7}
		{F5DB9D14-FA1D-4708-BD1F-7872E410C998} = {2E256929-E4B0-4CA8-B52D-AD5193C91F3F}
		{557CD3BB-F642-40BE-87EC-CAC2D1FB2F51} = {391FD6FE-EAC7-48E1-8B8E-DE3930E48CD7}
		{45C6D0F4-051E-4FB2-ABE6-06BD0AA41ECD} = {2E256929-E4B0-4CA8-B52D-AD5193C91F3F}
		{829B846F-09DB-46A5-B18C-482DD7BB93BA} = {391FD6FE-EAC7-48E1-8B8E-DE3930E48CD7}
		{DB20A85A-A931-452E-9BC5-F054037CFF91} = {2E256929-E4B0-4CA8-B52D-AD5193C91F3F}
		{2CC40948-0E9B-49EB-9203-0459CBE317C0} = {2E256929-E4B0-4CA8-B52D-AD5193C91F3F}
		{FA9ED734-CFFB-4A55-AFCD-F7D5FE5F28DE} = {2E256929-E4B0-4CA8-B52D-AD5193C91F3F}
		{FEB62F8F-1FBE-4C09-A94C-0E50DF039326} = {2E256929-E4B0-4CA8-B52D-AD5193C91F3F}
		{236D7A8A-B923-48E3-8056-989F57DDF260} = {013DA0B6-4C2C-4931-8077-8620C60135A5}
		{611811B4-112F-4242-B082-222DA2414B5F} = {013DA0B6-4C2C-4931-8077-8620C60135A5}
		{C31B181C-C2B6-4A3A-B78C-89E20CB7BEA7} = {013DA0B6-4C2C-4931-8077-8620C60135A5}
		{2AA3F1EB-A549-4A5D-8B08-C24E5953454E} = {013DA0B6-4C2C-4931-8077-8620C60135A5}
		{9A060F99-3541-430A-961A-E5D552C4528C} = {844D2B20-B80F-4432-85AB-D6C9033B95A2}
		{BEB9E31C-B72A-42E4-AD2E-FDCDE392B0C5} = {013DA0B6-4C2C-4931-8077-8620C60135A5}
		{838E005F-C9D0-453F-8FF5-A4ECB788F06C} = {013DA0B6-4C2C-4931-8077-8620C60135A5}
		{A55C4C33-DB32-483C-B335-2051DBEF55CB} = {2E256929-E4B0-4CA8-B52D-AD5193C91F3F}
		{04AC48DA-3B48-44CE-B60B-B7BCE189CFCE} = {391FD6FE-EAC7-48E1-8B8E-DE3930E48CD7}
		{78D486FA-84C0-4F56-B735-68C622AF7F41} = {013DA0B6-4C2C-4931-8077-8620C60135A5}
		{66E69B41-AD28-4AA8-AB67-7CD6FD2B488F} = {844D2B20-B80F-4432-85AB-D6C9033B95A2}
		{33E0147C-F034-42A8-BD17-C2DA18D461F6} = {2E256929-E4B0-4CA8-B52D-AD5193C91F3F}
		{A25FA04A-A87E-4469-BC94-9B50055B0CEE} = {013DA0B6-4C2C-4931-8077-8620C60135A5}
		{DEC456EB-17AD-438E-A3FF-56487721B936} = {013DA0B6-4C2C-4931-8077-8620C60135A5}
		{74276E37-F979-4C41-8F4F-F140EBAE0641} = {013DA0B6-4C2C-4931-8077-8620C60135A5}
		{8EE02B28-D349-427A-B60D-7E001750432C} = {844D2B20-B80F-4432-85AB-D6C9033B95A2}
		{1B192D44-5F26-496E-ACAA-F03D74419067} = {013DA0B6-4C2C-4931-8077-8620C60135A5}
		{3EC9DF08-95A6-4D18-A58B-B9155FEB8A71} = {013DA0B6-4C2C-4931-8077-8620C60135A5}
		{E3CBEB85-342B-4E14-8F40-B6D53ABA091A} = {844D2B20-B80F-4432-85AB-D6C9033B95A2}
		{4E497616-A21A-417C-ACE4-1A20C603B674} = {2E256929-E4B0-4CA8-B52D-AD5193C91F3F}
		{763C0AEC-DA4D-4EEA-9713-3E98E8B3BDE2} = {391FD6FE-EAC7-48E1-8B8E-DE3930E48CD7}
		{649B5D31-D7FD-4090-9338-F9D3BB7C3F96} = {2E256929-E4B0-4CA8-B52D-AD5193C91F3F}
		{CD8D364C-819F-4062-912A-4B6DE3D5FCF1} = {2E256929-E4B0-4CA8-B52D-AD5193C91F3F}
		{62E7BFE3-8FC9-4544-B471-73D1941B6B4B} = {391FD6FE-EAC7-48E1-8B8E-DE3930E48CD7}
		{ABE13C7F-0FE0-42C6-84C3-814074950720} = {2E256929-E4B0-4CA8-B52D-AD5193C91F3F}
		{8C32A005-17A9-47C7-9450-DB8A00B10BF7} = {2E256929-E4B0-4CA8-B52D-AD5193C91F3F}
		{54687E64-5E17-4270-A479-F65F9480060A} = {013DA0B6-4C2C-4931-8077-8620C60135A5}
		{DB2D1DE9-CD64-44F0-934E-7C591F90DCB0} = {844D2B20-B80F-4432-85AB-D6C9033B95A2}
		{24981CA9-4F6F-4617-8519-23C173776FD1} = {013DA0B6-4C2C-4931-8077-8620C60135A5}
		{5FF5F2A2-1EEE-420F-B0FF-A6AE003D136D} = {42385E99-5529-4426-9F56-C0ADC8020360}
		{98052A55-D5AF-4B0C-846B-3200D5227733} = {FE71E3E8-B1DE-473A-83C3-56D20EB6E1AC}
		{5C2D01E1-C2F7-4D66-BE62-964426BE7C7C} = {2E256929-E4B0-4CA8-B52D-AD5193C91F3F}
		{C0E897A0-E9A3-4143-B240-94100E007560} = {2E256929-E4B0-4CA8-B52D-AD5193C91F3F}
		{A877EE39-7664-4EC9-99AF-6D8C0C165C22} = {391FD6FE-EAC7-48E1-8B8E-DE3930E48CD7}
		{CED89249-74E8-43C4-94A1-A3E22D95725D} = {2E256929-E4B0-4CA8-B52D-AD5193C91F3F}
		{5115A476-7AA1-4139-B0F8-5E65C1A83750} = {2E256929-E4B0-4CA8-B52D-AD5193C91F3F}
		{045FEC49-949C-4CA0-B4B8-AEC286C67476} = {96663251-89ED-4C64-9BFC-CE4178F31108}
		{5FCD4C42-C4E0-4857-A525-F240433445F4} = {96663251-89ED-4C64-9BFC-CE4178F31108}
		{59E4AA1F-72B4-4128-9F18-D67BC391331E} = {616A5E93-3F50-4EAA-9B1F-F9BE211AE445}
		{AC3DB0CE-E604-47BD-8CA9-AAF8491AFFF9} = {616A5E93-3F50-4EAA-9B1F-F9BE211AE445}
		{ADA3C394-5198-4213-8B11-0AF89A6CF1AE} = {391FD6FE-EAC7-48E1-8B8E-DE3930E48CD7}
		{515207BB-793A-4390-BA1F-E3A68C7868EF} = {FE71E3E8-B1DE-473A-83C3-56D20EB6E1AC}
		{0E3B1621-7644-4CA6-8149-B1D5712FDFFA} = {B49594D3-167E-4E14-A011-2E8F6256FA66}
		{96663251-89ED-4C64-9BFC-CE4178F31108} = {4250F804-A85C-4FF7-84D9-1CECE38BD43D}
		{616A5E93-3F50-4EAA-9B1F-F9BE211AE445} = {4250F804-A85C-4FF7-84D9-1CECE38BD43D}
		{B49594D3-167E-4E14-A011-2E8F6256FA66} = {4250F804-A85C-4FF7-84D9-1CECE38BD43D}
		{FE71E3E8-B1DE-473A-83C3-56D20EB6E1AC} = {4250F804-A85C-4FF7-84D9-1CECE38BD43D}
		{E4277AC4-1F6B-499F-A2CF-FA689A281344} = {3BF3EFE7-E11F-42BB-914D-D29A9703AB49}
		{28B145B3-347B-4FBB-9DF5-AA4A81F2BFBB} = {FE71E3E8-B1DE-473A-83C3-56D20EB6E1AC}
		{626AD6A1-BD3B-463C-9FC8-F56612572343} = {2E256929-E4B0-4CA8-B52D-AD5193C91F3F}
		{083B4402-0F8D-4253-A97A-1FB9E2E1AA21} = {4250F804-A85C-4FF7-84D9-1CECE38BD43D}
		{42385E99-5529-4426-9F56-C0ADC8020360} = {3BF3EFE7-E11F-42BB-914D-D29A9703AB49}
		{8DB769A7-C6A6-49E0-9ACF-75E62D3FE8DA} = {3BF3EFE7-E11F-42BB-914D-D29A9703AB49}
		{4250F804-A85C-4FF7-84D9-1CECE38BD43D} = {E4277AC4-1F6B-499F-A2CF-FA689A281344}
		{6EDAF37A-9EA8-4407-AADA-365CE7EF5A57} = {E4277AC4-1F6B-499F-A2CF-FA689A281344}
		{B74A1B97-CCE3-4E16-99A4-FBA548CE3860} = {6EDAF37A-9EA8-4407-AADA-365CE7EF5A57}
		{C8F2A879-7A2E-46B0-881F-7874F495F25F} = {6EDAF37A-9EA8-4407-AADA-365CE7EF5A57}
		{BE94E4BD-7286-4B67-8331-CC6D98B2B725} = {6EDAF37A-9EA8-4407-AADA-365CE7EF5A57}
		{452640B7-952B-428F-8CAF-E48AB4E1F64E} = {6EDAF37A-9EA8-4407-AADA-365CE7EF5A57}
		{E3510D32-971D-4C46-963E-0A904746A1E2} = {42385E99-5529-4426-9F56-C0ADC8020360}
	EndGlobalSection
	GlobalSection(ExtensibilityGlobals) = postSolution
		SolutionGuid = {D97BF2AF-6E68-4E88-BF70-773A86E26013}
	EndGlobalSection
EndGlobal
