
Microsoft Visual Studio Solution File, Format Version 12.00
# Visual Studio Version 17
VisualStudioVersion = 17.0.31919.166
MinimumVisualStudioVersion = 10.0.40219.1
Project("{2150E333-8FDC-42A3-9474-1A3956D46DE8}") = ".items", ".items", "{75AC41E9-2B8B-4D76-A7DF-A18F4FB9D6D6}"
	ProjectSection(SolutionItems) = preProject
		.editorconfig = .editorconfig
		.gitignore = .gitignore
		azure-pipelines.yml = azure-pipelines.yml
		GitVersion.yml = GitVersion.yml
		icon.png = icon.png
		LICENSE = LICENSE
		README.md = README.md
	EndProjectSection
EndProject
Project("{2150E333-8FDC-42A3-9474-1A3956D46DE8}") = "src", "src", "{DF28D730-99B3-4811-AAC7-725A73B3F668}"
	ProjectSection(SolutionItems) = preProject
		src\Directory.Build.props = src\Directory.Build.props
	EndProjectSection
EndProject
Project("{2150E333-8FDC-42A3-9474-1A3956D46DE8}") = "tests", "tests", "{F18D2D58-282C-4D93-8D9A-3A76CF98F018}"
	ProjectSection(SolutionItems) = preProject
		tests\Directory.Build.props = tests\Directory.Build.props
	EndProjectSection
EndProject
Project("{9A19103F-16F7-4668-BE54-9A1E7A4F7556}") = "Fluxera.Extensions.Hosting.Modules.Localization", "src\Fluxera.Extensions.Hosting.Modules.Localization\Fluxera.Extensions.Hosting.Modules.Localization.csproj", "{2D42916B-3D21-4DA1-8938-9F18A71FC268}"
EndProject
Project("{9A19103F-16F7-4668-BE54-9A1E7A4F7556}") = "Fluxera.Extensions.Hosting.Modules.Localization.UnitTests", "tests\Fluxera.Extensions.Hosting.Modules.Localization.UnitTests\Fluxera.Extensions.Hosting.Modules.Localization.UnitTests.csproj", "{6B6EFA40-8E5C-424D-BBA4-626DD258CE87}"
EndProject
Project("{9A19103F-16F7-4668-BE54-9A1E7A4F7556}") = "Fluxera.Extensions.Hosting.Modules.Configuration", "src\Fluxera.Extensions.Hosting.Modules.Configuration\Fluxera.Extensions.Hosting.Modules.Configuration.csproj", "{B18F1986-4D22-433A-9F4A-6E3B31D24721}"
EndProject
Project("{9A19103F-16F7-4668-BE54-9A1E7A4F7556}") = "Fluxera.Extensions.Hosting.Modules.Configuration.UnitTests", "tests\Fluxera.Extensions.Hosting.Modules.Configuration.UnitTests\Fluxera.Extensions.Hosting.Modules.Configuration.UnitTests.csproj", "{330503E2-7EDF-44EB-8111-A582C0D3C6E8}"
EndProject
Project("{9A19103F-16F7-4668-BE54-9A1E7A4F7556}") = "Fluxera.Extensions.Hosting.Modules.DataManagement", "src\Fluxera.Extensions.Hosting.Modules.DataManagement\Fluxera.Extensions.Hosting.Modules.DataManagement.csproj", "{DCCC029D-C86E-49F7-A29D-FF2CD6E26BEB}"
EndProject
Project("{9A19103F-16F7-4668-BE54-9A1E7A4F7556}") = "Fluxera.Extensions.Hosting.Modules.DataManagement.UnitTests", "tests\Fluxera.Extensions.Hosting.Modules.DataManagement.UnitTests\Fluxera.Extensions.Hosting.Modules.DataManagement.UnitTests.csproj", "{F13AD6EE-AC61-4E70-9FA2-9FE327F90149}"
EndProject
Project("{9A19103F-16F7-4668-BE54-9A1E7A4F7556}") = "Fluxera.Extensions.Hosting.Modules.UnitTesting", "src\Fluxera.Extensions.Hosting.Modules.UnitTesting\Fluxera.Extensions.Hosting.Modules.UnitTesting.csproj", "{4E809521-5B05-442D-8A34-6A73FE8F82D4}"
EndProject
Project("{9A19103F-16F7-4668-BE54-9A1E7A4F7556}") = "Fluxera.Extensions.Hosting.Modules.Caching", "src\Fluxera.Extensions.Hosting.Modules.Caching\Fluxera.Extensions.Hosting.Modules.Caching.csproj", "{1B66591E-78E1-463B-941E-FD385B8C07E4}"
EndProject
Project("{9A19103F-16F7-4668-BE54-9A1E7A4F7556}") = "Fluxera.Extensions.Hosting.Modules.Caching.UnitTests", "tests\Fluxera.Extensions.Hosting.Modules.Caching.UnitTests\Fluxera.Extensions.Hosting.Modules.Caching.UnitTests.csproj", "{0E6500BB-DD6C-4D1F-9C8F-3E4629B35C0A}"
EndProject
Project("{9A19103F-16F7-4668-BE54-9A1E7A4F7556}") = "Fluxera.Extensions.Hosting.Modules.Caching.Redis", "src\Fluxera.Extensions.Hosting.Modules.Caching.Redis\Fluxera.Extensions.Hosting.Modules.Caching.Redis.csproj", "{337DB1E4-BE5D-4E4F-BBAB-ED7490BEEA17}"
EndProject
Project("{9A19103F-16F7-4668-BE54-9A1E7A4F7556}") = "Fluxera.Extensions.Hosting.Modules.Caching.Redis.UnitTests", "tests\Fluxera.Extensions.Hosting.Modules.Caching.Redis.UnitTests\Fluxera.Extensions.Hosting.Modules.Caching.Redis.UnitTests.csproj", "{F1B2261C-1639-4057-8D62-D6245D30B66E}"
EndProject
Project("{2150E333-8FDC-42A3-9474-1A3956D46DE8}") = "samples", "samples", "{3BF3EFE7-E11F-42BB-914D-D29A9703AB49}"
EndProject
Project("{9A19103F-16F7-4668-BE54-9A1E7A4F7556}") = "Fluxera.Extensions.Hosting.Modules.AutoMapper", "src\Fluxera.Extensions.Hosting.Modules.AutoMapper\Fluxera.Extensions.Hosting.Modules.AutoMapper.csproj", "{20CAFFEB-BA43-4A98-80D6-48718C1FBABF}"
EndProject
Project("{9A19103F-16F7-4668-BE54-9A1E7A4F7556}") = "Fluxera.Extensions.Hosting.Modules.AutoMapper.UnitTests", "tests\Fluxera.Extensions.Hosting.Modules.AutoMapper.UnitTests\Fluxera.Extensions.Hosting.Modules.AutoMapper.UnitTests.csproj", "{F973B9DA-315F-4D1E-B75C-3C941CEBC275}"
EndProject
Project("{9A19103F-16F7-4668-BE54-9A1E7A4F7556}") = "Fluxera.Extensions.Hosting.Modules.Principal", "src\Fluxera.Extensions.Hosting.Modules.Principal\Fluxera.Extensions.Hosting.Modules.Principal.csproj", "{43C6BBAC-F9D2-481A-87D7-BE9B395A8CAF}"
EndProject
Project("{9A19103F-16F7-4668-BE54-9A1E7A4F7556}") = "Fluxera.Extensions.Hosting.Modules.Principal.UnitTests", "tests\Fluxera.Extensions.Hosting.Modules.Principal.UnitTests\Fluxera.Extensions.Hosting.Modules.Principal.UnitTests.csproj", "{38559D09-66CF-4B25-9EEE-D5C2B160ABC5}"
EndProject
Project("{2150E333-8FDC-42A3-9474-1A3956D46DE8}") = "AspNetCore", "AspNetCore", "{013DA0B6-4C2C-4931-8077-8620C60135A5}"
EndProject
Project("{9A19103F-16F7-4668-BE54-9A1E7A4F7556}") = "Fluxera.Extensions.Hosting.Modules.AspNetCore", "src\Fluxera.Extensions.Hosting.Modules.AspNetCore\Fluxera.Extensions.Hosting.Modules.AspNetCore.csproj", "{C0436B2E-3354-4D76-9B65-8B0947F49F10}"
EndProject
Project("{2150E333-8FDC-42A3-9474-1A3956D46DE8}") = "General", "General", "{391FD6FE-EAC7-48E1-8B8E-DE3930E48CD7}"
EndProject
Project("{2150E333-8FDC-42A3-9474-1A3956D46DE8}") = "AspNetCore", "AspNetCore", "{844D2B20-B80F-4432-85AB-D6C9033B95A2}"
EndProject
Project("{9A19103F-16F7-4668-BE54-9A1E7A4F7556}") = "Fluxera.Extensions.Hosting.Modules.AspNetCore.UnitTests", "tests\Fluxera.Extensions.Hosting.Modules.AspNetCore.UnitTests\Fluxera.Extensions.Hosting.Modules.AspNetCore.UnitTests.csproj", "{F55165BD-94C0-47AE-AABA-A26DBA0D37D5}"
EndProject
Project("{9A19103F-16F7-4668-BE54-9A1E7A4F7556}") = "Fluxera.Extensions.Hosting.Modules.HttpClient", "src\Fluxera.Extensions.Hosting.Modules.HttpClient\Fluxera.Extensions.Hosting.Modules.HttpClient.csproj", "{E69ECFD1-7127-4E91-BE28-E866FE1B79A1}"
EndProject
Project("{9A19103F-16F7-4668-BE54-9A1E7A4F7556}") = "Fluxera.Extensions.Hosting.Modules.HttpClient.UnitTests", "tests\Fluxera.Extensions.Hosting.Modules.HttpClient.UnitTests\Fluxera.Extensions.Hosting.Modules.HttpClient.UnitTests.csproj", "{5EA88882-D8A9-40F3-8ACA-5A7117B77C04}"
EndProject
Project("{9A19103F-16F7-4668-BE54-9A1E7A4F7556}") = "Fluxera.Extensions.Hosting.Modules.Persistence", "src\Fluxera.Extensions.Hosting.Modules.Persistence\Fluxera.Extensions.Hosting.Modules.Persistence.csproj", "{45C6D0F4-051E-4FB2-ABE6-06BD0AA41ECD}"
EndProject
Project("{9A19103F-16F7-4668-BE54-9A1E7A4F7556}") = "Fluxera.Extensions.Hosting.Modules.Persistence.UnitTests", "tests\Fluxera.Extensions.Hosting.Modules.Persistence.UnitTests\Fluxera.Extensions.Hosting.Modules.Persistence.UnitTests.csproj", "{829B846F-09DB-46A5-B18C-482DD7BB93BA}"
EndProject
Project("{9A19103F-16F7-4668-BE54-9A1E7A4F7556}") = "Fluxera.Extensions.Hosting.Modules.Persistence.InMemory", "src\Fluxera.Extensions.Hosting.Modules.Persistence.InMemory\Fluxera.Extensions.Hosting.Modules.Persistence.InMemory.csproj", "{DB20A85A-A931-452E-9BC5-F054037CFF91}"
EndProject
Project("{9A19103F-16F7-4668-BE54-9A1E7A4F7556}") = "Fluxera.Extensions.Hosting.Modules.Persistence.MongoDB", "src\Fluxera.Extensions.Hosting.Modules.Persistence.MongoDB\Fluxera.Extensions.Hosting.Modules.Persistence.MongoDB.csproj", "{2CC40948-0E9B-49EB-9203-0459CBE317C0}"
EndProject
Project("{9A19103F-16F7-4668-BE54-9A1E7A4F7556}") = "Fluxera.Extensions.Hosting.Modules.Persistence.LiteDB", "src\Fluxera.Extensions.Hosting.Modules.Persistence.LiteDB\Fluxera.Extensions.Hosting.Modules.Persistence.LiteDB.csproj", "{FA9ED734-CFFB-4A55-AFCD-F7D5FE5F28DE}"
EndProject
Project("{9A19103F-16F7-4668-BE54-9A1E7A4F7556}") = "Fluxera.Extensions.Hosting.Modules.Persistence.EntityFrameworkCore", "src\Fluxera.Extensions.Hosting.Modules.Persistence.EntityFrameworkCore\Fluxera.Extensions.Hosting.Modules.Persistence.EntityFrameworkCore.csproj", "{FEB62F8F-1FBE-4C09-A94C-0E50DF039326}"
EndProject
Project("{9A19103F-16F7-4668-BE54-9A1E7A4F7556}") = "Fluxera.Extensions.Hosting.Modules.AspNetCore.Authentication", "src\Fluxera.Extensions.Hosting.Modules.AspNetCore.Authentication\Fluxera.Extensions.Hosting.Modules.AspNetCore.Authentication.csproj", "{236D7A8A-B923-48E3-8056-989F57DDF260}"
EndProject
Project("{9A19103F-16F7-4668-BE54-9A1E7A4F7556}") = "Fluxera.Extensions.Hosting.Modules.AspNetCore.Authorization", "src\Fluxera.Extensions.Hosting.Modules.AspNetCore.Authorization\Fluxera.Extensions.Hosting.Modules.AspNetCore.Authorization.csproj", "{611811B4-112F-4242-B082-222DA2414B5F}"
EndProject
Project("{9A19103F-16F7-4668-BE54-9A1E7A4F7556}") = "Fluxera.Extensions.Hosting.Modules.AspNetCore.Authentication.JwtBearer", "src\Fluxera.Extensions.Hosting.Modules.AspNetCore.Authentication.JwtBearer\Fluxera.Extensions.Hosting.Modules.AspNetCore.Authentication.JwtBearer.csproj", "{C31B181C-C2B6-4A3A-B78C-89E20CB7BEA7}"
EndProject
Project("{9A19103F-16F7-4668-BE54-9A1E7A4F7556}") = "Fluxera.Extensions.Hosting.Modules.AspNetCore.Authentication.Basic", "src\Fluxera.Extensions.Hosting.Modules.AspNetCore.Authentication.Basic\Fluxera.Extensions.Hosting.Modules.AspNetCore.Authentication.Basic.csproj", "{2AA3F1EB-A549-4A5D-8B08-C24E5953454E}"
EndProject
Project("{9A19103F-16F7-4668-BE54-9A1E7A4F7556}") = "Fluxera.Extensions.Hosting.Modules.AspNetCore.Authentication.UnitTests", "tests\Fluxera.Extensions.Hosting.Modules.AspNetCore.Authentication.UnitTests\Fluxera.Extensions.Hosting.Modules.AspNetCore.Authentication.UnitTests.csproj", "{9A060F99-3541-430A-961A-E5D552C4528C}"
EndProject
Project("{9A19103F-16F7-4668-BE54-9A1E7A4F7556}") = "Fluxera.Extensions.Hosting.Modules.AspNetCore.Authentication.ApiKey", "src\Fluxera.Extensions.Hosting.Modules.AspNetCore.Authentication.ApiKey\Fluxera.Extensions.Hosting.Modules.AspNetCore.Authentication.ApiKey.csproj", "{BEB9E31C-B72A-42E4-AD2E-FDCDE392B0C5}"
EndProject
Project("{9A19103F-16F7-4668-BE54-9A1E7A4F7556}") = "Fluxera.Extensions.Hosting.Modules.AspNetCore.Authentication.Cookies", "src\Fluxera.Extensions.Hosting.Modules.AspNetCore.Authentication.Cookies\Fluxera.Extensions.Hosting.Modules.AspNetCore.Authentication.Cookies.csproj", "{838E005F-C9D0-453F-8FF5-A4ECB788F06C}"
EndProject
Project("{9A19103F-16F7-4668-BE54-9A1E7A4F7556}") = "Fluxera.Extensions.Hosting.Modules.OpenTelemetry", "src\Fluxera.Extensions.Hosting.Modules.OpenTelemetry\Fluxera.Extensions.Hosting.Modules.OpenTelemetry.csproj", "{A55C4C33-DB32-483C-B335-2051DBEF55CB}"
EndProject
Project("{9A19103F-16F7-4668-BE54-9A1E7A4F7556}") = "Fluxera.Extensions.Hosting.Modules.OpenTelemetry.UnitTests", "tests\Fluxera.Extensions.Hosting.Modules.OpenTelemetry.UnitTests\Fluxera.Extensions.Hosting.Modules.OpenTelemetry.UnitTests.csproj", "{04AC48DA-3B48-44CE-B60B-B7BCE189CFCE}"
EndProject
Project("{9A19103F-16F7-4668-BE54-9A1E7A4F7556}") = "Fluxera.Extensions.Hosting.Modules.AspNetCore.Principal", "src\Fluxera.Extensions.Hosting.Modules.AspNetCore.Principal\Fluxera.Extensions.Hosting.Modules.AspNetCore.Principal.csproj", "{78D486FA-84C0-4F56-B735-68C622AF7F41}"
EndProject
Project("{9A19103F-16F7-4668-BE54-9A1E7A4F7556}") = "Fluxera.Extensions.Hosting.Modules.AspNetCore.Principal.UnitTests", "tests\Fluxera.Extensions.Hosting.Modules.AspNetCore.Principal.UnitTests\Fluxera.Extensions.Hosting.Modules.AspNetCore.Principal.UnitTests.csproj", "{66E69B41-AD28-4AA8-AB67-7CD6FD2B488F}"
EndProject
Project("{9A19103F-16F7-4668-BE54-9A1E7A4F7556}") = "Fluxera.Extensions.Hosting.Modules.Serilog", "src\Fluxera.Extensions.Hosting.Modules.Serilog\Fluxera.Extensions.Hosting.Modules.Serilog.csproj", "{33E0147C-F034-42A8-BD17-C2DA18D461F6}"
EndProject
Project("{9A19103F-16F7-4668-BE54-9A1E7A4F7556}") = "Fluxera.Extensions.Hosting.Modules.AspNetCore.HealthChecks", "src\Fluxera.Extensions.Hosting.Modules.AspNetCore.HealthChecks\Fluxera.Extensions.Hosting.Modules.AspNetCore.HealthChecks.csproj", "{A25FA04A-A87E-4469-BC94-9B50055B0CEE}"
EndProject
Project("{9A19103F-16F7-4668-BE54-9A1E7A4F7556}") = "Fluxera.Extensions.Hosting.Modules.AspNetCore.Warmup", "src\Fluxera.Extensions.Hosting.Modules.AspNetCore.Warmup\Fluxera.Extensions.Hosting.Modules.AspNetCore.Warmup.csproj", "{DEC456EB-17AD-438E-A3FF-56487721B936}"
EndProject
Project("{9A19103F-16F7-4668-BE54-9A1E7A4F7556}") = "Fluxera.Extensions.Hosting.Modules.AspNetCore.Cors", "src\Fluxera.Extensions.Hosting.Modules.AspNetCore.Cors\Fluxera.Extensions.Hosting.Modules.AspNetCore.Cors.csproj", "{74276E37-F979-4C41-8F4F-F140EBAE0641}"
EndProject
Project("{9A19103F-16F7-4668-BE54-9A1E7A4F7556}") = "Fluxera.Extensions.Hosting.Modules.AspNetCore.Cors.UnitTests", "tests\Fluxera.Extensions.Hosting.Modules.AspNetCore.Cors.UnitTests\Fluxera.Extensions.Hosting.Modules.AspNetCore.Cors.UnitTests.csproj", "{8EE02B28-D349-427A-B60D-7E001750432C}"
EndProject
Project("{9A19103F-16F7-4668-BE54-9A1E7A4F7556}") = "Fluxera.Extensions.Hosting.Modules.AspNetCore.HttpApi", "src\Fluxera.Extensions.Hosting.Modules.AspNetCore.HttpApi\Fluxera.Extensions.Hosting.Modules.AspNetCore.HttpApi.csproj", "{1B192D44-5F26-496E-ACAA-F03D74419067}"
EndProject
Project("{9A19103F-16F7-4668-BE54-9A1E7A4F7556}") = "Fluxera.Extensions.Hosting.Modules.AspNetCore.HttpApi.UnitTests", "tests\Fluxera.Extensions.Hosting.Modules.AspNetCore.HttpApi.UnitTests\Fluxera.Extensions.Hosting.Modules.AspNetCore.HttpApi.UnitTests.csproj", "{E3CBEB85-342B-4E14-8F40-B6D53ABA091A}"
EndProject
Project("{9A19103F-16F7-4668-BE54-9A1E7A4F7556}") = "Fluxera.Extensions.Hosting.Modules.MultiTenancy", "src\Fluxera.Extensions.Hosting.Modules.MultiTenancy\Fluxera.Extensions.Hosting.Modules.MultiTenancy.csproj", "{4E497616-A21A-417C-ACE4-1A20C603B674}"
EndProject
Project("{9A19103F-16F7-4668-BE54-9A1E7A4F7556}") = "Fluxera.Extensions.Hosting.Modules.MultiTenancy.UnitTests", "tests\Fluxera.Extensions.Hosting.Modules.MultiTenancy.UnitTests\Fluxera.Extensions.Hosting.Modules.MultiTenancy.UnitTests.csproj", "{763C0AEC-DA4D-4EEA-9713-3E98E8B3BDE2}"
EndProject
Project("{9A19103F-16F7-4668-BE54-9A1E7A4F7556}") = "Fluxera.Extensions.Hosting.Modules.Messaging", "src\Fluxera.Extensions.Hosting.Modules.Messaging\Fluxera.Extensions.Hosting.Modules.Messaging.csproj", "{649B5D31-D7FD-4090-9338-F9D3BB7C3F96}"
EndProject
Project("{9A19103F-16F7-4668-BE54-9A1E7A4F7556}") = "Fluxera.Extensions.Hosting.Modules.Messaging.InMemory", "src\Fluxera.Extensions.Hosting.Modules.Messaging.InMemory\Fluxera.Extensions.Hosting.Modules.Messaging.InMemory.csproj", "{CD8D364C-819F-4062-912A-4B6DE3D5FCF1}"
EndProject
Project("{9A19103F-16F7-4668-BE54-9A1E7A4F7556}") = "Fluxera.Extensions.Hosting.Modules.Messaging.UnitTests", "tests\Fluxera.Extensions.Hosting.Modules.Messaging.UnitTests\Fluxera.Extensions.Hosting.Modules.Messaging.UnitTests.csproj", "{62E7BFE3-8FC9-4544-B471-73D1941B6B4B}"
EndProject
Project("{9A19103F-16F7-4668-BE54-9A1E7A4F7556}") = "Fluxera.Extensions.Hosting.Modules.Messaging.RabbitMQ", "src\Fluxera.Extensions.Hosting.Modules.Messaging.RabbitMQ\Fluxera.Extensions.Hosting.Modules.Messaging.RabbitMQ.csproj", "{ABE13C7F-0FE0-42C6-84C3-814074950720}"
EndProject
Project("{9A19103F-16F7-4668-BE54-9A1E7A4F7556}") = "Fluxera.Extensions.Hosting.Modules.Messaging.AzureServiceBus", "src\Fluxera.Extensions.Hosting.Modules.Messaging.AzureServiceBus\Fluxera.Extensions.Hosting.Modules.Messaging.AzureServiceBus.csproj", "{8C32A005-17A9-47C7-9450-DB8A00B10BF7}"
EndProject
Project("{9A19103F-16F7-4668-BE54-9A1E7A4F7556}") = "Fluxera.Extensions.Hosting.Modules.AspNetCore.Authorization.Permissions", "src\Fluxera.Extensions.Hosting.Modules.AspNetCore.Authorization.Permissions\Fluxera.Extensions.Hosting.Modules.AspNetCore.Authorization.Permissions.csproj", "{54687E64-5E17-4270-A479-F65F9480060A}"
EndProject
Project("{9A19103F-16F7-4668-BE54-9A1E7A4F7556}") = "Fluxera.Extensions.Hosting.Modules.AspNetCore.Authorization.UnitTests", "tests\Fluxera.Extensions.Hosting.Modules.AspNetCore.Authorization.UnitTests\Fluxera.Extensions.Hosting.Modules.AspNetCore.Authorization.UnitTests.csproj", "{DB2D1DE9-CD64-44F0-934E-7C591F90DCB0}"
EndProject
Project("{9A19103F-16F7-4668-BE54-9A1E7A4F7556}") = "Fluxera.Extensions.Hosting.Modules.AspNetCore.RazorPages", "src\Fluxera.Extensions.Hosting.Modules.AspNetCore.RazorPages\Fluxera.Extensions.Hosting.Modules.AspNetCore.RazorPages.csproj", "{24981CA9-4F6F-4617-8519-23C173776FD1}"
EndProject
Project("{9A19103F-16F7-4668-BE54-9A1E7A4F7556}") = "Fluxera.Extensions.Hosting.Modules.Domain", "src\Fluxera.Extensions.Hosting.Modules.Domain\Fluxera.Extensions.Hosting.Modules.Domain.csproj", "{5C2D01E1-C2F7-4D66-BE62-964426BE7C7C}"
EndProject
Project("{9A19103F-16F7-4668-BE54-9A1E7A4F7556}") = "Fluxera.Extensions.Hosting.Modules.Domain.Shared", "src\Fluxera.Extensions.Hosting.Modules.Domain.Shared\Fluxera.Extensions.Hosting.Modules.Domain.Shared.csproj", "{C0E897A0-E9A3-4143-B240-94100E007560}"
EndProject
Project("{9A19103F-16F7-4668-BE54-9A1E7A4F7556}") = "Fluxera.Extensions.Hosting.Modules.Domain.UnitTests", "tests\Fluxera.Extensions.Hosting.Modules.Domain.UnitTests\Fluxera.Extensions.Hosting.Modules.Domain.UnitTests.csproj", "{A877EE39-7664-4EC9-99AF-6D8C0C165C22}"
EndProject
Project("{9A19103F-16F7-4668-BE54-9A1E7A4F7556}") = "Fluxera.Extensions.Hosting.Modules.Application", "src\Fluxera.Extensions.Hosting.Modules.Application\Fluxera.Extensions.Hosting.Modules.Application.csproj", "{CED89249-74E8-43C4-94A1-A3E22D95725D}"
EndProject
Project("{9A19103F-16F7-4668-BE54-9A1E7A4F7556}") = "Fluxera.Extensions.Hosting.Modules.Application.Contracts", "src\Fluxera.Extensions.Hosting.Modules.Application.Contracts\Fluxera.Extensions.Hosting.Modules.Application.Contracts.csproj", "{5115A476-7AA1-4139-B0F8-5E65C1A83750}"
EndProject
Project("{9A19103F-16F7-4668-BE54-9A1E7A4F7556}") = "Fluxera.Extensions.Hosting.Modules.Application.UnitTests", "tests\Fluxera.Extensions.Hosting.Modules.Application.UnitTests\Fluxera.Extensions.Hosting.Modules.Application.UnitTests.csproj", "{ADA3C394-5198-4213-8B11-0AF89A6CF1AE}"
EndProject
Project("{2150E333-8FDC-42A3-9474-1A3956D46DE8}") = "Components", "Components", "{E4277AC4-1F6B-499F-A2CF-FA689A281344}"
EndProject
Project("{2150E333-8FDC-42A3-9474-1A3956D46DE8}") = "Services", "Services", "{42385E99-5529-4426-9F56-C0ADC8020360}"
EndProject
Project("{2150E333-8FDC-42A3-9474-1A3956D46DE8}") = "Ordering", "Ordering", "{6EDAF37A-9EA8-4407-AADA-365CE7EF5A57}"
EndProject
Project("{2150E333-8FDC-42A3-9474-1A3956D46DE8}") = "Application", "Application", "{B74A1B97-CCE3-4E16-99A4-FBA548CE3860}"
EndProject
Project("{2150E333-8FDC-42A3-9474-1A3956D46DE8}") = "Domain", "Domain", "{C8F2A879-7A2E-46B0-881F-7874F495F25F}"
EndProject
Project("{2150E333-8FDC-42A3-9474-1A3956D46DE8}") = "Infrastructure", "Infrastructure", "{BE94E4BD-7286-4B67-8331-CC6D98B2B725}"
EndProject
Project("{2150E333-8FDC-42A3-9474-1A3956D46DE8}") = "Presentation", "Presentation", "{452640B7-952B-428F-8CAF-E48AB4E1F64E}"
EndProject
Project("{2150E333-8FDC-42A3-9474-1A3956D46DE8}") = "Catalog", "Catalog", "{D5321615-5AB6-4057-B58B-7093B4D55C4E}"
EndProject
Project("{2150E333-8FDC-42A3-9474-1A3956D46DE8}") = "Application", "Application", "{B43731E3-8269-49A0-9A0B-BE37DEFC9B4E}"
EndProject
Project("{2150E333-8FDC-42A3-9474-1A3956D46DE8}") = "Domain", "Domain", "{011FD3C6-58D5-41AA-BD29-D5802A5064D9}"
EndProject
Project("{2150E333-8FDC-42A3-9474-1A3956D46DE8}") = "Infrastructure", "Infrastructure", "{435910E7-B209-4379-9DB2-544FD722D1D1}"
EndProject
Project("{2150E333-8FDC-42A3-9474-1A3956D46DE8}") = "Presentation", "Presentation", "{55E032F3-6C98-4A9D-BBDA-060B9AF105E6}"
EndProject
Project("{9A19103F-16F7-4668-BE54-9A1E7A4F7556}") = "Catalog.Domain.Shared", "samples\Components\Catalog\Catalog.Domain.Shared\Catalog.Domain.Shared.csproj", "{6E282CDA-BEF1-450C-A222-70DAB6F59C99}"
EndProject
Project("{9A19103F-16F7-4668-BE54-9A1E7A4F7556}") = "Catalog.Domain", "samples\Components\Catalog\Catalog.Domain\Catalog.Domain.csproj", "{69C7398C-EC7C-4E49-A7BA-DA61797B180A}"
EndProject
Project("{9A19103F-16F7-4668-BE54-9A1E7A4F7556}") = "Catalog.Infrastructure", "samples\Components\Catalog\Catalog.Infrastructure\Catalog.Infrastructure.csproj", "{5A433FDD-A9F9-44D9-BAA7-14448F49543E}"
EndProject
Project("{9A19103F-16F7-4668-BE54-9A1E7A4F7556}") = "Catalog.HttpApi", "samples\Components\Catalog\Catalog.HttpApi\Catalog.HttpApi.csproj", "{2505DBE7-8A1F-4A36-936D-1784B22B0D2B}"
EndProject
Project("{9A19103F-16F7-4668-BE54-9A1E7A4F7556}") = "Catalog.HttpClient", "samples\Components\Catalog\Catalog.HttpClient\Catalog.HttpClient.csproj", "{CF80F787-5486-4F2F-BB48-736979C1343B}"
EndProject
Project("{9A19103F-16F7-4668-BE54-9A1E7A4F7556}") = "Catalog.Application.Contracts", "samples\Components\Catalog\Catalog.Application.Contracts\Catalog.Application.Contracts.csproj", "{9B9C0A1A-428C-4F96-B3C9-AF87173F62EB}"
EndProject
Project("{9A19103F-16F7-4668-BE54-9A1E7A4F7556}") = "Catalog.Application", "samples\Components\Catalog\Catalog.Application\Catalog.Application.csproj", "{0268E1E5-2743-4836-98DB-FC61DF09C719}"
EndProject
Project("{9A19103F-16F7-4668-BE54-9A1E7A4F7556}") = "Ordering.Domain.Shared", "samples\Components\Ordering\Ordering.Domain.Shared\Ordering.Domain.Shared.csproj", "{AA6924F6-25E8-4726-916F-09406ACE9BF7}"
EndProject
Project("{9A19103F-16F7-4668-BE54-9A1E7A4F7556}") = "Ordering.Domain", "samples\Components\Ordering\Ordering.Domain\Ordering.Domain.csproj", "{B250021C-2D00-4001-8A64-99D344A778E1}"
EndProject
Project("{9A19103F-16F7-4668-BE54-9A1E7A4F7556}") = "Ordering.Infrastructure", "samples\Components\Ordering\Ordering.Infrastructure\Ordering.Infrastructure.csproj", "{A0D38A69-1E23-4067-93E1-E2714F97EFC1}"
EndProject
Project("{9A19103F-16F7-4668-BE54-9A1E7A4F7556}") = "Ordering.HttpApi", "samples\Components\Ordering\Ordering.HttpApi\Ordering.HttpApi.csproj", "{1C95DB33-C35C-47EE-A3AD-FEDD789CC2A3}"
EndProject
Project("{9A19103F-16F7-4668-BE54-9A1E7A4F7556}") = "Ordering.HttpClient", "samples\Components\Ordering\Ordering.HttpClient\Ordering.HttpClient.csproj", "{01134682-53B4-4F21-A7DE-F7F407E6FCDC}"
EndProject
Project("{9A19103F-16F7-4668-BE54-9A1E7A4F7556}") = "Ordering.Application.Contracts", "samples\Components\Ordering\Ordering.Application.Contracts\Ordering.Application.Contracts.csproj", "{4ED670DE-FBF5-492E-BB97-7A94B3DD4CFB}"
EndProject
Project("{9A19103F-16F7-4668-BE54-9A1E7A4F7556}") = "Ordering.Application", "samples\Components\Ordering\Ordering.Application\Ordering.Application.csproj", "{663DA10D-F13F-49EF-B9F0-EF5753EDD7D0}"
EndProject
Project("{2150E333-8FDC-42A3-9474-1A3956D46DE8}") = "Applications", "Applications", "{6D5FF9EF-3C70-4B96-8E97-D6F268E58AE0}"
EndProject
Project("{9A19103F-16F7-4668-BE54-9A1E7A4F7556}") = "CatalogService", "samples\Applications\CatalogService\CatalogService.csproj", "{BB9E3DD4-F096-41F0-BE47-9F3CCFAE9B05}"
EndProject
Project("{9A19103F-16F7-4668-BE54-9A1E7A4F7556}") = "OrderingService", "samples\Applications\OrderingService\OrderingService.csproj", "{685DD475-D4B8-4B84-B966-D2BD3A226B03}"
EndProject
Project("{9A19103F-16F7-4668-BE54-9A1E7A4F7556}") = "ShopApplication", "samples\Applications\ShopApplication\ShopApplication.csproj", "{8D92E98C-1C0D-43E1-9BD9-95C5CF4F826B}"
EndProject
Project("{9A19103F-16F7-4668-BE54-9A1E7A4F7556}") = "ShopApplication.Infrastructure", "samples\Applications\ShopApplication.Infrastructure\ShopApplication.Infrastructure.csproj", "{6116199B-4045-4071-BD12-8D351C23B0EB}"
EndProject
Project("{9A19103F-16F7-4668-BE54-9A1E7A4F7556}") = "Fluxera.Extensions.Hosting.Modules.HealthChecks", "src\Fluxera.Extensions.Hosting.Modules.HealthChecks\Fluxera.Extensions.Hosting.Modules.HealthChecks.csproj", "{B437DE1A-4191-46BF-8E89-85A0F18BEB27}"
EndProject
Project("{9A19103F-16F7-4668-BE54-9A1E7A4F7556}") = "Fluxera.Extensions.Hosting.Modules.Messaging.Outbox", "src\Fluxera.Extensions.Hosting.Modules.Messaging.Outbox\Fluxera.Extensions.Hosting.Modules.Messaging.Outbox.csproj", "{C9B2DC80-9491-4B8A-93A4-B5DA8E559DD0}"
EndProject
Project("{9A19103F-16F7-4668-BE54-9A1E7A4F7556}") = "Fluxera.Extensions.Hosting.Modules.Messaging.Outbox.EntityFrameworkCore", "src\Fluxera.Extensions.Hosting.Modules.Messaging.Outbox.EntityFrameworkCore\Fluxera.Extensions.Hosting.Modules.Messaging.Outbox.EntityFrameworkCore.csproj", "{D1061BC9-FD0F-453D-896F-879D818C7D6C}"
EndProject
Project("{9A19103F-16F7-4668-BE54-9A1E7A4F7556}") = "Fluxera.Extensions.Hosting.Modules.Messaging.Outbox.InMemory", "src\Fluxera.Extensions.Hosting.Modules.Messaging.Outbox.InMemory\Fluxera.Extensions.Hosting.Modules.Messaging.Outbox.InMemory.csproj", "{B43D6CF3-041B-45A2-82CC-D1B97B45000B}"
EndProject
Project("{9A19103F-16F7-4668-BE54-9A1E7A4F7556}") = "Fluxera.Extensions.Hosting.Modules.Messaging.Outbox.MongoDB", "src\Fluxera.Extensions.Hosting.Modules.Messaging.Outbox.MongoDB\Fluxera.Extensions.Hosting.Modules.Messaging.Outbox.MongoDB.csproj", "{EF2C9CAE-FA7C-47D4-9D15-EA3DC860B007}"
EndProject
Project("{9A19103F-16F7-4668-BE54-9A1E7A4F7556}") = "Fluxera.Extensions.Hosting.Modules.AspNetCore.Blazor", "src\Fluxera.Extensions.Hosting.Modules.AspNetCore.Blazor\Fluxera.Extensions.Hosting.Modules.AspNetCore.Blazor.csproj", "{211F9691-85B0-4B3B-B95D-01C225A7DE7F}"
EndProject
Project("{9A19103F-16F7-4668-BE54-9A1E7A4F7556}") = "Fluxera.Extensions.Hosting.Modules.AspNetCore.Blazor.UnitTests", "tests\Fluxera.Extensions.Hosting.Modules.AspNetCore.Blazor.UnitTests\Fluxera.Extensions.Hosting.Modules.AspNetCore.Blazor.UnitTests.csproj", "{1215689A-150D-4ADC-B9CD-1F1522196F30}"
EndProject
Project("{9A19103F-16F7-4668-BE54-9A1E7A4F7556}") = "BlazorWasmGlobal", "samples\Various\BlazorWasmGlobal\BlazorWasmGlobal\BlazorWasmGlobal.csproj", "{877FE58C-EC37-4ABD-934D-102F06DA2C61}"
EndProject
Project("{9A19103F-16F7-4668-BE54-9A1E7A4F7556}") = "BlazorWasmGlobal.Client", "samples\Various\BlazorWasmGlobal\BlazorWasmGlobal.Client\BlazorWasmGlobal.Client.csproj", "{CFE04AF3-A5FD-404D-B6E8-863DCF57D74B}"
EndProject
Project("{2150E333-8FDC-42A3-9474-1A3956D46DE8}") = "Various", "Various", "{0D37C4E9-90E2-4F5D-B7C9-88DDE2E4FD91}"
EndProject
Project("{9A19103F-16F7-4668-BE54-9A1E7A4F7556}") = "BlazorWasmPerPageComponent", "samples\Various\BlazorWasmPerPageComponent\BlazorWasmPerPageComponent\BlazorWasmPerPageComponent.csproj", "{7B0AA11B-CE3A-4C83-9B84-2D30E524D382}"
EndProject
Project("{9A19103F-16F7-4668-BE54-9A1E7A4F7556}") = "BlazorWasmPerPageComponent.Client", "samples\Various\BlazorWasmPerPageComponent\BlazorWasmPerPageComponent.Client\BlazorWasmPerPageComponent.Client.csproj", "{39D0E56E-ACFB-4AD5-80C9-7DF77C8008B7}"
EndProject
Project("{2150E333-8FDC-42A3-9474-1A3956D46DE8}") = "Messaging", "Messaging", "{9DEF9BFD-9189-4613-8B3A-2854F2881524}"
EndProject
Project("{2150E333-8FDC-42A3-9474-1A3956D46DE8}") = "Persistence", "Persistence", "{43B059B8-5D04-411B-A613-5883409499FB}"
EndProject
Project("{2150E333-8FDC-42A3-9474-1A3956D46DE8}") = "Common", "Common", "{4D7FD136-FB23-4CD7-A6F2-431F01C15EA5}"
EndProject
Project("{2150E333-8FDC-42A3-9474-1A3956D46DE8}") = "Messaging", "Messaging", "{B932AAF4-CFBB-4DD8-895A-93EC090985F4}"
EndProject
Project("{2150E333-8FDC-42A3-9474-1A3956D46DE8}") = "Persistence", "Persistence", "{AD1A8E87-3388-4ABC-8514-2E6BB0DFF02F}"
EndProject
Project("{9A19103F-16F7-4668-BE54-9A1E7A4F7556}") = "Fluxera.Extensions.Hosting.Modules.Messaging.AmazonSQS", "src\Fluxera.Extensions.Hosting.Modules.Messaging.AmazonSQS\Fluxera.Extensions.Hosting.Modules.Messaging.AmazonSQS.csproj", "{FFFBCF74-09D0-48D2-96A3-F15658BCF84B}"
EndProject
Project("{9A19103F-16F7-4668-BE54-9A1E7A4F7556}") = "Fluxera.Extensions.Hosting.Modules.Messaging.Scheduler", "src\Fluxera.Extensions.Hosting.Modules.Messaging.Scheduler\Fluxera.Extensions.Hosting.Modules.Messaging.Scheduler.csproj", "{1C27F9D4-43AF-41AD-A94B-4F4A77239D1F}"
EndProject
Project("{9A19103F-16F7-4668-BE54-9A1E7A4F7556}") = "Fluxera.Extensions.Hosting.Modules.Scheduler", "src\Fluxera.Extensions.Hosting.Modules.Scheduler\Fluxera.Extensions.Hosting.Modules.Scheduler.csproj", "{D9D12F41-A802-4CDD-BE4E-87F5332DA79A}"
EndProject
Project("{2150E333-8FDC-42A3-9474-1A3956D46DE8}") = "Transport", "Transport", "{6A4434AD-2100-4E78-B52B-359764E75F42}"
EndProject
Project("{2150E333-8FDC-42A3-9474-1A3956D46DE8}") = "Outbox", "Outbox", "{A274661A-EB8B-4220-BC83-CDC948C8BCDA}"
EndProject
Project("{2150E333-8FDC-42A3-9474-1A3956D46DE8}") = "Scheduler", "Scheduler", "{CA126D75-FB9B-411B-BB38-7913BDBE1440}"
EndProject
Project("{2150E333-8FDC-42A3-9474-1A3956D46DE8}") = "Store", "Store", "{171B2D9F-EC77-403E-9BFE-B283F5BA8A5E}"
EndProject
Project("{9A19103F-16F7-4668-BE54-9A1E7A4F7556}") = "Fluxera.Extensions.Hosting.Modules.Scheduler.InMemory", "src\Fluxera.Extensions.Hosting.Modules.Scheduler.InMemory\Fluxera.Extensions.Hosting.Modules.Scheduler.InMemory.csproj", "{C4A829D1-C471-47EA-945B-1A8F8608D72F}"
EndProject
Project("{9A19103F-16F7-4668-BE54-9A1E7A4F7556}") = "Fluxera.Extensions.Hosting.Modules.Scheduler.EntityFrameworkCore", "src\Fluxera.Extensions.Hosting.Modules.Scheduler.EntityFrameworkCore\Fluxera.Extensions.Hosting.Modules.Scheduler.EntityFrameworkCore.csproj", "{02267656-419E-47EE-90BB-AB35D5D3CA97}"
EndProject
Project("{9A19103F-16F7-4668-BE54-9A1E7A4F7556}") = "Fluxera.Extensions.Hosting.Modules.Scheduler.MongoDB", "src\Fluxera.Extensions.Hosting.Modules.Scheduler.MongoDB\Fluxera.Extensions.Hosting.Modules.Scheduler.MongoDB.csproj", "{5C20A511-3E88-4AFF-8FE7-D386419DEA58}"
EndProject
Project("{9A19103F-16F7-4668-BE54-9A1E7A4F7556}") = "Fluxera.Extensions.Hosting.Modules.Scheduler.Persistent", "src\Fluxera.Extensions.Hosting.Modules.Scheduler.Persistent\Fluxera.Extensions.Hosting.Modules.Scheduler.Persistent.csproj", "{EC768D8F-B805-495D-8BD4-2EF7A87A8030}"
EndProject
Project("{9A19103F-16F7-4668-BE54-9A1E7A4F7556}") = "Catalog.Domain.Messages", "samples\Components\Catalog\Catalog.Domain.Messages\Catalog.Domain.Messages.csproj", "{71CC53CA-89DF-46BE-8398-429FCAB3825C}"
EndProject
Project("{9A19103F-16F7-4668-BE54-9A1E7A4F7556}") = "Fluxera.Extensions.Hosting.Modules.Domain.Messages", "src\Fluxera.Extensions.Hosting.Modules.Domain.Messages\Fluxera.Extensions.Hosting.Modules.Domain.Messages.csproj", "{B63B6195-7609-4F23-9AB7-48600AA6C1EA}"
EndProject
Project("{9A19103F-16F7-4668-BE54-9A1E7A4F7556}") = "Ordering.Domain.Messages", "samples\Components\Ordering\Ordering.Domain.Messages\Ordering.Domain.Messages.csproj", "{36B5A175-4EE1-4584-B89A-D9907A32FBA9}"
EndProject
Project("{9A19103F-16F7-4668-BE54-9A1E7A4F7556}") = "Fluxera.Extensions.Hosting.Modules.Infrastructure", "src\Fluxera.Extensions.Hosting.Modules.Infrastructure\Fluxera.Extensions.Hosting.Modules.Infrastructure.csproj", "{740473F6-19A6-4A90-85E7-E09A7598C4BD}"
EndProject
Project("{2150E333-8FDC-42A3-9474-1A3956D46DE8}") = "CleanArchitecture", "CleanArchitecture", "{E538DB0C-491B-4953-87CF-724A0EAF058E}"
EndProject
Global
	GlobalSection(SolutionConfigurationPlatforms) = preSolution
		Debug|Any CPU = Debug|Any CPU
		Release|Any CPU = Release|Any CPU
	EndGlobalSection
	GlobalSection(ProjectConfigurationPlatforms) = postSolution
		{2D42916B-3D21-4DA1-8938-9F18A71FC268}.Debug|Any CPU.ActiveCfg = Debug|Any CPU
		{2D42916B-3D21-4DA1-8938-9F18A71FC268}.Debug|Any CPU.Build.0 = Debug|Any CPU
		{2D42916B-3D21-4DA1-8938-9F18A71FC268}.Release|Any CPU.ActiveCfg = Release|Any CPU
		{2D42916B-3D21-4DA1-8938-9F18A71FC268}.Release|Any CPU.Build.0 = Release|Any CPU
		{6B6EFA40-8E5C-424D-BBA4-626DD258CE87}.Debug|Any CPU.ActiveCfg = Debug|Any CPU
		{6B6EFA40-8E5C-424D-BBA4-626DD258CE87}.Debug|Any CPU.Build.0 = Debug|Any CPU
		{6B6EFA40-8E5C-424D-BBA4-626DD258CE87}.Release|Any CPU.ActiveCfg = Release|Any CPU
		{6B6EFA40-8E5C-424D-BBA4-626DD258CE87}.Release|Any CPU.Build.0 = Release|Any CPU
		{B18F1986-4D22-433A-9F4A-6E3B31D24721}.Debug|Any CPU.ActiveCfg = Debug|Any CPU
		{B18F1986-4D22-433A-9F4A-6E3B31D24721}.Debug|Any CPU.Build.0 = Debug|Any CPU
		{B18F1986-4D22-433A-9F4A-6E3B31D24721}.Release|Any CPU.ActiveCfg = Release|Any CPU
		{B18F1986-4D22-433A-9F4A-6E3B31D24721}.Release|Any CPU.Build.0 = Release|Any CPU
		{330503E2-7EDF-44EB-8111-A582C0D3C6E8}.Debug|Any CPU.ActiveCfg = Debug|Any CPU
		{330503E2-7EDF-44EB-8111-A582C0D3C6E8}.Debug|Any CPU.Build.0 = Debug|Any CPU
		{330503E2-7EDF-44EB-8111-A582C0D3C6E8}.Release|Any CPU.ActiveCfg = Release|Any CPU
		{330503E2-7EDF-44EB-8111-A582C0D3C6E8}.Release|Any CPU.Build.0 = Release|Any CPU
		{DCCC029D-C86E-49F7-A29D-FF2CD6E26BEB}.Debug|Any CPU.ActiveCfg = Debug|Any CPU
		{DCCC029D-C86E-49F7-A29D-FF2CD6E26BEB}.Debug|Any CPU.Build.0 = Debug|Any CPU
		{DCCC029D-C86E-49F7-A29D-FF2CD6E26BEB}.Release|Any CPU.ActiveCfg = Release|Any CPU
		{DCCC029D-C86E-49F7-A29D-FF2CD6E26BEB}.Release|Any CPU.Build.0 = Release|Any CPU
		{F13AD6EE-AC61-4E70-9FA2-9FE327F90149}.Debug|Any CPU.ActiveCfg = Debug|Any CPU
		{F13AD6EE-AC61-4E70-9FA2-9FE327F90149}.Debug|Any CPU.Build.0 = Debug|Any CPU
		{F13AD6EE-AC61-4E70-9FA2-9FE327F90149}.Release|Any CPU.ActiveCfg = Release|Any CPU
		{F13AD6EE-AC61-4E70-9FA2-9FE327F90149}.Release|Any CPU.Build.0 = Release|Any CPU
		{4E809521-5B05-442D-8A34-6A73FE8F82D4}.Debug|Any CPU.ActiveCfg = Debug|Any CPU
		{4E809521-5B05-442D-8A34-6A73FE8F82D4}.Debug|Any CPU.Build.0 = Debug|Any CPU
		{4E809521-5B05-442D-8A34-6A73FE8F82D4}.Release|Any CPU.ActiveCfg = Release|Any CPU
		{4E809521-5B05-442D-8A34-6A73FE8F82D4}.Release|Any CPU.Build.0 = Release|Any CPU
		{1B66591E-78E1-463B-941E-FD385B8C07E4}.Debug|Any CPU.ActiveCfg = Debug|Any CPU
		{1B66591E-78E1-463B-941E-FD385B8C07E4}.Debug|Any CPU.Build.0 = Debug|Any CPU
		{1B66591E-78E1-463B-941E-FD385B8C07E4}.Release|Any CPU.ActiveCfg = Release|Any CPU
		{1B66591E-78E1-463B-941E-FD385B8C07E4}.Release|Any CPU.Build.0 = Release|Any CPU
		{0E6500BB-DD6C-4D1F-9C8F-3E4629B35C0A}.Debug|Any CPU.ActiveCfg = Debug|Any CPU
		{0E6500BB-DD6C-4D1F-9C8F-3E4629B35C0A}.Debug|Any CPU.Build.0 = Debug|Any CPU
		{0E6500BB-DD6C-4D1F-9C8F-3E4629B35C0A}.Release|Any CPU.ActiveCfg = Release|Any CPU
		{0E6500BB-DD6C-4D1F-9C8F-3E4629B35C0A}.Release|Any CPU.Build.0 = Release|Any CPU
		{337DB1E4-BE5D-4E4F-BBAB-ED7490BEEA17}.Debug|Any CPU.ActiveCfg = Debug|Any CPU
		{337DB1E4-BE5D-4E4F-BBAB-ED7490BEEA17}.Debug|Any CPU.Build.0 = Debug|Any CPU
		{337DB1E4-BE5D-4E4F-BBAB-ED7490BEEA17}.Release|Any CPU.ActiveCfg = Release|Any CPU
		{337DB1E4-BE5D-4E4F-BBAB-ED7490BEEA17}.Release|Any CPU.Build.0 = Release|Any CPU
		{F1B2261C-1639-4057-8D62-D6245D30B66E}.Debug|Any CPU.ActiveCfg = Debug|Any CPU
		{F1B2261C-1639-4057-8D62-D6245D30B66E}.Debug|Any CPU.Build.0 = Debug|Any CPU
		{F1B2261C-1639-4057-8D62-D6245D30B66E}.Release|Any CPU.ActiveCfg = Release|Any CPU
		{F1B2261C-1639-4057-8D62-D6245D30B66E}.Release|Any CPU.Build.0 = Release|Any CPU
		{20CAFFEB-BA43-4A98-80D6-48718C1FBABF}.Debug|Any CPU.ActiveCfg = Debug|Any CPU
		{20CAFFEB-BA43-4A98-80D6-48718C1FBABF}.Debug|Any CPU.Build.0 = Debug|Any CPU
		{20CAFFEB-BA43-4A98-80D6-48718C1FBABF}.Release|Any CPU.ActiveCfg = Release|Any CPU
		{20CAFFEB-BA43-4A98-80D6-48718C1FBABF}.Release|Any CPU.Build.0 = Release|Any CPU
		{F973B9DA-315F-4D1E-B75C-3C941CEBC275}.Debug|Any CPU.ActiveCfg = Debug|Any CPU
		{F973B9DA-315F-4D1E-B75C-3C941CEBC275}.Debug|Any CPU.Build.0 = Debug|Any CPU
		{F973B9DA-315F-4D1E-B75C-3C941CEBC275}.Release|Any CPU.ActiveCfg = Release|Any CPU
		{F973B9DA-315F-4D1E-B75C-3C941CEBC275}.Release|Any CPU.Build.0 = Release|Any CPU
		{43C6BBAC-F9D2-481A-87D7-BE9B395A8CAF}.Debug|Any CPU.ActiveCfg = Debug|Any CPU
		{43C6BBAC-F9D2-481A-87D7-BE9B395A8CAF}.Debug|Any CPU.Build.0 = Debug|Any CPU
		{43C6BBAC-F9D2-481A-87D7-BE9B395A8CAF}.Release|Any CPU.ActiveCfg = Release|Any CPU
		{43C6BBAC-F9D2-481A-87D7-BE9B395A8CAF}.Release|Any CPU.Build.0 = Release|Any CPU
		{38559D09-66CF-4B25-9EEE-D5C2B160ABC5}.Debug|Any CPU.ActiveCfg = Debug|Any CPU
		{38559D09-66CF-4B25-9EEE-D5C2B160ABC5}.Debug|Any CPU.Build.0 = Debug|Any CPU
		{38559D09-66CF-4B25-9EEE-D5C2B160ABC5}.Release|Any CPU.ActiveCfg = Release|Any CPU
		{38559D09-66CF-4B25-9EEE-D5C2B160ABC5}.Release|Any CPU.Build.0 = Release|Any CPU
		{C0436B2E-3354-4D76-9B65-8B0947F49F10}.Debug|Any CPU.ActiveCfg = Debug|Any CPU
		{C0436B2E-3354-4D76-9B65-8B0947F49F10}.Debug|Any CPU.Build.0 = Debug|Any CPU
		{C0436B2E-3354-4D76-9B65-8B0947F49F10}.Release|Any CPU.ActiveCfg = Release|Any CPU
		{C0436B2E-3354-4D76-9B65-8B0947F49F10}.Release|Any CPU.Build.0 = Release|Any CPU
		{F55165BD-94C0-47AE-AABA-A26DBA0D37D5}.Debug|Any CPU.ActiveCfg = Debug|Any CPU
		{F55165BD-94C0-47AE-AABA-A26DBA0D37D5}.Debug|Any CPU.Build.0 = Debug|Any CPU
		{F55165BD-94C0-47AE-AABA-A26DBA0D37D5}.Release|Any CPU.ActiveCfg = Release|Any CPU
		{F55165BD-94C0-47AE-AABA-A26DBA0D37D5}.Release|Any CPU.Build.0 = Release|Any CPU
		{E69ECFD1-7127-4E91-BE28-E866FE1B79A1}.Debug|Any CPU.ActiveCfg = Debug|Any CPU
		{E69ECFD1-7127-4E91-BE28-E866FE1B79A1}.Debug|Any CPU.Build.0 = Debug|Any CPU
		{E69ECFD1-7127-4E91-BE28-E866FE1B79A1}.Release|Any CPU.ActiveCfg = Release|Any CPU
		{E69ECFD1-7127-4E91-BE28-E866FE1B79A1}.Release|Any CPU.Build.0 = Release|Any CPU
		{5EA88882-D8A9-40F3-8ACA-5A7117B77C04}.Debug|Any CPU.ActiveCfg = Debug|Any CPU
		{5EA88882-D8A9-40F3-8ACA-5A7117B77C04}.Debug|Any CPU.Build.0 = Debug|Any CPU
		{5EA88882-D8A9-40F3-8ACA-5A7117B77C04}.Release|Any CPU.ActiveCfg = Release|Any CPU
		{5EA88882-D8A9-40F3-8ACA-5A7117B77C04}.Release|Any CPU.Build.0 = Release|Any CPU
		{45C6D0F4-051E-4FB2-ABE6-06BD0AA41ECD}.Debug|Any CPU.ActiveCfg = Debug|Any CPU
		{45C6D0F4-051E-4FB2-ABE6-06BD0AA41ECD}.Debug|Any CPU.Build.0 = Debug|Any CPU
		{45C6D0F4-051E-4FB2-ABE6-06BD0AA41ECD}.Release|Any CPU.ActiveCfg = Release|Any CPU
		{45C6D0F4-051E-4FB2-ABE6-06BD0AA41ECD}.Release|Any CPU.Build.0 = Release|Any CPU
		{829B846F-09DB-46A5-B18C-482DD7BB93BA}.Debug|Any CPU.ActiveCfg = Debug|Any CPU
		{829B846F-09DB-46A5-B18C-482DD7BB93BA}.Debug|Any CPU.Build.0 = Debug|Any CPU
		{829B846F-09DB-46A5-B18C-482DD7BB93BA}.Release|Any CPU.ActiveCfg = Release|Any CPU
		{829B846F-09DB-46A5-B18C-482DD7BB93BA}.Release|Any CPU.Build.0 = Release|Any CPU
		{DB20A85A-A931-452E-9BC5-F054037CFF91}.Debug|Any CPU.ActiveCfg = Debug|Any CPU
		{DB20A85A-A931-452E-9BC5-F054037CFF91}.Debug|Any CPU.Build.0 = Debug|Any CPU
		{DB20A85A-A931-452E-9BC5-F054037CFF91}.Release|Any CPU.ActiveCfg = Release|Any CPU
		{DB20A85A-A931-452E-9BC5-F054037CFF91}.Release|Any CPU.Build.0 = Release|Any CPU
		{2CC40948-0E9B-49EB-9203-0459CBE317C0}.Debug|Any CPU.ActiveCfg = Debug|Any CPU
		{2CC40948-0E9B-49EB-9203-0459CBE317C0}.Debug|Any CPU.Build.0 = Debug|Any CPU
		{2CC40948-0E9B-49EB-9203-0459CBE317C0}.Release|Any CPU.ActiveCfg = Release|Any CPU
		{2CC40948-0E9B-49EB-9203-0459CBE317C0}.Release|Any CPU.Build.0 = Release|Any CPU
		{FA9ED734-CFFB-4A55-AFCD-F7D5FE5F28DE}.Debug|Any CPU.ActiveCfg = Debug|Any CPU
		{FA9ED734-CFFB-4A55-AFCD-F7D5FE5F28DE}.Debug|Any CPU.Build.0 = Debug|Any CPU
		{FA9ED734-CFFB-4A55-AFCD-F7D5FE5F28DE}.Release|Any CPU.ActiveCfg = Release|Any CPU
		{FA9ED734-CFFB-4A55-AFCD-F7D5FE5F28DE}.Release|Any CPU.Build.0 = Release|Any CPU
		{FEB62F8F-1FBE-4C09-A94C-0E50DF039326}.Debug|Any CPU.ActiveCfg = Debug|Any CPU
		{FEB62F8F-1FBE-4C09-A94C-0E50DF039326}.Debug|Any CPU.Build.0 = Debug|Any CPU
		{FEB62F8F-1FBE-4C09-A94C-0E50DF039326}.Release|Any CPU.ActiveCfg = Release|Any CPU
		{FEB62F8F-1FBE-4C09-A94C-0E50DF039326}.Release|Any CPU.Build.0 = Release|Any CPU
		{236D7A8A-B923-48E3-8056-989F57DDF260}.Debug|Any CPU.ActiveCfg = Debug|Any CPU
		{236D7A8A-B923-48E3-8056-989F57DDF260}.Debug|Any CPU.Build.0 = Debug|Any CPU
		{236D7A8A-B923-48E3-8056-989F57DDF260}.Release|Any CPU.ActiveCfg = Release|Any CPU
		{236D7A8A-B923-48E3-8056-989F57DDF260}.Release|Any CPU.Build.0 = Release|Any CPU
		{611811B4-112F-4242-B082-222DA2414B5F}.Debug|Any CPU.ActiveCfg = Debug|Any CPU
		{611811B4-112F-4242-B082-222DA2414B5F}.Debug|Any CPU.Build.0 = Debug|Any CPU
		{611811B4-112F-4242-B082-222DA2414B5F}.Release|Any CPU.ActiveCfg = Release|Any CPU
		{611811B4-112F-4242-B082-222DA2414B5F}.Release|Any CPU.Build.0 = Release|Any CPU
		{C31B181C-C2B6-4A3A-B78C-89E20CB7BEA7}.Debug|Any CPU.ActiveCfg = Debug|Any CPU
		{C31B181C-C2B6-4A3A-B78C-89E20CB7BEA7}.Debug|Any CPU.Build.0 = Debug|Any CPU
		{C31B181C-C2B6-4A3A-B78C-89E20CB7BEA7}.Release|Any CPU.ActiveCfg = Release|Any CPU
		{C31B181C-C2B6-4A3A-B78C-89E20CB7BEA7}.Release|Any CPU.Build.0 = Release|Any CPU
		{2AA3F1EB-A549-4A5D-8B08-C24E5953454E}.Debug|Any CPU.ActiveCfg = Debug|Any CPU
		{2AA3F1EB-A549-4A5D-8B08-C24E5953454E}.Debug|Any CPU.Build.0 = Debug|Any CPU
		{2AA3F1EB-A549-4A5D-8B08-C24E5953454E}.Release|Any CPU.ActiveCfg = Release|Any CPU
		{2AA3F1EB-A549-4A5D-8B08-C24E5953454E}.Release|Any CPU.Build.0 = Release|Any CPU
		{9A060F99-3541-430A-961A-E5D552C4528C}.Debug|Any CPU.ActiveCfg = Debug|Any CPU
		{9A060F99-3541-430A-961A-E5D552C4528C}.Debug|Any CPU.Build.0 = Debug|Any CPU
		{9A060F99-3541-430A-961A-E5D552C4528C}.Release|Any CPU.ActiveCfg = Release|Any CPU
		{9A060F99-3541-430A-961A-E5D552C4528C}.Release|Any CPU.Build.0 = Release|Any CPU
		{BEB9E31C-B72A-42E4-AD2E-FDCDE392B0C5}.Debug|Any CPU.ActiveCfg = Debug|Any CPU
		{BEB9E31C-B72A-42E4-AD2E-FDCDE392B0C5}.Debug|Any CPU.Build.0 = Debug|Any CPU
		{BEB9E31C-B72A-42E4-AD2E-FDCDE392B0C5}.Release|Any CPU.ActiveCfg = Release|Any CPU
		{BEB9E31C-B72A-42E4-AD2E-FDCDE392B0C5}.Release|Any CPU.Build.0 = Release|Any CPU
		{838E005F-C9D0-453F-8FF5-A4ECB788F06C}.Debug|Any CPU.ActiveCfg = Debug|Any CPU
		{838E005F-C9D0-453F-8FF5-A4ECB788F06C}.Debug|Any CPU.Build.0 = Debug|Any CPU
		{838E005F-C9D0-453F-8FF5-A4ECB788F06C}.Release|Any CPU.ActiveCfg = Release|Any CPU
		{838E005F-C9D0-453F-8FF5-A4ECB788F06C}.Release|Any CPU.Build.0 = Release|Any CPU
		{A55C4C33-DB32-483C-B335-2051DBEF55CB}.Debug|Any CPU.ActiveCfg = Debug|Any CPU
		{A55C4C33-DB32-483C-B335-2051DBEF55CB}.Debug|Any CPU.Build.0 = Debug|Any CPU
		{A55C4C33-DB32-483C-B335-2051DBEF55CB}.Release|Any CPU.ActiveCfg = Release|Any CPU
		{A55C4C33-DB32-483C-B335-2051DBEF55CB}.Release|Any CPU.Build.0 = Release|Any CPU
		{04AC48DA-3B48-44CE-B60B-B7BCE189CFCE}.Debug|Any CPU.ActiveCfg = Debug|Any CPU
		{04AC48DA-3B48-44CE-B60B-B7BCE189CFCE}.Debug|Any CPU.Build.0 = Debug|Any CPU
		{04AC48DA-3B48-44CE-B60B-B7BCE189CFCE}.Release|Any CPU.ActiveCfg = Release|Any CPU
		{04AC48DA-3B48-44CE-B60B-B7BCE189CFCE}.Release|Any CPU.Build.0 = Release|Any CPU
		{78D486FA-84C0-4F56-B735-68C622AF7F41}.Debug|Any CPU.ActiveCfg = Debug|Any CPU
		{78D486FA-84C0-4F56-B735-68C622AF7F41}.Debug|Any CPU.Build.0 = Debug|Any CPU
		{78D486FA-84C0-4F56-B735-68C622AF7F41}.Release|Any CPU.ActiveCfg = Release|Any CPU
		{78D486FA-84C0-4F56-B735-68C622AF7F41}.Release|Any CPU.Build.0 = Release|Any CPU
		{66E69B41-AD28-4AA8-AB67-7CD6FD2B488F}.Debug|Any CPU.ActiveCfg = Debug|Any CPU
		{66E69B41-AD28-4AA8-AB67-7CD6FD2B488F}.Debug|Any CPU.Build.0 = Debug|Any CPU
		{66E69B41-AD28-4AA8-AB67-7CD6FD2B488F}.Release|Any CPU.ActiveCfg = Release|Any CPU
		{66E69B41-AD28-4AA8-AB67-7CD6FD2B488F}.Release|Any CPU.Build.0 = Release|Any CPU
		{33E0147C-F034-42A8-BD17-C2DA18D461F6}.Debug|Any CPU.ActiveCfg = Debug|Any CPU
		{33E0147C-F034-42A8-BD17-C2DA18D461F6}.Debug|Any CPU.Build.0 = Debug|Any CPU
		{33E0147C-F034-42A8-BD17-C2DA18D461F6}.Release|Any CPU.ActiveCfg = Release|Any CPU
		{33E0147C-F034-42A8-BD17-C2DA18D461F6}.Release|Any CPU.Build.0 = Release|Any CPU
		{A25FA04A-A87E-4469-BC94-9B50055B0CEE}.Debug|Any CPU.ActiveCfg = Debug|Any CPU
		{A25FA04A-A87E-4469-BC94-9B50055B0CEE}.Debug|Any CPU.Build.0 = Debug|Any CPU
		{A25FA04A-A87E-4469-BC94-9B50055B0CEE}.Release|Any CPU.ActiveCfg = Release|Any CPU
		{A25FA04A-A87E-4469-BC94-9B50055B0CEE}.Release|Any CPU.Build.0 = Release|Any CPU
		{DEC456EB-17AD-438E-A3FF-56487721B936}.Debug|Any CPU.ActiveCfg = Debug|Any CPU
		{DEC456EB-17AD-438E-A3FF-56487721B936}.Debug|Any CPU.Build.0 = Debug|Any CPU
		{DEC456EB-17AD-438E-A3FF-56487721B936}.Release|Any CPU.ActiveCfg = Release|Any CPU
		{DEC456EB-17AD-438E-A3FF-56487721B936}.Release|Any CPU.Build.0 = Release|Any CPU
		{74276E37-F979-4C41-8F4F-F140EBAE0641}.Debug|Any CPU.ActiveCfg = Debug|Any CPU
		{74276E37-F979-4C41-8F4F-F140EBAE0641}.Debug|Any CPU.Build.0 = Debug|Any CPU
		{74276E37-F979-4C41-8F4F-F140EBAE0641}.Release|Any CPU.ActiveCfg = Release|Any CPU
		{74276E37-F979-4C41-8F4F-F140EBAE0641}.Release|Any CPU.Build.0 = Release|Any CPU
		{8EE02B28-D349-427A-B60D-7E001750432C}.Debug|Any CPU.ActiveCfg = Debug|Any CPU
		{8EE02B28-D349-427A-B60D-7E001750432C}.Debug|Any CPU.Build.0 = Debug|Any CPU
		{8EE02B28-D349-427A-B60D-7E001750432C}.Release|Any CPU.ActiveCfg = Release|Any CPU
		{8EE02B28-D349-427A-B60D-7E001750432C}.Release|Any CPU.Build.0 = Release|Any CPU
		{1B192D44-5F26-496E-ACAA-F03D74419067}.Debug|Any CPU.ActiveCfg = Debug|Any CPU
		{1B192D44-5F26-496E-ACAA-F03D74419067}.Debug|Any CPU.Build.0 = Debug|Any CPU
		{1B192D44-5F26-496E-ACAA-F03D74419067}.Release|Any CPU.ActiveCfg = Release|Any CPU
		{1B192D44-5F26-496E-ACAA-F03D74419067}.Release|Any CPU.Build.0 = Release|Any CPU
		{E3CBEB85-342B-4E14-8F40-B6D53ABA091A}.Debug|Any CPU.ActiveCfg = Debug|Any CPU
		{E3CBEB85-342B-4E14-8F40-B6D53ABA091A}.Debug|Any CPU.Build.0 = Debug|Any CPU
		{E3CBEB85-342B-4E14-8F40-B6D53ABA091A}.Release|Any CPU.ActiveCfg = Release|Any CPU
		{E3CBEB85-342B-4E14-8F40-B6D53ABA091A}.Release|Any CPU.Build.0 = Release|Any CPU
		{4E497616-A21A-417C-ACE4-1A20C603B674}.Debug|Any CPU.ActiveCfg = Debug|Any CPU
		{4E497616-A21A-417C-ACE4-1A20C603B674}.Debug|Any CPU.Build.0 = Debug|Any CPU
		{4E497616-A21A-417C-ACE4-1A20C603B674}.Release|Any CPU.ActiveCfg = Release|Any CPU
		{4E497616-A21A-417C-ACE4-1A20C603B674}.Release|Any CPU.Build.0 = Release|Any CPU
		{763C0AEC-DA4D-4EEA-9713-3E98E8B3BDE2}.Debug|Any CPU.ActiveCfg = Debug|Any CPU
		{763C0AEC-DA4D-4EEA-9713-3E98E8B3BDE2}.Debug|Any CPU.Build.0 = Debug|Any CPU
		{763C0AEC-DA4D-4EEA-9713-3E98E8B3BDE2}.Release|Any CPU.ActiveCfg = Release|Any CPU
		{763C0AEC-DA4D-4EEA-9713-3E98E8B3BDE2}.Release|Any CPU.Build.0 = Release|Any CPU
		{649B5D31-D7FD-4090-9338-F9D3BB7C3F96}.Debug|Any CPU.ActiveCfg = Debug|Any CPU
		{649B5D31-D7FD-4090-9338-F9D3BB7C3F96}.Debug|Any CPU.Build.0 = Debug|Any CPU
		{649B5D31-D7FD-4090-9338-F9D3BB7C3F96}.Release|Any CPU.ActiveCfg = Release|Any CPU
		{649B5D31-D7FD-4090-9338-F9D3BB7C3F96}.Release|Any CPU.Build.0 = Release|Any CPU
		{CD8D364C-819F-4062-912A-4B6DE3D5FCF1}.Debug|Any CPU.ActiveCfg = Debug|Any CPU
		{CD8D364C-819F-4062-912A-4B6DE3D5FCF1}.Debug|Any CPU.Build.0 = Debug|Any CPU
		{CD8D364C-819F-4062-912A-4B6DE3D5FCF1}.Release|Any CPU.ActiveCfg = Release|Any CPU
		{CD8D364C-819F-4062-912A-4B6DE3D5FCF1}.Release|Any CPU.Build.0 = Release|Any CPU
		{62E7BFE3-8FC9-4544-B471-73D1941B6B4B}.Debug|Any CPU.ActiveCfg = Debug|Any CPU
		{62E7BFE3-8FC9-4544-B471-73D1941B6B4B}.Debug|Any CPU.Build.0 = Debug|Any CPU
		{62E7BFE3-8FC9-4544-B471-73D1941B6B4B}.Release|Any CPU.ActiveCfg = Release|Any CPU
		{62E7BFE3-8FC9-4544-B471-73D1941B6B4B}.Release|Any CPU.Build.0 = Release|Any CPU
		{ABE13C7F-0FE0-42C6-84C3-814074950720}.Debug|Any CPU.ActiveCfg = Debug|Any CPU
		{ABE13C7F-0FE0-42C6-84C3-814074950720}.Debug|Any CPU.Build.0 = Debug|Any CPU
		{ABE13C7F-0FE0-42C6-84C3-814074950720}.Release|Any CPU.ActiveCfg = Release|Any CPU
		{ABE13C7F-0FE0-42C6-84C3-814074950720}.Release|Any CPU.Build.0 = Release|Any CPU
		{8C32A005-17A9-47C7-9450-DB8A00B10BF7}.Debug|Any CPU.ActiveCfg = Debug|Any CPU
		{8C32A005-17A9-47C7-9450-DB8A00B10BF7}.Debug|Any CPU.Build.0 = Debug|Any CPU
		{8C32A005-17A9-47C7-9450-DB8A00B10BF7}.Release|Any CPU.ActiveCfg = Release|Any CPU
		{8C32A005-17A9-47C7-9450-DB8A00B10BF7}.Release|Any CPU.Build.0 = Release|Any CPU
		{54687E64-5E17-4270-A479-F65F9480060A}.Debug|Any CPU.ActiveCfg = Debug|Any CPU
		{54687E64-5E17-4270-A479-F65F9480060A}.Debug|Any CPU.Build.0 = Debug|Any CPU
		{54687E64-5E17-4270-A479-F65F9480060A}.Release|Any CPU.ActiveCfg = Release|Any CPU
		{54687E64-5E17-4270-A479-F65F9480060A}.Release|Any CPU.Build.0 = Release|Any CPU
		{DB2D1DE9-CD64-44F0-934E-7C591F90DCB0}.Debug|Any CPU.ActiveCfg = Debug|Any CPU
		{DB2D1DE9-CD64-44F0-934E-7C591F90DCB0}.Debug|Any CPU.Build.0 = Debug|Any CPU
		{DB2D1DE9-CD64-44F0-934E-7C591F90DCB0}.Release|Any CPU.ActiveCfg = Release|Any CPU
		{DB2D1DE9-CD64-44F0-934E-7C591F90DCB0}.Release|Any CPU.Build.0 = Release|Any CPU
		{24981CA9-4F6F-4617-8519-23C173776FD1}.Debug|Any CPU.ActiveCfg = Debug|Any CPU
		{24981CA9-4F6F-4617-8519-23C173776FD1}.Debug|Any CPU.Build.0 = Debug|Any CPU
		{24981CA9-4F6F-4617-8519-23C173776FD1}.Release|Any CPU.ActiveCfg = Release|Any CPU
		{24981CA9-4F6F-4617-8519-23C173776FD1}.Release|Any CPU.Build.0 = Release|Any CPU
		{5C2D01E1-C2F7-4D66-BE62-964426BE7C7C}.Debug|Any CPU.ActiveCfg = Debug|Any CPU
		{5C2D01E1-C2F7-4D66-BE62-964426BE7C7C}.Debug|Any CPU.Build.0 = Debug|Any CPU
		{5C2D01E1-C2F7-4D66-BE62-964426BE7C7C}.Release|Any CPU.ActiveCfg = Release|Any CPU
		{5C2D01E1-C2F7-4D66-BE62-964426BE7C7C}.Release|Any CPU.Build.0 = Release|Any CPU
		{C0E897A0-E9A3-4143-B240-94100E007560}.Debug|Any CPU.ActiveCfg = Debug|Any CPU
		{C0E897A0-E9A3-4143-B240-94100E007560}.Debug|Any CPU.Build.0 = Debug|Any CPU
		{C0E897A0-E9A3-4143-B240-94100E007560}.Release|Any CPU.ActiveCfg = Release|Any CPU
		{C0E897A0-E9A3-4143-B240-94100E007560}.Release|Any CPU.Build.0 = Release|Any CPU
		{A877EE39-7664-4EC9-99AF-6D8C0C165C22}.Debug|Any CPU.ActiveCfg = Debug|Any CPU
		{A877EE39-7664-4EC9-99AF-6D8C0C165C22}.Debug|Any CPU.Build.0 = Debug|Any CPU
		{A877EE39-7664-4EC9-99AF-6D8C0C165C22}.Release|Any CPU.ActiveCfg = Release|Any CPU
		{A877EE39-7664-4EC9-99AF-6D8C0C165C22}.Release|Any CPU.Build.0 = Release|Any CPU
		{CED89249-74E8-43C4-94A1-A3E22D95725D}.Debug|Any CPU.ActiveCfg = Debug|Any CPU
		{CED89249-74E8-43C4-94A1-A3E22D95725D}.Debug|Any CPU.Build.0 = Debug|Any CPU
		{CED89249-74E8-43C4-94A1-A3E22D95725D}.Release|Any CPU.ActiveCfg = Release|Any CPU
		{CED89249-74E8-43C4-94A1-A3E22D95725D}.Release|Any CPU.Build.0 = Release|Any CPU
		{5115A476-7AA1-4139-B0F8-5E65C1A83750}.Debug|Any CPU.ActiveCfg = Debug|Any CPU
		{5115A476-7AA1-4139-B0F8-5E65C1A83750}.Debug|Any CPU.Build.0 = Debug|Any CPU
		{5115A476-7AA1-4139-B0F8-5E65C1A83750}.Release|Any CPU.ActiveCfg = Release|Any CPU
		{5115A476-7AA1-4139-B0F8-5E65C1A83750}.Release|Any CPU.Build.0 = Release|Any CPU
		{ADA3C394-5198-4213-8B11-0AF89A6CF1AE}.Debug|Any CPU.ActiveCfg = Debug|Any CPU
		{ADA3C394-5198-4213-8B11-0AF89A6CF1AE}.Debug|Any CPU.Build.0 = Debug|Any CPU
		{ADA3C394-5198-4213-8B11-0AF89A6CF1AE}.Release|Any CPU.ActiveCfg = Release|Any CPU
		{ADA3C394-5198-4213-8B11-0AF89A6CF1AE}.Release|Any CPU.Build.0 = Release|Any CPU
		{6E282CDA-BEF1-450C-A222-70DAB6F59C99}.Debug|Any CPU.ActiveCfg = Debug|Any CPU
		{6E282CDA-BEF1-450C-A222-70DAB6F59C99}.Debug|Any CPU.Build.0 = Debug|Any CPU
		{6E282CDA-BEF1-450C-A222-70DAB6F59C99}.Release|Any CPU.ActiveCfg = Release|Any CPU
		{6E282CDA-BEF1-450C-A222-70DAB6F59C99}.Release|Any CPU.Build.0 = Release|Any CPU
		{69C7398C-EC7C-4E49-A7BA-DA61797B180A}.Debug|Any CPU.ActiveCfg = Debug|Any CPU
		{69C7398C-EC7C-4E49-A7BA-DA61797B180A}.Debug|Any CPU.Build.0 = Debug|Any CPU
		{69C7398C-EC7C-4E49-A7BA-DA61797B180A}.Release|Any CPU.ActiveCfg = Release|Any CPU
		{69C7398C-EC7C-4E49-A7BA-DA61797B180A}.Release|Any CPU.Build.0 = Release|Any CPU
		{5A433FDD-A9F9-44D9-BAA7-14448F49543E}.Debug|Any CPU.ActiveCfg = Debug|Any CPU
		{5A433FDD-A9F9-44D9-BAA7-14448F49543E}.Debug|Any CPU.Build.0 = Debug|Any CPU
		{5A433FDD-A9F9-44D9-BAA7-14448F49543E}.Release|Any CPU.ActiveCfg = Release|Any CPU
		{5A433FDD-A9F9-44D9-BAA7-14448F49543E}.Release|Any CPU.Build.0 = Release|Any CPU
		{2505DBE7-8A1F-4A36-936D-1784B22B0D2B}.Debug|Any CPU.ActiveCfg = Debug|Any CPU
		{2505DBE7-8A1F-4A36-936D-1784B22B0D2B}.Debug|Any CPU.Build.0 = Debug|Any CPU
		{2505DBE7-8A1F-4A36-936D-1784B22B0D2B}.Release|Any CPU.ActiveCfg = Release|Any CPU
		{2505DBE7-8A1F-4A36-936D-1784B22B0D2B}.Release|Any CPU.Build.0 = Release|Any CPU
		{CF80F787-5486-4F2F-BB48-736979C1343B}.Debug|Any CPU.ActiveCfg = Debug|Any CPU
		{CF80F787-5486-4F2F-BB48-736979C1343B}.Debug|Any CPU.Build.0 = Debug|Any CPU
		{CF80F787-5486-4F2F-BB48-736979C1343B}.Release|Any CPU.ActiveCfg = Release|Any CPU
		{CF80F787-5486-4F2F-BB48-736979C1343B}.Release|Any CPU.Build.0 = Release|Any CPU
		{9B9C0A1A-428C-4F96-B3C9-AF87173F62EB}.Debug|Any CPU.ActiveCfg = Debug|Any CPU
		{9B9C0A1A-428C-4F96-B3C9-AF87173F62EB}.Debug|Any CPU.Build.0 = Debug|Any CPU
		{9B9C0A1A-428C-4F96-B3C9-AF87173F62EB}.Release|Any CPU.ActiveCfg = Release|Any CPU
		{9B9C0A1A-428C-4F96-B3C9-AF87173F62EB}.Release|Any CPU.Build.0 = Release|Any CPU
		{0268E1E5-2743-4836-98DB-FC61DF09C719}.Debug|Any CPU.ActiveCfg = Debug|Any CPU
		{0268E1E5-2743-4836-98DB-FC61DF09C719}.Debug|Any CPU.Build.0 = Debug|Any CPU
		{0268E1E5-2743-4836-98DB-FC61DF09C719}.Release|Any CPU.ActiveCfg = Release|Any CPU
		{0268E1E5-2743-4836-98DB-FC61DF09C719}.Release|Any CPU.Build.0 = Release|Any CPU
		{AA6924F6-25E8-4726-916F-09406ACE9BF7}.Debug|Any CPU.ActiveCfg = Debug|Any CPU
		{AA6924F6-25E8-4726-916F-09406ACE9BF7}.Debug|Any CPU.Build.0 = Debug|Any CPU
		{AA6924F6-25E8-4726-916F-09406ACE9BF7}.Release|Any CPU.ActiveCfg = Release|Any CPU
		{AA6924F6-25E8-4726-916F-09406ACE9BF7}.Release|Any CPU.Build.0 = Release|Any CPU
		{B250021C-2D00-4001-8A64-99D344A778E1}.Debug|Any CPU.ActiveCfg = Debug|Any CPU
		{B250021C-2D00-4001-8A64-99D344A778E1}.Debug|Any CPU.Build.0 = Debug|Any CPU
		{B250021C-2D00-4001-8A64-99D344A778E1}.Release|Any CPU.ActiveCfg = Release|Any CPU
		{B250021C-2D00-4001-8A64-99D344A778E1}.Release|Any CPU.Build.0 = Release|Any CPU
		{A0D38A69-1E23-4067-93E1-E2714F97EFC1}.Debug|Any CPU.ActiveCfg = Debug|Any CPU
		{A0D38A69-1E23-4067-93E1-E2714F97EFC1}.Debug|Any CPU.Build.0 = Debug|Any CPU
		{A0D38A69-1E23-4067-93E1-E2714F97EFC1}.Release|Any CPU.ActiveCfg = Release|Any CPU
		{A0D38A69-1E23-4067-93E1-E2714F97EFC1}.Release|Any CPU.Build.0 = Release|Any CPU
		{1C95DB33-C35C-47EE-A3AD-FEDD789CC2A3}.Debug|Any CPU.ActiveCfg = Debug|Any CPU
		{1C95DB33-C35C-47EE-A3AD-FEDD789CC2A3}.Debug|Any CPU.Build.0 = Debug|Any CPU
		{1C95DB33-C35C-47EE-A3AD-FEDD789CC2A3}.Release|Any CPU.ActiveCfg = Release|Any CPU
		{1C95DB33-C35C-47EE-A3AD-FEDD789CC2A3}.Release|Any CPU.Build.0 = Release|Any CPU
		{01134682-53B4-4F21-A7DE-F7F407E6FCDC}.Debug|Any CPU.ActiveCfg = Debug|Any CPU
		{01134682-53B4-4F21-A7DE-F7F407E6FCDC}.Debug|Any CPU.Build.0 = Debug|Any CPU
		{01134682-53B4-4F21-A7DE-F7F407E6FCDC}.Release|Any CPU.ActiveCfg = Release|Any CPU
		{01134682-53B4-4F21-A7DE-F7F407E6FCDC}.Release|Any CPU.Build.0 = Release|Any CPU
		{4ED670DE-FBF5-492E-BB97-7A94B3DD4CFB}.Debug|Any CPU.ActiveCfg = Debug|Any CPU
		{4ED670DE-FBF5-492E-BB97-7A94B3DD4CFB}.Debug|Any CPU.Build.0 = Debug|Any CPU
		{4ED670DE-FBF5-492E-BB97-7A94B3DD4CFB}.Release|Any CPU.ActiveCfg = Release|Any CPU
		{4ED670DE-FBF5-492E-BB97-7A94B3DD4CFB}.Release|Any CPU.Build.0 = Release|Any CPU
		{663DA10D-F13F-49EF-B9F0-EF5753EDD7D0}.Debug|Any CPU.ActiveCfg = Debug|Any CPU
		{663DA10D-F13F-49EF-B9F0-EF5753EDD7D0}.Debug|Any CPU.Build.0 = Debug|Any CPU
		{663DA10D-F13F-49EF-B9F0-EF5753EDD7D0}.Release|Any CPU.ActiveCfg = Release|Any CPU
		{663DA10D-F13F-49EF-B9F0-EF5753EDD7D0}.Release|Any CPU.Build.0 = Release|Any CPU
		{BB9E3DD4-F096-41F0-BE47-9F3CCFAE9B05}.Debug|Any CPU.ActiveCfg = Debug|Any CPU
		{BB9E3DD4-F096-41F0-BE47-9F3CCFAE9B05}.Debug|Any CPU.Build.0 = Debug|Any CPU
		{BB9E3DD4-F096-41F0-BE47-9F3CCFAE9B05}.Release|Any CPU.ActiveCfg = Release|Any CPU
		{BB9E3DD4-F096-41F0-BE47-9F3CCFAE9B05}.Release|Any CPU.Build.0 = Release|Any CPU
		{685DD475-D4B8-4B84-B966-D2BD3A226B03}.Debug|Any CPU.ActiveCfg = Debug|Any CPU
		{685DD475-D4B8-4B84-B966-D2BD3A226B03}.Debug|Any CPU.Build.0 = Debug|Any CPU
		{685DD475-D4B8-4B84-B966-D2BD3A226B03}.Release|Any CPU.ActiveCfg = Release|Any CPU
		{685DD475-D4B8-4B84-B966-D2BD3A226B03}.Release|Any CPU.Build.0 = Release|Any CPU
		{8D92E98C-1C0D-43E1-9BD9-95C5CF4F826B}.Debug|Any CPU.ActiveCfg = Debug|Any CPU
		{8D92E98C-1C0D-43E1-9BD9-95C5CF4F826B}.Debug|Any CPU.Build.0 = Debug|Any CPU
		{8D92E98C-1C0D-43E1-9BD9-95C5CF4F826B}.Release|Any CPU.ActiveCfg = Release|Any CPU
		{8D92E98C-1C0D-43E1-9BD9-95C5CF4F826B}.Release|Any CPU.Build.0 = Release|Any CPU
		{6116199B-4045-4071-BD12-8D351C23B0EB}.Debug|Any CPU.ActiveCfg = Debug|Any CPU
		{6116199B-4045-4071-BD12-8D351C23B0EB}.Debug|Any CPU.Build.0 = Debug|Any CPU
		{6116199B-4045-4071-BD12-8D351C23B0EB}.Release|Any CPU.ActiveCfg = Release|Any CPU
		{6116199B-4045-4071-BD12-8D351C23B0EB}.Release|Any CPU.Build.0 = Release|Any CPU
		{B437DE1A-4191-46BF-8E89-85A0F18BEB27}.Debug|Any CPU.ActiveCfg = Debug|Any CPU
		{B437DE1A-4191-46BF-8E89-85A0F18BEB27}.Debug|Any CPU.Build.0 = Debug|Any CPU
		{B437DE1A-4191-46BF-8E89-85A0F18BEB27}.Release|Any CPU.ActiveCfg = Release|Any CPU
		{B437DE1A-4191-46BF-8E89-85A0F18BEB27}.Release|Any CPU.Build.0 = Release|Any CPU
		{C9B2DC80-9491-4B8A-93A4-B5DA8E559DD0}.Debug|Any CPU.ActiveCfg = Debug|Any CPU
		{C9B2DC80-9491-4B8A-93A4-B5DA8E559DD0}.Debug|Any CPU.Build.0 = Debug|Any CPU
		{C9B2DC80-9491-4B8A-93A4-B5DA8E559DD0}.Release|Any CPU.ActiveCfg = Release|Any CPU
		{C9B2DC80-9491-4B8A-93A4-B5DA8E559DD0}.Release|Any CPU.Build.0 = Release|Any CPU
		{D1061BC9-FD0F-453D-896F-879D818C7D6C}.Debug|Any CPU.ActiveCfg = Debug|Any CPU
		{D1061BC9-FD0F-453D-896F-879D818C7D6C}.Debug|Any CPU.Build.0 = Debug|Any CPU
		{D1061BC9-FD0F-453D-896F-879D818C7D6C}.Release|Any CPU.ActiveCfg = Release|Any CPU
		{D1061BC9-FD0F-453D-896F-879D818C7D6C}.Release|Any CPU.Build.0 = Release|Any CPU
		{B43D6CF3-041B-45A2-82CC-D1B97B45000B}.Debug|Any CPU.ActiveCfg = Debug|Any CPU
		{B43D6CF3-041B-45A2-82CC-D1B97B45000B}.Debug|Any CPU.Build.0 = Debug|Any CPU
		{B43D6CF3-041B-45A2-82CC-D1B97B45000B}.Release|Any CPU.ActiveCfg = Release|Any CPU
		{B43D6CF3-041B-45A2-82CC-D1B97B45000B}.Release|Any CPU.Build.0 = Release|Any CPU
		{EF2C9CAE-FA7C-47D4-9D15-EA3DC860B007}.Debug|Any CPU.ActiveCfg = Debug|Any CPU
		{EF2C9CAE-FA7C-47D4-9D15-EA3DC860B007}.Debug|Any CPU.Build.0 = Debug|Any CPU
		{EF2C9CAE-FA7C-47D4-9D15-EA3DC860B007}.Release|Any CPU.ActiveCfg = Release|Any CPU
		{EF2C9CAE-FA7C-47D4-9D15-EA3DC860B007}.Release|Any CPU.Build.0 = Release|Any CPU
		{211F9691-85B0-4B3B-B95D-01C225A7DE7F}.Debug|Any CPU.ActiveCfg = Debug|Any CPU
		{211F9691-85B0-4B3B-B95D-01C225A7DE7F}.Debug|Any CPU.Build.0 = Debug|Any CPU
		{211F9691-85B0-4B3B-B95D-01C225A7DE7F}.Release|Any CPU.ActiveCfg = Release|Any CPU
		{211F9691-85B0-4B3B-B95D-01C225A7DE7F}.Release|Any CPU.Build.0 = Release|Any CPU
		{1215689A-150D-4ADC-B9CD-1F1522196F30}.Debug|Any CPU.ActiveCfg = Debug|Any CPU
		{1215689A-150D-4ADC-B9CD-1F1522196F30}.Debug|Any CPU.Build.0 = Debug|Any CPU
		{1215689A-150D-4ADC-B9CD-1F1522196F30}.Release|Any CPU.ActiveCfg = Release|Any CPU
		{1215689A-150D-4ADC-B9CD-1F1522196F30}.Release|Any CPU.Build.0 = Release|Any CPU
		{877FE58C-EC37-4ABD-934D-102F06DA2C61}.Debug|Any CPU.ActiveCfg = Debug|Any CPU
		{877FE58C-EC37-4ABD-934D-102F06DA2C61}.Debug|Any CPU.Build.0 = Debug|Any CPU
		{877FE58C-EC37-4ABD-934D-102F06DA2C61}.Release|Any CPU.ActiveCfg = Release|Any CPU
		{877FE58C-EC37-4ABD-934D-102F06DA2C61}.Release|Any CPU.Build.0 = Release|Any CPU
		{CFE04AF3-A5FD-404D-B6E8-863DCF57D74B}.Debug|Any CPU.ActiveCfg = Debug|Any CPU
		{CFE04AF3-A5FD-404D-B6E8-863DCF57D74B}.Debug|Any CPU.Build.0 = Debug|Any CPU
		{CFE04AF3-A5FD-404D-B6E8-863DCF57D74B}.Release|Any CPU.ActiveCfg = Release|Any CPU
		{CFE04AF3-A5FD-404D-B6E8-863DCF57D74B}.Release|Any CPU.Build.0 = Release|Any CPU
		{7B0AA11B-CE3A-4C83-9B84-2D30E524D382}.Debug|Any CPU.ActiveCfg = Debug|Any CPU
		{7B0AA11B-CE3A-4C83-9B84-2D30E524D382}.Debug|Any CPU.Build.0 = Debug|Any CPU
		{7B0AA11B-CE3A-4C83-9B84-2D30E524D382}.Release|Any CPU.ActiveCfg = Release|Any CPU
		{7B0AA11B-CE3A-4C83-9B84-2D30E524D382}.Release|Any CPU.Build.0 = Release|Any CPU
		{39D0E56E-ACFB-4AD5-80C9-7DF77C8008B7}.Debug|Any CPU.ActiveCfg = Debug|Any CPU
		{39D0E56E-ACFB-4AD5-80C9-7DF77C8008B7}.Debug|Any CPU.Build.0 = Debug|Any CPU
		{39D0E56E-ACFB-4AD5-80C9-7DF77C8008B7}.Release|Any CPU.ActiveCfg = Release|Any CPU
		{39D0E56E-ACFB-4AD5-80C9-7DF77C8008B7}.Release|Any CPU.Build.0 = Release|Any CPU
		{FFFBCF74-09D0-48D2-96A3-F15658BCF84B}.Debug|Any CPU.ActiveCfg = Debug|Any CPU
		{FFFBCF74-09D0-48D2-96A3-F15658BCF84B}.Debug|Any CPU.Build.0 = Debug|Any CPU
		{FFFBCF74-09D0-48D2-96A3-F15658BCF84B}.Release|Any CPU.ActiveCfg = Release|Any CPU
		{FFFBCF74-09D0-48D2-96A3-F15658BCF84B}.Release|Any CPU.Build.0 = Release|Any CPU
		{1C27F9D4-43AF-41AD-A94B-4F4A77239D1F}.Debug|Any CPU.ActiveCfg = Debug|Any CPU
		{1C27F9D4-43AF-41AD-A94B-4F4A77239D1F}.Debug|Any CPU.Build.0 = Debug|Any CPU
		{1C27F9D4-43AF-41AD-A94B-4F4A77239D1F}.Release|Any CPU.ActiveCfg = Release|Any CPU
		{1C27F9D4-43AF-41AD-A94B-4F4A77239D1F}.Release|Any CPU.Build.0 = Release|Any CPU
		{D9D12F41-A802-4CDD-BE4E-87F5332DA79A}.Debug|Any CPU.ActiveCfg = Debug|Any CPU
		{D9D12F41-A802-4CDD-BE4E-87F5332DA79A}.Debug|Any CPU.Build.0 = Debug|Any CPU
		{D9D12F41-A802-4CDD-BE4E-87F5332DA79A}.Release|Any CPU.ActiveCfg = Release|Any CPU
		{D9D12F41-A802-4CDD-BE4E-87F5332DA79A}.Release|Any CPU.Build.0 = Release|Any CPU
		{C4A829D1-C471-47EA-945B-1A8F8608D72F}.Debug|Any CPU.ActiveCfg = Debug|Any CPU
		{C4A829D1-C471-47EA-945B-1A8F8608D72F}.Debug|Any CPU.Build.0 = Debug|Any CPU
		{C4A829D1-C471-47EA-945B-1A8F8608D72F}.Release|Any CPU.ActiveCfg = Release|Any CPU
		{C4A829D1-C471-47EA-945B-1A8F8608D72F}.Release|Any CPU.Build.0 = Release|Any CPU
		{02267656-419E-47EE-90BB-AB35D5D3CA97}.Debug|Any CPU.ActiveCfg = Debug|Any CPU
		{02267656-419E-47EE-90BB-AB35D5D3CA97}.Debug|Any CPU.Build.0 = Debug|Any CPU
		{02267656-419E-47EE-90BB-AB35D5D3CA97}.Release|Any CPU.ActiveCfg = Release|Any CPU
		{02267656-419E-47EE-90BB-AB35D5D3CA97}.Release|Any CPU.Build.0 = Release|Any CPU
		{5C20A511-3E88-4AFF-8FE7-D386419DEA58}.Debug|Any CPU.ActiveCfg = Debug|Any CPU
		{5C20A511-3E88-4AFF-8FE7-D386419DEA58}.Debug|Any CPU.Build.0 = Debug|Any CPU
		{5C20A511-3E88-4AFF-8FE7-D386419DEA58}.Release|Any CPU.ActiveCfg = Release|Any CPU
		{5C20A511-3E88-4AFF-8FE7-D386419DEA58}.Release|Any CPU.Build.0 = Release|Any CPU
		{EC768D8F-B805-495D-8BD4-2EF7A87A8030}.Debug|Any CPU.ActiveCfg = Debug|Any CPU
		{EC768D8F-B805-495D-8BD4-2EF7A87A8030}.Debug|Any CPU.Build.0 = Debug|Any CPU
		{EC768D8F-B805-495D-8BD4-2EF7A87A8030}.Release|Any CPU.ActiveCfg = Release|Any CPU
		{EC768D8F-B805-495D-8BD4-2EF7A87A8030}.Release|Any CPU.Build.0 = Release|Any CPU
		{71CC53CA-89DF-46BE-8398-429FCAB3825C}.Debug|Any CPU.ActiveCfg = Debug|Any CPU
		{71CC53CA-89DF-46BE-8398-429FCAB3825C}.Debug|Any CPU.Build.0 = Debug|Any CPU
		{71CC53CA-89DF-46BE-8398-429FCAB3825C}.Release|Any CPU.ActiveCfg = Release|Any CPU
		{71CC53CA-89DF-46BE-8398-429FCAB3825C}.Release|Any CPU.Build.0 = Release|Any CPU
		{B63B6195-7609-4F23-9AB7-48600AA6C1EA}.Debug|Any CPU.ActiveCfg = Debug|Any CPU
		{B63B6195-7609-4F23-9AB7-48600AA6C1EA}.Debug|Any CPU.Build.0 = Debug|Any CPU
		{B63B6195-7609-4F23-9AB7-48600AA6C1EA}.Release|Any CPU.ActiveCfg = Release|Any CPU
		{B63B6195-7609-4F23-9AB7-48600AA6C1EA}.Release|Any CPU.Build.0 = Release|Any CPU
		{36B5A175-4EE1-4584-B89A-D9907A32FBA9}.Debug|Any CPU.ActiveCfg = Debug|Any CPU
		{36B5A175-4EE1-4584-B89A-D9907A32FBA9}.Debug|Any CPU.Build.0 = Debug|Any CPU
		{36B5A175-4EE1-4584-B89A-D9907A32FBA9}.Release|Any CPU.ActiveCfg = Release|Any CPU
		{36B5A175-4EE1-4584-B89A-D9907A32FBA9}.Release|Any CPU.Build.0 = Release|Any CPU
		{740473F6-19A6-4A90-85E7-E09A7598C4BD}.Debug|Any CPU.ActiveCfg = Debug|Any CPU
		{740473F6-19A6-4A90-85E7-E09A7598C4BD}.Debug|Any CPU.Build.0 = Debug|Any CPU
		{740473F6-19A6-4A90-85E7-E09A7598C4BD}.Release|Any CPU.ActiveCfg = Release|Any CPU
		{740473F6-19A6-4A90-85E7-E09A7598C4BD}.Release|Any CPU.Build.0 = Release|Any CPU
	EndGlobalSection
	GlobalSection(SolutionProperties) = preSolution
		HideSolutionNode = FALSE
	EndGlobalSection
	GlobalSection(NestedProjects) = preSolution
		{2D42916B-3D21-4DA1-8938-9F18A71FC268} = {4D7FD136-FB23-4CD7-A6F2-431F01C15EA5}
		{6B6EFA40-8E5C-424D-BBA4-626DD258CE87} = {391FD6FE-EAC7-48E1-8B8E-DE3930E48CD7}
		{B18F1986-4D22-433A-9F4A-6E3B31D24721} = {4D7FD136-FB23-4CD7-A6F2-431F01C15EA5}
		{330503E2-7EDF-44EB-8111-A582C0D3C6E8} = {391FD6FE-EAC7-48E1-8B8E-DE3930E48CD7}
		{DCCC029D-C86E-49F7-A29D-FF2CD6E26BEB} = {4D7FD136-FB23-4CD7-A6F2-431F01C15EA5}
		{F13AD6EE-AC61-4E70-9FA2-9FE327F90149} = {391FD6FE-EAC7-48E1-8B8E-DE3930E48CD7}
		{4E809521-5B05-442D-8A34-6A73FE8F82D4} = {4D7FD136-FB23-4CD7-A6F2-431F01C15EA5}
		{1B66591E-78E1-463B-941E-FD385B8C07E4} = {4D7FD136-FB23-4CD7-A6F2-431F01C15EA5}
		{0E6500BB-DD6C-4D1F-9C8F-3E4629B35C0A} = {391FD6FE-EAC7-48E1-8B8E-DE3930E48CD7}
		{337DB1E4-BE5D-4E4F-BBAB-ED7490BEEA17} = {4D7FD136-FB23-4CD7-A6F2-431F01C15EA5}
		{F1B2261C-1639-4057-8D62-D6245D30B66E} = {391FD6FE-EAC7-48E1-8B8E-DE3930E48CD7}
		{20CAFFEB-BA43-4A98-80D6-48718C1FBABF} = {4D7FD136-FB23-4CD7-A6F2-431F01C15EA5}
		{F973B9DA-315F-4D1E-B75C-3C941CEBC275} = {391FD6FE-EAC7-48E1-8B8E-DE3930E48CD7}
		{43C6BBAC-F9D2-481A-87D7-BE9B395A8CAF} = {4D7FD136-FB23-4CD7-A6F2-431F01C15EA5}
		{38559D09-66CF-4B25-9EEE-D5C2B160ABC5} = {391FD6FE-EAC7-48E1-8B8E-DE3930E48CD7}
		{013DA0B6-4C2C-4931-8077-8620C60135A5} = {DF28D730-99B3-4811-AAC7-725A73B3F668}
		{C0436B2E-3354-4D76-9B65-8B0947F49F10} = {013DA0B6-4C2C-4931-8077-8620C60135A5}
		{391FD6FE-EAC7-48E1-8B8E-DE3930E48CD7} = {F18D2D58-282C-4D93-8D9A-3A76CF98F018}
		{844D2B20-B80F-4432-85AB-D6C9033B95A2} = {F18D2D58-282C-4D93-8D9A-3A76CF98F018}
		{F55165BD-94C0-47AE-AABA-A26DBA0D37D5} = {844D2B20-B80F-4432-85AB-D6C9033B95A2}
		{E69ECFD1-7127-4E91-BE28-E866FE1B79A1} = {4D7FD136-FB23-4CD7-A6F2-431F01C15EA5}
		{5EA88882-D8A9-40F3-8ACA-5A7117B77C04} = {391FD6FE-EAC7-48E1-8B8E-DE3930E48CD7}
		{45C6D0F4-051E-4FB2-ABE6-06BD0AA41ECD} = {43B059B8-5D04-411B-A613-5883409499FB}
		{829B846F-09DB-46A5-B18C-482DD7BB93BA} = {AD1A8E87-3388-4ABC-8514-2E6BB0DFF02F}
		{DB20A85A-A931-452E-9BC5-F054037CFF91} = {43B059B8-5D04-411B-A613-5883409499FB}
		{2CC40948-0E9B-49EB-9203-0459CBE317C0} = {43B059B8-5D04-411B-A613-5883409499FB}
		{FA9ED734-CFFB-4A55-AFCD-F7D5FE5F28DE} = {43B059B8-5D04-411B-A613-5883409499FB}
		{FEB62F8F-1FBE-4C09-A94C-0E50DF039326} = {43B059B8-5D04-411B-A613-5883409499FB}
		{236D7A8A-B923-48E3-8056-989F57DDF260} = {013DA0B6-4C2C-4931-8077-8620C60135A5}
		{611811B4-112F-4242-B082-222DA2414B5F} = {013DA0B6-4C2C-4931-8077-8620C60135A5}
		{C31B181C-C2B6-4A3A-B78C-89E20CB7BEA7} = {013DA0B6-4C2C-4931-8077-8620C60135A5}
		{2AA3F1EB-A549-4A5D-8B08-C24E5953454E} = {013DA0B6-4C2C-4931-8077-8620C60135A5}
		{9A060F99-3541-430A-961A-E5D552C4528C} = {844D2B20-B80F-4432-85AB-D6C9033B95A2}
		{BEB9E31C-B72A-42E4-AD2E-FDCDE392B0C5} = {013DA0B6-4C2C-4931-8077-8620C60135A5}
		{838E005F-C9D0-453F-8FF5-A4ECB788F06C} = {013DA0B6-4C2C-4931-8077-8620C60135A5}
		{A55C4C33-DB32-483C-B335-2051DBEF55CB} = {4D7FD136-FB23-4CD7-A6F2-431F01C15EA5}
		{04AC48DA-3B48-44CE-B60B-B7BCE189CFCE} = {391FD6FE-EAC7-48E1-8B8E-DE3930E48CD7}
		{78D486FA-84C0-4F56-B735-68C622AF7F41} = {013DA0B6-4C2C-4931-8077-8620C60135A5}
		{66E69B41-AD28-4AA8-AB67-7CD6FD2B488F} = {844D2B20-B80F-4432-85AB-D6C9033B95A2}
		{33E0147C-F034-42A8-BD17-C2DA18D461F6} = {4D7FD136-FB23-4CD7-A6F2-431F01C15EA5}
		{A25FA04A-A87E-4469-BC94-9B50055B0CEE} = {013DA0B6-4C2C-4931-8077-8620C60135A5}
		{DEC456EB-17AD-438E-A3FF-56487721B936} = {013DA0B6-4C2C-4931-8077-8620C60135A5}
		{74276E37-F979-4C41-8F4F-F140EBAE0641} = {013DA0B6-4C2C-4931-8077-8620C60135A5}
		{8EE02B28-D349-427A-B60D-7E001750432C} = {844D2B20-B80F-4432-85AB-D6C9033B95A2}
		{1B192D44-5F26-496E-ACAA-F03D74419067} = {013DA0B6-4C2C-4931-8077-8620C60135A5}
		{E3CBEB85-342B-4E14-8F40-B6D53ABA091A} = {844D2B20-B80F-4432-85AB-D6C9033B95A2}
		{4E497616-A21A-417C-ACE4-1A20C603B674} = {4D7FD136-FB23-4CD7-A6F2-431F01C15EA5}
		{763C0AEC-DA4D-4EEA-9713-3E98E8B3BDE2} = {391FD6FE-EAC7-48E1-8B8E-DE3930E48CD7}
		{649B5D31-D7FD-4090-9338-F9D3BB7C3F96} = {9DEF9BFD-9189-4613-8B3A-2854F2881524}
		{CD8D364C-819F-4062-912A-4B6DE3D5FCF1} = {6A4434AD-2100-4E78-B52B-359764E75F42}
		{62E7BFE3-8FC9-4544-B471-73D1941B6B4B} = {B932AAF4-CFBB-4DD8-895A-93EC090985F4}
		{ABE13C7F-0FE0-42C6-84C3-814074950720} = {6A4434AD-2100-4E78-B52B-359764E75F42}
		{8C32A005-17A9-47C7-9450-DB8A00B10BF7} = {6A4434AD-2100-4E78-B52B-359764E75F42}
		{54687E64-5E17-4270-A479-F65F9480060A} = {013DA0B6-4C2C-4931-8077-8620C60135A5}
		{DB2D1DE9-CD64-44F0-934E-7C591F90DCB0} = {844D2B20-B80F-4432-85AB-D6C9033B95A2}
		{24981CA9-4F6F-4617-8519-23C173776FD1} = {013DA0B6-4C2C-4931-8077-8620C60135A5}
		{5C2D01E1-C2F7-4D66-BE62-964426BE7C7C} = {E538DB0C-491B-4953-87CF-724A0EAF058E}
		{C0E897A0-E9A3-4143-B240-94100E007560} = {E538DB0C-491B-4953-87CF-724A0EAF058E}
		{A877EE39-7664-4EC9-99AF-6D8C0C165C22} = {391FD6FE-EAC7-48E1-8B8E-DE3930E48CD7}
		{CED89249-74E8-43C4-94A1-A3E22D95725D} = {E538DB0C-491B-4953-87CF-724A0EAF058E}
		{5115A476-7AA1-4139-B0F8-5E65C1A83750} = {E538DB0C-491B-4953-87CF-724A0EAF058E}
		{ADA3C394-5198-4213-8B11-0AF89A6CF1AE} = {391FD6FE-EAC7-48E1-8B8E-DE3930E48CD7}
		{E4277AC4-1F6B-499F-A2CF-FA689A281344} = {3BF3EFE7-E11F-42BB-914D-D29A9703AB49}
		{42385E99-5529-4426-9F56-C0ADC8020360} = {6D5FF9EF-3C70-4B96-8E97-D6F268E58AE0}
		{6EDAF37A-9EA8-4407-AADA-365CE7EF5A57} = {E4277AC4-1F6B-499F-A2CF-FA689A281344}
		{B74A1B97-CCE3-4E16-99A4-FBA548CE3860} = {6EDAF37A-9EA8-4407-AADA-365CE7EF5A57}
		{C8F2A879-7A2E-46B0-881F-7874F495F25F} = {6EDAF37A-9EA8-4407-AADA-365CE7EF5A57}
		{BE94E4BD-7286-4B67-8331-CC6D98B2B725} = {6EDAF37A-9EA8-4407-AADA-365CE7EF5A57}
		{452640B7-952B-428F-8CAF-E48AB4E1F64E} = {6EDAF37A-9EA8-4407-AADA-365CE7EF5A57}
		{D5321615-5AB6-4057-B58B-7093B4D55C4E} = {E4277AC4-1F6B-499F-A2CF-FA689A281344}
		{B43731E3-8269-49A0-9A0B-BE37DEFC9B4E} = {D5321615-5AB6-4057-B58B-7093B4D55C4E}
		{011FD3C6-58D5-41AA-BD29-D5802A5064D9} = {D5321615-5AB6-4057-B58B-7093B4D55C4E}
		{435910E7-B209-4379-9DB2-544FD722D1D1} = {D5321615-5AB6-4057-B58B-7093B4D55C4E}
		{55E032F3-6C98-4A9D-BBDA-060B9AF105E6} = {D5321615-5AB6-4057-B58B-7093B4D55C4E}
		{6E282CDA-BEF1-450C-A222-70DAB6F59C99} = {011FD3C6-58D5-41AA-BD29-D5802A5064D9}
		{69C7398C-EC7C-4E49-A7BA-DA61797B180A} = {011FD3C6-58D5-41AA-BD29-D5802A5064D9}
		{5A433FDD-A9F9-44D9-BAA7-14448F49543E} = {435910E7-B209-4379-9DB2-544FD722D1D1}
		{2505DBE7-8A1F-4A36-936D-1784B22B0D2B} = {55E032F3-6C98-4A9D-BBDA-060B9AF105E6}
		{CF80F787-5486-4F2F-BB48-736979C1343B} = {55E032F3-6C98-4A9D-BBDA-060B9AF105E6}
		{9B9C0A1A-428C-4F96-B3C9-AF87173F62EB} = {B43731E3-8269-49A0-9A0B-BE37DEFC9B4E}
		{0268E1E5-2743-4836-98DB-FC61DF09C719} = {B43731E3-8269-49A0-9A0B-BE37DEFC9B4E}
		{AA6924F6-25E8-4726-916F-09406ACE9BF7} = {C8F2A879-7A2E-46B0-881F-7874F495F25F}
		{B250021C-2D00-4001-8A64-99D344A778E1} = {C8F2A879-7A2E-46B0-881F-7874F495F25F}
		{A0D38A69-1E23-4067-93E1-E2714F97EFC1} = {BE94E4BD-7286-4B67-8331-CC6D98B2B725}
		{1C95DB33-C35C-47EE-A3AD-FEDD789CC2A3} = {452640B7-952B-428F-8CAF-E48AB4E1F64E}
		{01134682-53B4-4F21-A7DE-F7F407E6FCDC} = {452640B7-952B-428F-8CAF-E48AB4E1F64E}
		{4ED670DE-FBF5-492E-BB97-7A94B3DD4CFB} = {B74A1B97-CCE3-4E16-99A4-FBA548CE3860}
		{663DA10D-F13F-49EF-B9F0-EF5753EDD7D0} = {B74A1B97-CCE3-4E16-99A4-FBA548CE3860}
		{6D5FF9EF-3C70-4B96-8E97-D6F268E58AE0} = {3BF3EFE7-E11F-42BB-914D-D29A9703AB49}
		{BB9E3DD4-F096-41F0-BE47-9F3CCFAE9B05} = {42385E99-5529-4426-9F56-C0ADC8020360}
		{685DD475-D4B8-4B84-B966-D2BD3A226B03} = {42385E99-5529-4426-9F56-C0ADC8020360}
		{8D92E98C-1C0D-43E1-9BD9-95C5CF4F826B} = {6D5FF9EF-3C70-4B96-8E97-D6F268E58AE0}
		{6116199B-4045-4071-BD12-8D351C23B0EB} = {6D5FF9EF-3C70-4B96-8E97-D6F268E58AE0}
		{B437DE1A-4191-46BF-8E89-85A0F18BEB27} = {4D7FD136-FB23-4CD7-A6F2-431F01C15EA5}
		{C9B2DC80-9491-4B8A-93A4-B5DA8E559DD0} = {A274661A-EB8B-4220-BC83-CDC948C8BCDA}
		{D1061BC9-FD0F-453D-896F-879D818C7D6C} = {A274661A-EB8B-4220-BC83-CDC948C8BCDA}
		{B43D6CF3-041B-45A2-82CC-D1B97B45000B} = {A274661A-EB8B-4220-BC83-CDC948C8BCDA}
		{EF2C9CAE-FA7C-47D4-9D15-EA3DC860B007} = {A274661A-EB8B-4220-BC83-CDC948C8BCDA}
		{211F9691-85B0-4B3B-B95D-01C225A7DE7F} = {013DA0B6-4C2C-4931-8077-8620C60135A5}
		{1215689A-150D-4ADC-B9CD-1F1522196F30} = {844D2B20-B80F-4432-85AB-D6C9033B95A2}
		{877FE58C-EC37-4ABD-934D-102F06DA2C61} = {0D37C4E9-90E2-4F5D-B7C9-88DDE2E4FD91}
		{CFE04AF3-A5FD-404D-B6E8-863DCF57D74B} = {0D37C4E9-90E2-4F5D-B7C9-88DDE2E4FD91}
		{0D37C4E9-90E2-4F5D-B7C9-88DDE2E4FD91} = {3BF3EFE7-E11F-42BB-914D-D29A9703AB49}
		{7B0AA11B-CE3A-4C83-9B84-2D30E524D382} = {0D37C4E9-90E2-4F5D-B7C9-88DDE2E4FD91}
		{39D0E56E-ACFB-4AD5-80C9-7DF77C8008B7} = {0D37C4E9-90E2-4F5D-B7C9-88DDE2E4FD91}
		{9DEF9BFD-9189-4613-8B3A-2854F2881524} = {DF28D730-99B3-4811-AAC7-725A73B3F668}
		{43B059B8-5D04-411B-A613-5883409499FB} = {DF28D730-99B3-4811-AAC7-725A73B3F668}
		{4D7FD136-FB23-4CD7-A6F2-431F01C15EA5} = {DF28D730-99B3-4811-AAC7-725A73B3F668}
		{B932AAF4-CFBB-4DD8-895A-93EC090985F4} = {F18D2D58-282C-4D93-8D9A-3A76CF98F018}
		{AD1A8E87-3388-4ABC-8514-2E6BB0DFF02F} = {F18D2D58-282C-4D93-8D9A-3A76CF98F018}
		{FFFBCF74-09D0-48D2-96A3-F15658BCF84B} = {6A4434AD-2100-4E78-B52B-359764E75F42}
		{1C27F9D4-43AF-41AD-A94B-4F4A77239D1F} = {9DEF9BFD-9189-4613-8B3A-2854F2881524}
		{D9D12F41-A802-4CDD-BE4E-87F5332DA79A} = {CA126D75-FB9B-411B-BB38-7913BDBE1440}
		{6A4434AD-2100-4E78-B52B-359764E75F42} = {9DEF9BFD-9189-4613-8B3A-2854F2881524}
		{A274661A-EB8B-4220-BC83-CDC948C8BCDA} = {9DEF9BFD-9189-4613-8B3A-2854F2881524}
		{CA126D75-FB9B-411B-BB38-7913BDBE1440} = {DF28D730-99B3-4811-AAC7-725A73B3F668}
		{171B2D9F-EC77-403E-9BFE-B283F5BA8A5E} = {CA126D75-FB9B-411B-BB38-7913BDBE1440}
		{C4A829D1-C471-47EA-945B-1A8F8608D72F} = {171B2D9F-EC77-403E-9BFE-B283F5BA8A5E}
		{02267656-419E-47EE-90BB-AB35D5D3CA97} = {171B2D9F-EC77-403E-9BFE-B283F5BA8A5E}
		{5C20A511-3E88-4AFF-8FE7-D386419DEA58} = {171B2D9F-EC77-403E-9BFE-B283F5BA8A5E}
		{EC768D8F-B805-495D-8BD4-2EF7A87A8030} = {171B2D9F-EC77-403E-9BFE-B283F5BA8A5E}
		{71CC53CA-89DF-46BE-8398-429FCAB3825C} = {011FD3C6-58D5-41AA-BD29-D5802A5064D9}
		{B63B6195-7609-4F23-9AB7-48600AA6C1EA} = {E538DB0C-491B-4953-87CF-724A0EAF058E}
		{36B5A175-4EE1-4584-B89A-D9907A32FBA9} = {C8F2A879-7A2E-46B0-881F-7874F495F25F}
		{740473F6-19A6-4A90-85E7-E09A7598C4BD} = {E538DB0C-491B-4953-87CF-724A0EAF058E}
		{E538DB0C-491B-4953-87CF-724A0EAF058E} = {DF28D730-99B3-4811-AAC7-725A73B3F668}
	EndGlobalSection
	GlobalSection(ExtensibilityGlobals) = postSolution
		SolutionGuid = {D97BF2AF-6E68-4E88-BF70-773A86E26013}
	EndGlobalSection
EndGlobal
